// !$*UTF8*$!
{
	archiveVersion = 1;
	classes = {
	};
	objectVersion = 56;
	objects = {

/* Begin PBXBuildFile section */
		3C2066D62AF40DC000C74DBA /* WordsgramApp.swift in Sources */ = {isa = PBXBuildFile; fileRef = 3C2066D52AF40DC000C74DBA /* WordsgramApp.swift */; };
		3C2066DA2AF40DC200C74DBA /* Assets.xcassets in Resources */ = {isa = PBXBuildFile; fileRef = 3C2066D92AF40DC200C74DBA /* Assets.xcassets */; };
		3C2066DD2AF40DC200C74DBA /* Preview Assets.xcassets in Resources */ = {isa = PBXBuildFile; fileRef = 3C2066DC2AF40DC200C74DBA /* Preview Assets.xcassets */; };
		3C2066E72AF40DC300C74DBA /* WordsgramTests.swift in Sources */ = {isa = PBXBuildFile; fileRef = 3C2066E62AF40DC300C74DBA /* WordsgramTests.swift */; };
		3C2066F12AF40DC300C74DBA /* WordsgramUITests.swift in Sources */ = {isa = PBXBuildFile; fileRef = 3C2066F02AF40DC300C74DBA /* WordsgramUITests.swift */; };
		3C2066F32AF40DC300C74DBA /* WordsgramUITestsLaunchTests.swift in Sources */ = {isa = PBXBuildFile; fileRef = 3C2066F22AF40DC300C74DBA /* WordsgramUITestsLaunchTests.swift */; };
		3C2067032AF4204800C74DBA /* LoginView.swift in Sources */ = {isa = PBXBuildFile; fileRef = 3C2067022AF4204800C74DBA /* LoginView.swift */; };
		3C20670D2AF425EC00C74DBA /* SettingsView.swift in Sources */ = {isa = PBXBuildFile; fileRef = 3C20670C2AF425EC00C74DBA /* SettingsView.swift */; };
		3C2067132AF426A000C74DBA /* RootView.swift in Sources */ = {isa = PBXBuildFile; fileRef = 3C2067122AF426A000C74DBA /* RootView.swift */; };
		3C2067162AF4284D00C74DBA /* MainButton.swift in Sources */ = {isa = PBXBuildFile; fileRef = 3C2067152AF4284D00C74DBA /* MainButton.swift */; };
		3C2067182AF429CB00C74DBA /* NetworkMonitor.swift in Sources */ = {isa = PBXBuildFile; fileRef = 3C2067172AF429CB00C74DBA /* NetworkMonitor.swift */; };
		3C20671E2AF4349200C74DBA /* User.swift in Sources */ = {isa = PBXBuildFile; fileRef = 3C20671D2AF4349200C74DBA /* User.swift */; };
		3C2067202AF434AB00C74DBA /* Category.swift in Sources */ = {isa = PBXBuildFile; fileRef = 3C20671F2AF434AB00C74DBA /* Category.swift */; };
		3C2067222AF434C800C74DBA /* CreateWordData.swift in Sources */ = {isa = PBXBuildFile; fileRef = 3C2067212AF434C800C74DBA /* CreateWordData.swift */; };
		3C2067242AF434F100C74DBA /* Word.swift in Sources */ = {isa = PBXBuildFile; fileRef = 3C2067232AF434F100C74DBA /* Word.swift */; };
		3C2067272AF4C13600C74DBA /* AppTabView.swift in Sources */ = {isa = PBXBuildFile; fileRef = 3C2067262AF4C13600C74DBA /* AppTabView.swift */; };
		3C20672D2AF4C3A600C74DBA /* WordsView.swift in Sources */ = {isa = PBXBuildFile; fileRef = 3C20672C2AF4C3A600C74DBA /* WordsView.swift */; };
		3C20672F2AF4C4E500C74DBA /* WordDetailView.swift in Sources */ = {isa = PBXBuildFile; fileRef = 3C20672E2AF4C4E500C74DBA /* WordDetailView.swift */; };
		3C2067332AF4D0B600C74DBA /* Auth+Keychain.swift in Sources */ = {isa = PBXBuildFile; fileRef = 3C2067322AF4D0B600C74DBA /* Auth+Keychain.swift */; };
		3C2067352AF4D14700C74DBA /* Token.swift in Sources */ = {isa = PBXBuildFile; fileRef = 3C2067342AF4D14700C74DBA /* Token.swift */; };
		3C20673E2AF56EA600C74DBA /* UsersView.swift in Sources */ = {isa = PBXBuildFile; fileRef = 3C20673D2AF56EA600C74DBA /* UsersView.swift */; };
		3C2067412AF5704000C74DBA /* CategoriesView.swift in Sources */ = {isa = PBXBuildFile; fileRef = 3C2067402AF5704000C74DBA /* CategoriesView.swift */; };
		3C7BBA432AFCD9F000C79107 /* WGProviderFactory.swift in Sources */ = {isa = PBXBuildFile; fileRef = 3C7BBA422AFCD9F000C79107 /* WGProviderFactory.swift */; };
		3C7BBA462AFCEDBD00C79107 /* Errors.swift in Sources */ = {isa = PBXBuildFile; fileRef = 3C7BBA452AFCEDBD00C79107 /* Errors.swift */; };
		3C7BBA482AFD08A200C79107 /* CategoryWithWordResponse.swift in Sources */ = {isa = PBXBuildFile; fileRef = 3C7BBA472AFD08A200C79107 /* CategoryWithWordResponse.swift */; };
		3C7BBA4A2AFD13D500C79107 /* SettingsOption.swift in Sources */ = {isa = PBXBuildFile; fileRef = 3C7BBA492AFD13D400C79107 /* SettingsOption.swift */; };
		3C7BBA4C2AFD140800C79107 /* Constants.swift in Sources */ = {isa = PBXBuildFile; fileRef = 3C7BBA4B2AFD140800C79107 /* Constants.swift */; };
		3C7BBA4E2AFD15A300C79107 /* SettingsDisclosureRow.swift in Sources */ = {isa = PBXBuildFile; fileRef = 3C7BBA4D2AFD15A300C79107 /* SettingsDisclosureRow.swift */; };
		3C7BBA502AFD18CC00C79107 /* MainButtonView.swift in Sources */ = {isa = PBXBuildFile; fileRef = 3C7BBA4F2AFD18CC00C79107 /* MainButtonView.swift */; };
		3C7BBA532AFD287700C79107 /* WordsService.swift in Sources */ = {isa = PBXBuildFile; fileRef = 3C7BBA522AFD287700C79107 /* WordsService.swift */; };
		3C7BBA552AFD29DE00C79107 /* SystemServices.swift in Sources */ = {isa = PBXBuildFile; fileRef = 3C7BBA542AFD29DE00C79107 /* SystemServices.swift */; };
		3C7BBA572AFD300400C79107 /* CategoriesService.swift in Sources */ = {isa = PBXBuildFile; fileRef = 3C7BBA562AFD300400C79107 /* CategoriesService.swift */; };
		3C7BBA592AFD548C00C79107 /* UserService.swift in Sources */ = {isa = PBXBuildFile; fileRef = 3C7BBA582AFD548C00C79107 /* UserService.swift */; };
		3C7BBA5B2AFD6BC500C79107 /* Publisher+.swift in Sources */ = {isa = PBXBuildFile; fileRef = 3C7BBA5A2AFD6BC500C79107 /* Publisher+.swift */; };
		3CAB620A2B042B0700645B5F /* GenreSortOrder.swift in Sources */ = {isa = PBXBuildFile; fileRef = 3CAB62092B042B0600645B5F /* GenreSortOrder.swift */; };
		3CAB620C2B042B5300645B5F /* GenreListSubview.swift in Sources */ = {isa = PBXBuildFile; fileRef = 3CAB620B2B042B5300645B5F /* GenreListSubview.swift */; };
		3CAB620E2B042DC500645B5F /* BookListSubview.swift in Sources */ = {isa = PBXBuildFile; fileRef = 3CAB620D2B042DC500645B5F /* BookListSubview.swift */; };
		3CAB62102B043F9800645B5F /* SortingOption.swift in Sources */ = {isa = PBXBuildFile; fileRef = 3CAB620F2B043F9800645B5F /* SortingOption.swift */; };
		3CAB62122B046F9600645B5F /* UIApplication+DismissKeyboard.swift in Sources */ = {isa = PBXBuildFile; fileRef = 3CAB62112B046F9500645B5F /* UIApplication+DismissKeyboard.swift */; };
		3CAB621B2B0489DF00645B5F /* WidgetKit.framework in Frameworks */ = {isa = PBXBuildFile; fileRef = 3CAB621A2B0489DF00645B5F /* WidgetKit.framework */; };
		3CAB621D2B0489DF00645B5F /* SwiftUI.framework in Frameworks */ = {isa = PBXBuildFile; fileRef = 3CAB621C2B0489DF00645B5F /* SwiftUI.framework */; };
		3CAB62202B0489E000645B5F /* WidgetExtensionBundle.swift in Sources */ = {isa = PBXBuildFile; fileRef = 3CAB621F2B0489E000645B5F /* WidgetExtensionBundle.swift */; };
		3CAB62222B0489E000645B5F /* WidgetExtensionLiveActivity.swift in Sources */ = {isa = PBXBuildFile; fileRef = 3CAB62212B0489E000645B5F /* WidgetExtensionLiveActivity.swift */; };
		3CAB62242B0489E000645B5F /* WidgetExtension.swift in Sources */ = {isa = PBXBuildFile; fileRef = 3CAB62232B0489E000645B5F /* WidgetExtension.swift */; };
		3CAB62262B0489E000645B5F /* AppIntent.swift in Sources */ = {isa = PBXBuildFile; fileRef = 3CAB62252B0489E000645B5F /* AppIntent.swift */; };
		3CAB62282B0489E200645B5F /* Assets.xcassets in Resources */ = {isa = PBXBuildFile; fileRef = 3CAB62272B0489E200645B5F /* Assets.xcassets */; };
		3CAB622C2B0489E200645B5F /* WidgetExtension.appex in Embed Foundation Extensions */ = {isa = PBXBuildFile; fileRef = 3CAB62192B0489DF00645B5F /* WidgetExtension.appex */; settings = {ATTRIBUTES = (RemoveHeadersOnCopy, ); }; };
		3CAB623E2B04A03700645B5F /* Config.swift in Sources */ = {isa = PBXBuildFile; fileRef = 3CAB623D2B04A03700645B5F /* Config.swift */; };
		3CAB62402B04A22A00645B5F /* UserDefaultsHelper.swift in Sources */ = {isa = PBXBuildFile; fileRef = 3CAB623F2B04A22A00645B5F /* UserDefaultsHelper.swift */; };
		3CAB62412B04AA1C00645B5F /* UserDefaultsHelper.swift in Sources */ = {isa = PBXBuildFile; fileRef = 3CAB623F2B04A22A00645B5F /* UserDefaultsHelper.swift */; };
		3CAB62422B04AC9400645B5F /* Config.swift in Sources */ = {isa = PBXBuildFile; fileRef = 3CAB623D2B04A03700645B5F /* Config.swift */; };
		3CAF94C02AFA908B00B8434D /* SwiftyJSON in Frameworks */ = {isa = PBXBuildFile; productRef = 3CAF94BF2AFA908B00B8434D /* SwiftyJSON */; };
		3CAF94D92AFA9AE300B8434D /* Encodable+.swift in Sources */ = {isa = PBXBuildFile; fileRef = 3CAF94D82AFA9AE300B8434D /* Encodable+.swift */; };
		3CAF94E82AFAB10B00B8434D /* AuthService.swift in Sources */ = {isa = PBXBuildFile; fileRef = 3CAF94E72AFAB10B00B8434D /* AuthService.swift */; };
		3CAF94EB2AFAB22E00B8434D /* Moya in Frameworks */ = {isa = PBXBuildFile; productRef = 3CAF94EA2AFAB22E00B8434D /* Moya */; };
		3CAF94EE2AFAB44200B8434D /* WGNeworkingService.swift in Sources */ = {isa = PBXBuildFile; fileRef = 3CAF94ED2AFAB44200B8434D /* WGNeworkingService.swift */; };
		3CAF94F12AFACE0900B8434D /* LoginViewModel.swift in Sources */ = {isa = PBXBuildFile; fileRef = 3CAF94F02AFACE0800B8434D /* LoginViewModel.swift */; };
		3CAF94F32AFAD0CA00B8434D /* ReusableViews.swift in Sources */ = {isa = PBXBuildFile; fileRef = 3CAF94F22AFAD0C900B8434D /* ReusableViews.swift */; };
		3CAF94F82AFBB3FB00B8434D /* RxMoya in Frameworks */ = {isa = PBXBuildFile; productRef = 3CAF94F72AFBB3FB00B8434D /* RxMoya */; };
		3CAF94FA2AFBB63A00B8434D /* CombineMoya in Frameworks */ = {isa = PBXBuildFile; productRef = 3CAF94F92AFBB63A00B8434D /* CombineMoya */; };
		3CAF94FC2AFBC42B00B8434D /* Parameters.swift in Sources */ = {isa = PBXBuildFile; fileRef = 3CAF94FB2AFBC42B00B8434D /* Parameters.swift */; };
		3CAF94FE2AFBC97200B8434D /* CreateWordView.swift in Sources */ = {isa = PBXBuildFile; fileRef = 3CAF94FD2AFBC97200B8434D /* CreateWordView.swift */; };
		3CAF95002AFBE34100B8434D /* CreateWordResponse.swift in Sources */ = {isa = PBXBuildFile; fileRef = 3CAF94FF2AFBE34100B8434D /* CreateWordResponse.swift */; };
		3CAF95022AFBEFD100B8434D /* CreateCategoryView.swift in Sources */ = {isa = PBXBuildFile; fileRef = 3CAF95012AFBEFD100B8434D /* CreateCategoryView.swift */; };
		3CAF95042AFBF90200B8434D /* AddToCategoryView.swift in Sources */ = {isa = PBXBuildFile; fileRef = 3CAF95032AFBF90200B8434D /* AddToCategoryView.swift */; };
		3CD6BA4B2B0015DE001FC874 /* AlertType.swift in Sources */ = {isa = PBXBuildFile; fileRef = 3CD6BA4A2B0015DE001FC874 /* AlertType.swift */; };
		3CD6BA4D2B0015EB001FC874 /* AppError.swift in Sources */ = {isa = PBXBuildFile; fileRef = 3CD6BA4C2B0015EB001FC874 /* AppError.swift */; };
		3CD6BA4F2B00219D001FC874 /* AppState.swift in Sources */ = {isa = PBXBuildFile; fileRef = 3CD6BA4E2B00219D001FC874 /* AppState.swift */; };
		3CD6BA9F2B02D4EA001FC874 /* Book.swift in Sources */ = {isa = PBXBuildFile; fileRef = 3CD6BA9E2B02D4EA001FC874 /* Book.swift */; };
		3CD6BAA22B02DC19001FC874 /* AddNewBookView.swift in Sources */ = {isa = PBXBuildFile; fileRef = 3CD6BAA12B02DC19001FC874 /* AddNewBookView.swift */; };
		3CD6BAA42B02DE00001FC874 /* BookListView.swift in Sources */ = {isa = PBXBuildFile; fileRef = 3CD6BAA32B02DE00001FC874 /* BookListView.swift */; };
		3CD6BAA82B02E5DE001FC874 /* BookCellView.swift in Sources */ = {isa = PBXBuildFile; fileRef = 3CD6BAA72B02E5DE001FC874 /* BookCellView.swift */; };
		3CD6BAAA2B02E84C001FC874 /* BookDetailView.swift in Sources */ = {isa = PBXBuildFile; fileRef = 3CD6BAA92B02E84C001FC874 /* BookDetailView.swift */; };
		3CD6BAAC2B02EF35001FC874 /* Note.swift in Sources */ = {isa = PBXBuildFile; fileRef = 3CD6BAAB2B02EF35001FC874 /* Note.swift */; };
		3CD6BAAE2B02F1D5001FC874 /* AddNewNote.swift in Sources */ = {isa = PBXBuildFile; fileRef = 3CD6BAAD2B02F1D5001FC874 /* AddNewNote.swift */; };
		3CD6BAB02B02F241001FC874 /* NotesListView.swift in Sources */ = {isa = PBXBuildFile; fileRef = 3CD6BAAF2B02F241001FC874 /* NotesListView.swift */; };
		3CD6BAB22B02F424001FC874 /* RedButton.swift in Sources */ = {isa = PBXBuildFile; fileRef = 3CD6BAB12B02F424001FC874 /* RedButton.swift */; };
		3CD6BAB52B0309FA001FC874 /* Genre.swift in Sources */ = {isa = PBXBuildFile; fileRef = 3CD6BAB42B0309FA001FC874 /* Genre.swift */; };
		3CD6BAB72B030A45001FC874 /* GenreListView.swift in Sources */ = {isa = PBXBuildFile; fileRef = 3CD6BAB62B030A45001FC874 /* GenreListView.swift */; };
		3CD6BAB92B030B04001FC874 /* AddNewGenre.swift in Sources */ = {isa = PBXBuildFile; fileRef = 3CD6BAB82B030B04001FC874 /* AddNewGenre.swift */; };
		3CD6BABB2B030F83001FC874 /* GenreSelectionView.swift in Sources */ = {isa = PBXBuildFile; fileRef = 3CD6BABA2B030F83001FC874 /* GenreSelectionView.swift */; };
		3CD6BABD2B03155A001FC874 /* GenreDetailView.swift in Sources */ = {isa = PBXBuildFile; fileRef = 3CD6BABC2B03155A001FC874 /* GenreDetailView.swift */; };
/* End PBXBuildFile section */

/* Begin PBXContainerItemProxy section */
		3C2066E32AF40DC300C74DBA /* PBXContainerItemProxy */ = {
			isa = PBXContainerItemProxy;
			containerPortal = 3C2066CA2AF40DC000C74DBA /* Project object */;
			proxyType = 1;
			remoteGlobalIDString = 3C2066D12AF40DC000C74DBA;
			remoteInfo = Wordsgram;
		};
		3C2066ED2AF40DC300C74DBA /* PBXContainerItemProxy */ = {
			isa = PBXContainerItemProxy;
			containerPortal = 3C2066CA2AF40DC000C74DBA /* Project object */;
			proxyType = 1;
			remoteGlobalIDString = 3C2066D12AF40DC000C74DBA;
			remoteInfo = Wordsgram;
		};
		3CAB622A2B0489E200645B5F /* PBXContainerItemProxy */ = {
			isa = PBXContainerItemProxy;
			containerPortal = 3C2066CA2AF40DC000C74DBA /* Project object */;
			proxyType = 1;
			remoteGlobalIDString = 3CAB62182B0489DF00645B5F;
			remoteInfo = WidgetExtensionExtension;
		};
/* End PBXContainerItemProxy section */

/* Begin PBXCopyFilesBuildPhase section */
		3CAB62302B0489E300645B5F /* Embed Foundation Extensions */ = {
			isa = PBXCopyFilesBuildPhase;
			buildActionMask = 2147483647;
			dstPath = "";
			dstSubfolderSpec = 13;
			files = (
				3CAB622C2B0489E200645B5F /* WidgetExtension.appex in Embed Foundation Extensions */,
			);
			name = "Embed Foundation Extensions";
			runOnlyForDeploymentPostprocessing = 0;
		};
/* End PBXCopyFilesBuildPhase section */

/* Begin PBXFileReference section */
		3C2066D22AF40DC000C74DBA /* Wordsgram.app */ = {isa = PBXFileReference; explicitFileType = wrapper.application; includeInIndex = 0; path = Wordsgram.app; sourceTree = BUILT_PRODUCTS_DIR; };
		3C2066D52AF40DC000C74DBA /* WordsgramApp.swift */ = {isa = PBXFileReference; lastKnownFileType = sourcecode.swift; path = WordsgramApp.swift; sourceTree = "<group>"; };
		3C2066D92AF40DC200C74DBA /* Assets.xcassets */ = {isa = PBXFileReference; lastKnownFileType = folder.assetcatalog; path = Assets.xcassets; sourceTree = "<group>"; };
		3C2066DC2AF40DC200C74DBA /* Preview Assets.xcassets */ = {isa = PBXFileReference; lastKnownFileType = folder.assetcatalog; path = "Preview Assets.xcassets"; sourceTree = "<group>"; };
		3C2066E22AF40DC300C74DBA /* WordsgramTests.xctest */ = {isa = PBXFileReference; explicitFileType = wrapper.cfbundle; includeInIndex = 0; path = WordsgramTests.xctest; sourceTree = BUILT_PRODUCTS_DIR; };
		3C2066E62AF40DC300C74DBA /* WordsgramTests.swift */ = {isa = PBXFileReference; lastKnownFileType = sourcecode.swift; path = WordsgramTests.swift; sourceTree = "<group>"; };
		3C2066EC2AF40DC300C74DBA /* WordsgramUITests.xctest */ = {isa = PBXFileReference; explicitFileType = wrapper.cfbundle; includeInIndex = 0; path = WordsgramUITests.xctest; sourceTree = BUILT_PRODUCTS_DIR; };
		3C2066F02AF40DC300C74DBA /* WordsgramUITests.swift */ = {isa = PBXFileReference; lastKnownFileType = sourcecode.swift; path = WordsgramUITests.swift; sourceTree = "<group>"; };
		3C2066F22AF40DC300C74DBA /* WordsgramUITestsLaunchTests.swift */ = {isa = PBXFileReference; lastKnownFileType = sourcecode.swift; path = WordsgramUITestsLaunchTests.swift; sourceTree = "<group>"; };
		3C2067022AF4204800C74DBA /* LoginView.swift */ = {isa = PBXFileReference; lastKnownFileType = sourcecode.swift; path = LoginView.swift; sourceTree = "<group>"; };
		3C20670C2AF425EC00C74DBA /* SettingsView.swift */ = {isa = PBXFileReference; lastKnownFileType = sourcecode.swift; path = SettingsView.swift; sourceTree = "<group>"; };
		3C2067122AF426A000C74DBA /* RootView.swift */ = {isa = PBXFileReference; lastKnownFileType = sourcecode.swift; path = RootView.swift; sourceTree = "<group>"; };
		3C2067152AF4284D00C74DBA /* MainButton.swift */ = {isa = PBXFileReference; lastKnownFileType = sourcecode.swift; path = MainButton.swift; sourceTree = "<group>"; };
		3C2067172AF429CB00C74DBA /* NetworkMonitor.swift */ = {isa = PBXFileReference; lastKnownFileType = sourcecode.swift; path = NetworkMonitor.swift; sourceTree = "<group>"; };
		3C20671D2AF4349200C74DBA /* User.swift */ = {isa = PBXFileReference; lastKnownFileType = sourcecode.swift; path = User.swift; sourceTree = "<group>"; };
		3C20671F2AF434AB00C74DBA /* Category.swift */ = {isa = PBXFileReference; lastKnownFileType = sourcecode.swift; path = Category.swift; sourceTree = "<group>"; };
		3C2067212AF434C800C74DBA /* CreateWordData.swift */ = {isa = PBXFileReference; lastKnownFileType = sourcecode.swift; path = CreateWordData.swift; sourceTree = "<group>"; };
		3C2067232AF434F100C74DBA /* Word.swift */ = {isa = PBXFileReference; lastKnownFileType = sourcecode.swift; path = Word.swift; sourceTree = "<group>"; };
		3C2067262AF4C13600C74DBA /* AppTabView.swift */ = {isa = PBXFileReference; lastKnownFileType = sourcecode.swift; path = AppTabView.swift; sourceTree = "<group>"; };
		3C20672C2AF4C3A600C74DBA /* WordsView.swift */ = {isa = PBXFileReference; lastKnownFileType = sourcecode.swift; path = WordsView.swift; sourceTree = "<group>"; };
		3C20672E2AF4C4E500C74DBA /* WordDetailView.swift */ = {isa = PBXFileReference; lastKnownFileType = sourcecode.swift; path = WordDetailView.swift; sourceTree = "<group>"; };
		3C2067322AF4D0B600C74DBA /* Auth+Keychain.swift */ = {isa = PBXFileReference; lastKnownFileType = sourcecode.swift; path = "Auth+Keychain.swift"; sourceTree = "<group>"; };
		3C2067342AF4D14700C74DBA /* Token.swift */ = {isa = PBXFileReference; lastKnownFileType = sourcecode.swift; path = Token.swift; sourceTree = "<group>"; };
		3C20673D2AF56EA600C74DBA /* UsersView.swift */ = {isa = PBXFileReference; lastKnownFileType = sourcecode.swift; path = UsersView.swift; sourceTree = "<group>"; };
		3C2067402AF5704000C74DBA /* CategoriesView.swift */ = {isa = PBXFileReference; lastKnownFileType = sourcecode.swift; path = CategoriesView.swift; sourceTree = "<group>"; };
		3C7BBA422AFCD9F000C79107 /* WGProviderFactory.swift */ = {isa = PBXFileReference; lastKnownFileType = sourcecode.swift; path = WGProviderFactory.swift; sourceTree = "<group>"; };
		3C7BBA452AFCEDBD00C79107 /* Errors.swift */ = {isa = PBXFileReference; lastKnownFileType = sourcecode.swift; path = Errors.swift; sourceTree = "<group>"; };
		3C7BBA472AFD08A200C79107 /* CategoryWithWordResponse.swift */ = {isa = PBXFileReference; lastKnownFileType = sourcecode.swift; path = CategoryWithWordResponse.swift; sourceTree = "<group>"; };
		3C7BBA492AFD13D400C79107 /* SettingsOption.swift */ = {isa = PBXFileReference; lastKnownFileType = sourcecode.swift; path = SettingsOption.swift; sourceTree = "<group>"; };
		3C7BBA4B2AFD140800C79107 /* Constants.swift */ = {isa = PBXFileReference; lastKnownFileType = sourcecode.swift; path = Constants.swift; sourceTree = "<group>"; };
		3C7BBA4D2AFD15A300C79107 /* SettingsDisclosureRow.swift */ = {isa = PBXFileReference; lastKnownFileType = sourcecode.swift; path = SettingsDisclosureRow.swift; sourceTree = "<group>"; };
		3C7BBA4F2AFD18CC00C79107 /* MainButtonView.swift */ = {isa = PBXFileReference; lastKnownFileType = sourcecode.swift; path = MainButtonView.swift; sourceTree = "<group>"; };
		3C7BBA522AFD287700C79107 /* WordsService.swift */ = {isa = PBXFileReference; lastKnownFileType = sourcecode.swift; path = WordsService.swift; sourceTree = "<group>"; };
		3C7BBA542AFD29DE00C79107 /* SystemServices.swift */ = {isa = PBXFileReference; lastKnownFileType = sourcecode.swift; path = SystemServices.swift; sourceTree = "<group>"; };
		3C7BBA562AFD300400C79107 /* CategoriesService.swift */ = {isa = PBXFileReference; lastKnownFileType = sourcecode.swift; path = CategoriesService.swift; sourceTree = "<group>"; };
		3C7BBA582AFD548C00C79107 /* UserService.swift */ = {isa = PBXFileReference; lastKnownFileType = sourcecode.swift; path = UserService.swift; sourceTree = "<group>"; };
		3C7BBA5A2AFD6BC500C79107 /* Publisher+.swift */ = {isa = PBXFileReference; lastKnownFileType = sourcecode.swift; path = "Publisher+.swift"; sourceTree = "<group>"; };
		3CAB62092B042B0600645B5F /* GenreSortOrder.swift */ = {isa = PBXFileReference; lastKnownFileType = sourcecode.swift; path = GenreSortOrder.swift; sourceTree = "<group>"; };
		3CAB620B2B042B5300645B5F /* GenreListSubview.swift */ = {isa = PBXFileReference; lastKnownFileType = sourcecode.swift; path = GenreListSubview.swift; sourceTree = "<group>"; };
		3CAB620D2B042DC500645B5F /* BookListSubview.swift */ = {isa = PBXFileReference; lastKnownFileType = sourcecode.swift; path = BookListSubview.swift; sourceTree = "<group>"; };
		3CAB620F2B043F9800645B5F /* SortingOption.swift */ = {isa = PBXFileReference; lastKnownFileType = sourcecode.swift; path = SortingOption.swift; sourceTree = "<group>"; };
		3CAB62112B046F9500645B5F /* UIApplication+DismissKeyboard.swift */ = {isa = PBXFileReference; lastKnownFileType = sourcecode.swift; path = "UIApplication+DismissKeyboard.swift"; sourceTree = "<group>"; };
		3CAB62192B0489DF00645B5F /* WidgetExtension.appex */ = {isa = PBXFileReference; explicitFileType = "wrapper.app-extension"; includeInIndex = 0; path = WidgetExtension.appex; sourceTree = BUILT_PRODUCTS_DIR; };
		3CAB621A2B0489DF00645B5F /* WidgetKit.framework */ = {isa = PBXFileReference; lastKnownFileType = wrapper.framework; name = WidgetKit.framework; path = System/Library/Frameworks/WidgetKit.framework; sourceTree = SDKROOT; };
		3CAB621C2B0489DF00645B5F /* SwiftUI.framework */ = {isa = PBXFileReference; lastKnownFileType = wrapper.framework; name = SwiftUI.framework; path = System/Library/Frameworks/SwiftUI.framework; sourceTree = SDKROOT; };
		3CAB621F2B0489E000645B5F /* WidgetExtensionBundle.swift */ = {isa = PBXFileReference; lastKnownFileType = sourcecode.swift; path = WidgetExtensionBundle.swift; sourceTree = "<group>"; };
		3CAB62212B0489E000645B5F /* WidgetExtensionLiveActivity.swift */ = {isa = PBXFileReference; lastKnownFileType = sourcecode.swift; path = WidgetExtensionLiveActivity.swift; sourceTree = "<group>"; };
		3CAB62232B0489E000645B5F /* WidgetExtension.swift */ = {isa = PBXFileReference; lastKnownFileType = sourcecode.swift; path = WidgetExtension.swift; sourceTree = "<group>"; };
		3CAB62252B0489E000645B5F /* AppIntent.swift */ = {isa = PBXFileReference; lastKnownFileType = sourcecode.swift; path = AppIntent.swift; sourceTree = "<group>"; };
		3CAB62272B0489E200645B5F /* Assets.xcassets */ = {isa = PBXFileReference; lastKnownFileType = folder.assetcatalog; path = Assets.xcassets; sourceTree = "<group>"; };
		3CAB62292B0489E200645B5F /* Info.plist */ = {isa = PBXFileReference; lastKnownFileType = text.plist.xml; path = Info.plist; sourceTree = "<group>"; };
		3CAB62312B048A4000645B5F /* Wordsgram.entitlements */ = {isa = PBXFileReference; lastKnownFileType = text.plist.entitlements; path = Wordsgram.entitlements; sourceTree = "<group>"; };
		3CAB62322B048A7D00645B5F /* WidgetExtension.entitlements */ = {isa = PBXFileReference; lastKnownFileType = text.plist.entitlements; path = WidgetExtension.entitlements; sourceTree = "<group>"; };
		3CAB62392B04901500645B5F /* Debug.xcconfig */ = {isa = PBXFileReference; lastKnownFileType = text.xcconfig; path = Debug.xcconfig; sourceTree = "<group>"; };
		3CAB623A2B04902700645B5F /* Staging.xcconfig */ = {isa = PBXFileReference; lastKnownFileType = text.xcconfig; path = Staging.xcconfig; sourceTree = "<group>"; };
		3CAB623B2B04903B00645B5F /* Release.xcconfig */ = {isa = PBXFileReference; lastKnownFileType = text.xcconfig; path = Release.xcconfig; sourceTree = "<group>"; };
		3CAB623C2B04948800645B5F /* Base.xcconfig */ = {isa = PBXFileReference; lastKnownFileType = text.xcconfig; path = Base.xcconfig; sourceTree = "<group>"; };
		3CAB623D2B04A03700645B5F /* Config.swift */ = {isa = PBXFileReference; lastKnownFileType = sourcecode.swift; path = Config.swift; sourceTree = "<group>"; };
		3CAB623F2B04A22A00645B5F /* UserDefaultsHelper.swift */ = {isa = PBXFileReference; lastKnownFileType = sourcecode.swift; path = UserDefaultsHelper.swift; sourceTree = "<group>"; };
		3CAB624B2B04EEC800645B5F /* WidgetBase.xcconfig */ = {isa = PBXFileReference; lastKnownFileType = text.xcconfig; path = WidgetBase.xcconfig; sourceTree = "<group>"; };
		3CAB624C2B04EEDB00645B5F /* WidgetDebug.xcconfig */ = {isa = PBXFileReference; lastKnownFileType = text.xcconfig; path = WidgetDebug.xcconfig; sourceTree = "<group>"; };
		3CAB624D2B04EEE900645B5F /* WidgetStaging.xcconfig */ = {isa = PBXFileReference; lastKnownFileType = text.xcconfig; path = WidgetStaging.xcconfig; sourceTree = "<group>"; };
		3CAB624E2B04EEF700645B5F /* WidgetRelease.xcconfig */ = {isa = PBXFileReference; lastKnownFileType = text.xcconfig; path = WidgetRelease.xcconfig; sourceTree = "<group>"; };
		3CAF94D82AFA9AE300B8434D /* Encodable+.swift */ = {isa = PBXFileReference; lastKnownFileType = sourcecode.swift; path = "Encodable+.swift"; sourceTree = "<group>"; };
		3CAF94E72AFAB10B00B8434D /* AuthService.swift */ = {isa = PBXFileReference; lastKnownFileType = sourcecode.swift; path = AuthService.swift; sourceTree = "<group>"; };
		3CAF94ED2AFAB44200B8434D /* WGNeworkingService.swift */ = {isa = PBXFileReference; lastKnownFileType = sourcecode.swift; path = WGNeworkingService.swift; sourceTree = "<group>"; };
		3CAF94EF2AFABAED00B8434D /* Info.plist */ = {isa = PBXFileReference; lastKnownFileType = text.plist; path = Info.plist; sourceTree = "<group>"; };
		3CAF94F02AFACE0800B8434D /* LoginViewModel.swift */ = {isa = PBXFileReference; lastKnownFileType = sourcecode.swift; path = LoginViewModel.swift; sourceTree = "<group>"; };
		3CAF94F22AFAD0C900B8434D /* ReusableViews.swift */ = {isa = PBXFileReference; lastKnownFileType = sourcecode.swift; path = ReusableViews.swift; sourceTree = "<group>"; };
		3CAF94FB2AFBC42B00B8434D /* Parameters.swift */ = {isa = PBXFileReference; lastKnownFileType = sourcecode.swift; path = Parameters.swift; sourceTree = "<group>"; };
		3CAF94FD2AFBC97200B8434D /* CreateWordView.swift */ = {isa = PBXFileReference; lastKnownFileType = sourcecode.swift; path = CreateWordView.swift; sourceTree = "<group>"; };
		3CAF94FF2AFBE34100B8434D /* CreateWordResponse.swift */ = {isa = PBXFileReference; lastKnownFileType = sourcecode.swift; path = CreateWordResponse.swift; sourceTree = "<group>"; };
		3CAF95012AFBEFD100B8434D /* CreateCategoryView.swift */ = {isa = PBXFileReference; lastKnownFileType = sourcecode.swift; path = CreateCategoryView.swift; sourceTree = "<group>"; };
		3CAF95032AFBF90200B8434D /* AddToCategoryView.swift */ = {isa = PBXFileReference; lastKnownFileType = sourcecode.swift; path = AddToCategoryView.swift; sourceTree = "<group>"; };
		3CD6BA4A2B0015DE001FC874 /* AlertType.swift */ = {isa = PBXFileReference; lastKnownFileType = sourcecode.swift; path = AlertType.swift; sourceTree = "<group>"; };
		3CD6BA4C2B0015EB001FC874 /* AppError.swift */ = {isa = PBXFileReference; lastKnownFileType = sourcecode.swift; path = AppError.swift; sourceTree = "<group>"; };
		3CD6BA4E2B00219D001FC874 /* AppState.swift */ = {isa = PBXFileReference; lastKnownFileType = sourcecode.swift; path = AppState.swift; sourceTree = "<group>"; };
		3CD6BA9E2B02D4EA001FC874 /* Book.swift */ = {isa = PBXFileReference; lastKnownFileType = sourcecode.swift; path = Book.swift; sourceTree = "<group>"; };
		3CD6BAA12B02DC19001FC874 /* AddNewBookView.swift */ = {isa = PBXFileReference; lastKnownFileType = sourcecode.swift; path = AddNewBookView.swift; sourceTree = "<group>"; };
		3CD6BAA32B02DE00001FC874 /* BookListView.swift */ = {isa = PBXFileReference; lastKnownFileType = sourcecode.swift; path = BookListView.swift; sourceTree = "<group>"; };
		3CD6BAA72B02E5DE001FC874 /* BookCellView.swift */ = {isa = PBXFileReference; lastKnownFileType = sourcecode.swift; path = BookCellView.swift; sourceTree = "<group>"; };
		3CD6BAA92B02E84C001FC874 /* BookDetailView.swift */ = {isa = PBXFileReference; lastKnownFileType = sourcecode.swift; path = BookDetailView.swift; sourceTree = "<group>"; };
		3CD6BAAB2B02EF35001FC874 /* Note.swift */ = {isa = PBXFileReference; lastKnownFileType = sourcecode.swift; path = Note.swift; sourceTree = "<group>"; };
		3CD6BAAD2B02F1D5001FC874 /* AddNewNote.swift */ = {isa = PBXFileReference; lastKnownFileType = sourcecode.swift; path = AddNewNote.swift; sourceTree = "<group>"; };
		3CD6BAAF2B02F241001FC874 /* NotesListView.swift */ = {isa = PBXFileReference; lastKnownFileType = sourcecode.swift; path = NotesListView.swift; sourceTree = "<group>"; };
		3CD6BAB12B02F424001FC874 /* RedButton.swift */ = {isa = PBXFileReference; lastKnownFileType = sourcecode.swift; path = RedButton.swift; sourceTree = "<group>"; };
		3CD6BAB42B0309FA001FC874 /* Genre.swift */ = {isa = PBXFileReference; lastKnownFileType = sourcecode.swift; path = Genre.swift; sourceTree = "<group>"; };
		3CD6BAB62B030A45001FC874 /* GenreListView.swift */ = {isa = PBXFileReference; lastKnownFileType = sourcecode.swift; path = GenreListView.swift; sourceTree = "<group>"; };
		3CD6BAB82B030B04001FC874 /* AddNewGenre.swift */ = {isa = PBXFileReference; lastKnownFileType = sourcecode.swift; path = AddNewGenre.swift; sourceTree = "<group>"; };
		3CD6BABA2B030F83001FC874 /* GenreSelectionView.swift */ = {isa = PBXFileReference; lastKnownFileType = sourcecode.swift; path = GenreSelectionView.swift; sourceTree = "<group>"; };
		3CD6BABC2B03155A001FC874 /* GenreDetailView.swift */ = {isa = PBXFileReference; lastKnownFileType = sourcecode.swift; path = GenreDetailView.swift; sourceTree = "<group>"; };
/* End PBXFileReference section */

/* Begin PBXFrameworksBuildPhase section */
		3C2066CF2AF40DC000C74DBA /* Frameworks */ = {
			isa = PBXFrameworksBuildPhase;
			buildActionMask = 2147483647;
			files = (
				3CAF94F82AFBB3FB00B8434D /* RxMoya in Frameworks */,
				3CAF94EB2AFAB22E00B8434D /* Moya in Frameworks */,
				3CAF94FA2AFBB63A00B8434D /* CombineMoya in Frameworks */,
				3CAF94C02AFA908B00B8434D /* SwiftyJSON in Frameworks */,
			);
			runOnlyForDeploymentPostprocessing = 0;
		};
		3C2066DF2AF40DC300C74DBA /* Frameworks */ = {
			isa = PBXFrameworksBuildPhase;
			buildActionMask = 2147483647;
			files = (
			);
			runOnlyForDeploymentPostprocessing = 0;
		};
		3C2066E92AF40DC300C74DBA /* Frameworks */ = {
			isa = PBXFrameworksBuildPhase;
			buildActionMask = 2147483647;
			files = (
			);
			runOnlyForDeploymentPostprocessing = 0;
		};
		3CAB62162B0489DF00645B5F /* Frameworks */ = {
			isa = PBXFrameworksBuildPhase;
			buildActionMask = 2147483647;
			files = (
				3CAB621D2B0489DF00645B5F /* SwiftUI.framework in Frameworks */,
				3CAB621B2B0489DF00645B5F /* WidgetKit.framework in Frameworks */,
			);
			runOnlyForDeploymentPostprocessing = 0;
		};
/* End PBXFrameworksBuildPhase section */

/* Begin PBXGroup section */
		3C2066C92AF40DC000C74DBA = {
			isa = PBXGroup;
			children = (
				3CAB62322B048A7D00645B5F /* WidgetExtension.entitlements */,
				3C2066D42AF40DC000C74DBA /* Wordsgram */,
				3C2066E52AF40DC300C74DBA /* WordsgramTests */,
				3C2066EF2AF40DC300C74DBA /* WordsgramUITests */,
				3CAB621E2B0489E000645B5F /* WidgetExtension */,
				3C2066D32AF40DC000C74DBA /* Products */,
				D06360FF29ECB829DEBA01F5 /* Frameworks */,
			);
			sourceTree = "<group>";
		};
		3C2066D32AF40DC000C74DBA /* Products */ = {
			isa = PBXGroup;
			children = (
				3C2066D22AF40DC000C74DBA /* Wordsgram.app */,
				3C2066E22AF40DC300C74DBA /* WordsgramTests.xctest */,
				3C2066EC2AF40DC300C74DBA /* WordsgramUITests.xctest */,
				3CAB62192B0489DF00645B5F /* WidgetExtension.appex */,
			);
			name = Products;
			sourceTree = "<group>";
		};
		3C2066D42AF40DC000C74DBA /* Wordsgram */ = {
			isa = PBXGroup;
			children = (
				3CAB623D2B04A03700645B5F /* Config.swift */,
				3CAB623F2B04A22A00645B5F /* UserDefaultsHelper.swift */,
				3CAB62312B048A4000645B5F /* Wordsgram.entitlements */,
				3CAB62382B048FB800645B5F /* Config Files */,
				3C7BBA512AFD284B00C79107 /* Services */,
				3C20671C2AF4347F00C74DBA /* Model */,
				3CAF94EC2AFAB43500B8434D /* Networking */,
				3CAF94D72AFA9AD400B8434D /* Extension */,
				3C2067142AF4283400C74DBA /* Components */,
				3C2067102AF4267F00C74DBA /* Features */,
				3C2067112AF4269000C74DBA /* Root */,
				3C2066D92AF40DC200C74DBA /* Assets.xcassets */,
				3CAF94EF2AFABAED00B8434D /* Info.plist */,
				3C2066DB2AF40DC200C74DBA /* Preview Content */,
			);
			path = Wordsgram;
			sourceTree = "<group>";
		};
		3C2066DB2AF40DC200C74DBA /* Preview Content */ = {
			isa = PBXGroup;
			children = (
				3C2066DC2AF40DC200C74DBA /* Preview Assets.xcassets */,
			);
			path = "Preview Content";
			sourceTree = "<group>";
		};
		3C2066E52AF40DC300C74DBA /* WordsgramTests */ = {
			isa = PBXGroup;
			children = (
				3C2066E62AF40DC300C74DBA /* WordsgramTests.swift */,
			);
			path = WordsgramTests;
			sourceTree = "<group>";
		};
		3C2066EF2AF40DC300C74DBA /* WordsgramUITests */ = {
			isa = PBXGroup;
			children = (
				3C2066F02AF40DC300C74DBA /* WordsgramUITests.swift */,
				3C2066F22AF40DC300C74DBA /* WordsgramUITestsLaunchTests.swift */,
			);
			path = WordsgramUITests;
			sourceTree = "<group>";
		};
		3C2067102AF4267F00C74DBA /* Features */ = {
			isa = PBXGroup;
			children = (
				3CD6BAB32B0309EE001FC874 /* Genre */,
				3CD6BAA02B02DC0F001FC874 /* Books */,
				3CAF94F42AFAEF1500B8434D /* Login */,
				3C20672B2AF4C38E00C74DBA /* Words */,
				3C20673F2AF56FC300C74DBA /* Categories */,
				3C20673C2AF56E9700C74DBA /* Users */,
				3C2067282AF4C22300C74DBA /* Settings */,
			);
			path = Features;
			sourceTree = "<group>";
		};
		3C2067112AF4269000C74DBA /* Root */ = {
			isa = PBXGroup;
			children = (
				3C2067262AF4C13600C74DBA /* AppTabView.swift */,
				3C2067122AF426A000C74DBA /* RootView.swift */,
				3C2066D52AF40DC000C74DBA /* WordsgramApp.swift */,
				3C7BBA4B2AFD140800C79107 /* Constants.swift */,
			);
			path = Root;
			sourceTree = "<group>";
		};
		3C2067142AF4283400C74DBA /* Components */ = {
			isa = PBXGroup;
			children = (
				3CAF94F22AFAD0C900B8434D /* ReusableViews.swift */,
				3C2067152AF4284D00C74DBA /* MainButton.swift */,
				3CD6BAB12B02F424001FC874 /* RedButton.swift */,
				3C7BBA4F2AFD18CC00C79107 /* MainButtonView.swift */,
				3CD6BA4A2B0015DE001FC874 /* AlertType.swift */,
				3CD6BA4C2B0015EB001FC874 /* AppError.swift */,
			);
			path = Components;
			sourceTree = "<group>";
		};
		3C20671C2AF4347F00C74DBA /* Model */ = {
			isa = PBXGroup;
			children = (
				3CD6BA9D2B02D4DA001FC874 /* DatabaseModel */,
				3CD6BA9C2B02D4C0001FC874 /* NetworkModel */,
			);
			path = Model;
			sourceTree = "<group>";
		};
		3C2067282AF4C22300C74DBA /* Settings */ = {
			isa = PBXGroup;
			children = (
				3C20670C2AF425EC00C74DBA /* SettingsView.swift */,
				3C7BBA4D2AFD15A300C79107 /* SettingsDisclosureRow.swift */,
				3C7BBA492AFD13D400C79107 /* SettingsOption.swift */,
			);
			path = Settings;
			sourceTree = "<group>";
		};
		3C20672B2AF4C38E00C74DBA /* Words */ = {
			isa = PBXGroup;
			children = (
				3C20672C2AF4C3A600C74DBA /* WordsView.swift */,
				3C20672E2AF4C4E500C74DBA /* WordDetailView.swift */,
				3CAF95032AFBF90200B8434D /* AddToCategoryView.swift */,
				3CAF94FD2AFBC97200B8434D /* CreateWordView.swift */,
			);
			path = Words;
			sourceTree = "<group>";
		};
		3C20673C2AF56E9700C74DBA /* Users */ = {
			isa = PBXGroup;
			children = (
				3C20673D2AF56EA600C74DBA /* UsersView.swift */,
			);
			path = Users;
			sourceTree = "<group>";
		};
		3C20673F2AF56FC300C74DBA /* Categories */ = {
			isa = PBXGroup;
			children = (
				3C2067402AF5704000C74DBA /* CategoriesView.swift */,
				3CAF95012AFBEFD100B8434D /* CreateCategoryView.swift */,
			);
			path = Categories;
			sourceTree = "<group>";
		};
		3C7BBA442AFCED9100C79107 /* Tools */ = {
			isa = PBXGroup;
			children = (
				3C2067172AF429CB00C74DBA /* NetworkMonitor.swift */,
				3C2067322AF4D0B600C74DBA /* Auth+Keychain.swift */,
			);
			path = Tools;
			sourceTree = "<group>";
		};
		3C7BBA512AFD284B00C79107 /* Services */ = {
			isa = PBXGroup;
			children = (
				3C7BBA542AFD29DE00C79107 /* SystemServices.swift */,
				3CD6BA4E2B00219D001FC874 /* AppState.swift */,
				3CAF94E72AFAB10B00B8434D /* AuthService.swift */,
				3C7BBA522AFD287700C79107 /* WordsService.swift */,
				3C7BBA562AFD300400C79107 /* CategoriesService.swift */,
				3C7BBA582AFD548C00C79107 /* UserService.swift */,
			);
			path = Services;
			sourceTree = "<group>";
		};
		3CAB621E2B0489E000645B5F /* WidgetExtension */ = {
			isa = PBXGroup;
			children = (
				3CAB621F2B0489E000645B5F /* WidgetExtensionBundle.swift */,
				3CAB62212B0489E000645B5F /* WidgetExtensionLiveActivity.swift */,
				3CAB62232B0489E000645B5F /* WidgetExtension.swift */,
				3CAB62252B0489E000645B5F /* AppIntent.swift */,
				3CAB62272B0489E200645B5F /* Assets.xcassets */,
				3CAB62292B0489E200645B5F /* Info.plist */,
			);
			path = WidgetExtension;
			sourceTree = "<group>";
		};
		3CAB62382B048FB800645B5F /* Config Files */ = {
			isa = PBXGroup;
			children = (
				3CAB623C2B04948800645B5F /* Base.xcconfig */,
				3CAB62392B04901500645B5F /* Debug.xcconfig */,
				3CAB623A2B04902700645B5F /* Staging.xcconfig */,
				3CAB623B2B04903B00645B5F /* Release.xcconfig */,
				3CAB624B2B04EEC800645B5F /* WidgetBase.xcconfig */,
				3CAB624C2B04EEDB00645B5F /* WidgetDebug.xcconfig */,
				3CAB624D2B04EEE900645B5F /* WidgetStaging.xcconfig */,
				3CAB624E2B04EEF700645B5F /* WidgetRelease.xcconfig */,
			);
			path = "Config Files";
			sourceTree = "<group>";
		};
		3CAF94D72AFA9AD400B8434D /* Extension */ = {
			isa = PBXGroup;
			children = (
				3CAF94D82AFA9AE300B8434D /* Encodable+.swift */,
				3CAB62112B046F9500645B5F /* UIApplication+DismissKeyboard.swift */,
				3C7BBA5A2AFD6BC500C79107 /* Publisher+.swift */,
			);
			path = Extension;
			sourceTree = "<group>";
		};
		3CAF94EC2AFAB43500B8434D /* Networking */ = {
			isa = PBXGroup;
			children = (
				3C7BBA442AFCED9100C79107 /* Tools */,
				3CAF94ED2AFAB44200B8434D /* WGNeworkingService.swift */,
				3CAF94FB2AFBC42B00B8434D /* Parameters.swift */,
				3CAF94FF2AFBE34100B8434D /* CreateWordResponse.swift */,
				3C7BBA472AFD08A200C79107 /* CategoryWithWordResponse.swift */,
				3C7BBA422AFCD9F000C79107 /* WGProviderFactory.swift */,
				3C7BBA452AFCEDBD00C79107 /* Errors.swift */,
			);
			path = Networking;
			sourceTree = "<group>";
		};
		3CAF94F42AFAEF1500B8434D /* Login */ = {
			isa = PBXGroup;
			children = (
				3C2067022AF4204800C74DBA /* LoginView.swift */,
				3CAF94F02AFACE0800B8434D /* LoginViewModel.swift */,
			);
			path = Login;
			sourceTree = "<group>";
		};
		3CD6BA9C2B02D4C0001FC874 /* NetworkModel */ = {
			isa = PBXGroup;
			children = (
				3C20671D2AF4349200C74DBA /* User.swift */,
				3C2067342AF4D14700C74DBA /* Token.swift */,
				3C20671F2AF434AB00C74DBA /* Category.swift */,
				3C2067232AF434F100C74DBA /* Word.swift */,
				3C2067212AF434C800C74DBA /* CreateWordData.swift */,
			);
			path = NetworkModel;
			sourceTree = "<group>";
		};
		3CD6BA9D2B02D4DA001FC874 /* DatabaseModel */ = {
			isa = PBXGroup;
			children = (
				3CD6BA9E2B02D4EA001FC874 /* Book.swift */,
				3CD6BAAB2B02EF35001FC874 /* Note.swift */,
				3CD6BAB42B0309FA001FC874 /* Genre.swift */,
			);
			path = DatabaseModel;
			sourceTree = "<group>";
		};
		3CD6BAA02B02DC0F001FC874 /* Books */ = {
			isa = PBXGroup;
			children = (
				3CD6BAA12B02DC19001FC874 /* AddNewBookView.swift */,
				3CD6BAA32B02DE00001FC874 /* BookListView.swift */,
				3CAB620D2B042DC500645B5F /* BookListSubview.swift */,
				3CD6BAA92B02E84C001FC874 /* BookDetailView.swift */,
				3CD6BAA72B02E5DE001FC874 /* BookCellView.swift */,
				3CAB620F2B043F9800645B5F /* SortingOption.swift */,
				3CD6BAAD2B02F1D5001FC874 /* AddNewNote.swift */,
				3CD6BAAF2B02F241001FC874 /* NotesListView.swift */,
			);
			path = Books;
			sourceTree = "<group>";
		};
		3CD6BAB32B0309EE001FC874 /* Genre */ = {
			isa = PBXGroup;
			children = (
				3CD6BAB62B030A45001FC874 /* GenreListView.swift */,
				3CAB620B2B042B5300645B5F /* GenreListSubview.swift */,
				3CD6BABA2B030F83001FC874 /* GenreSelectionView.swift */,
				3CAB62092B042B0600645B5F /* GenreSortOrder.swift */,
				3CD6BABC2B03155A001FC874 /* GenreDetailView.swift */,
				3CD6BAB82B030B04001FC874 /* AddNewGenre.swift */,
			);
			path = Genre;
			sourceTree = "<group>";
		};
		D06360FF29ECB829DEBA01F5 /* Frameworks */ = {
			isa = PBXGroup;
			children = (
				3CAB621A2B0489DF00645B5F /* WidgetKit.framework */,
				3CAB621C2B0489DF00645B5F /* SwiftUI.framework */,
			);
			name = Frameworks;
			sourceTree = "<group>";
		};
/* End PBXGroup section */

/* Begin PBXNativeTarget section */
		3C2066D12AF40DC000C74DBA /* Wordsgram */ = {
			isa = PBXNativeTarget;
			buildConfigurationList = 3C2066F62AF40DC300C74DBA /* Build configuration list for PBXNativeTarget "Wordsgram" */;
			buildPhases = (
				3C2066CE2AF40DC000C74DBA /* Sources */,
				3C2066CF2AF40DC000C74DBA /* Frameworks */,
				3C2066D02AF40DC000C74DBA /* Resources */,
				3CAB62302B0489E300645B5F /* Embed Foundation Extensions */,
			);
			buildRules = (
			);
			dependencies = (
				3CAB622B2B0489E200645B5F /* PBXTargetDependency */,
			);
			name = Wordsgram;
			packageProductDependencies = (
				3CAF94BF2AFA908B00B8434D /* SwiftyJSON */,
				3CAF94EA2AFAB22E00B8434D /* Moya */,
				3CAF94F72AFBB3FB00B8434D /* RxMoya */,
				3CAF94F92AFBB63A00B8434D /* CombineMoya */,
			);
			productName = Wordsgram;
			productReference = 3C2066D22AF40DC000C74DBA /* Wordsgram.app */;
			productType = "com.apple.product-type.application";
		};
		3C2066E12AF40DC300C74DBA /* WordsgramTests */ = {
			isa = PBXNativeTarget;
			buildConfigurationList = 3C2066F92AF40DC300C74DBA /* Build configuration list for PBXNativeTarget "WordsgramTests" */;
			buildPhases = (
				3C2066DE2AF40DC300C74DBA /* Sources */,
				3C2066DF2AF40DC300C74DBA /* Frameworks */,
				3C2066E02AF40DC300C74DBA /* Resources */,
			);
			buildRules = (
			);
			dependencies = (
				3C2066E42AF40DC300C74DBA /* PBXTargetDependency */,
			);
			name = WordsgramTests;
			productName = WordsgramTests;
			productReference = 3C2066E22AF40DC300C74DBA /* WordsgramTests.xctest */;
			productType = "com.apple.product-type.bundle.unit-test";
		};
		3C2066EB2AF40DC300C74DBA /* WordsgramUITests */ = {
			isa = PBXNativeTarget;
			buildConfigurationList = 3C2066FC2AF40DC300C74DBA /* Build configuration list for PBXNativeTarget "WordsgramUITests" */;
			buildPhases = (
				3C2066E82AF40DC300C74DBA /* Sources */,
				3C2066E92AF40DC300C74DBA /* Frameworks */,
				3C2066EA2AF40DC300C74DBA /* Resources */,
			);
			buildRules = (
			);
			dependencies = (
				3C2066EE2AF40DC300C74DBA /* PBXTargetDependency */,
			);
			name = WordsgramUITests;
			productName = WordsgramUITests;
			productReference = 3C2066EC2AF40DC300C74DBA /* WordsgramUITests.xctest */;
			productType = "com.apple.product-type.bundle.ui-testing";
		};
		3CAB62182B0489DF00645B5F /* WidgetExtension */ = {
			isa = PBXNativeTarget;
			buildConfigurationList = 3CAB622D2B0489E300645B5F /* Build configuration list for PBXNativeTarget "WidgetExtension" */;
			buildPhases = (
				3CAB62152B0489DF00645B5F /* Sources */,
				3CAB62162B0489DF00645B5F /* Frameworks */,
				3CAB62172B0489DF00645B5F /* Resources */,
			);
			buildRules = (
			);
			dependencies = (
			);
			name = WidgetExtension;
			productName = WidgetExtensionExtension;
			productReference = 3CAB62192B0489DF00645B5F /* WidgetExtension.appex */;
			productType = "com.apple.product-type.app-extension";
		};
/* End PBXNativeTarget section */

/* Begin PBXProject section */
		3C2066CA2AF40DC000C74DBA /* Project object */ = {
			isa = PBXProject;
			attributes = {
				BuildIndependentTargetsInParallel = 1;
				LastSwiftUpdateCheck = 1500;
				LastUpgradeCheck = 1500;
				TargetAttributes = {
					3C2066D12AF40DC000C74DBA = {
						CreatedOnToolsVersion = 15.0;
					};
					3C2066E12AF40DC300C74DBA = {
						CreatedOnToolsVersion = 15.0;
						TestTargetID = 3C2066D12AF40DC000C74DBA;
					};
					3C2066EB2AF40DC300C74DBA = {
						CreatedOnToolsVersion = 15.0;
						TestTargetID = 3C2066D12AF40DC000C74DBA;
					};
					3CAB62182B0489DF00645B5F = {
						CreatedOnToolsVersion = 15.0;
					};
				};
			};
			buildConfigurationList = 3C2066CD2AF40DC000C74DBA /* Build configuration list for PBXProject "Wordsgram" */;
			compatibilityVersion = "Xcode 14.0";
			developmentRegion = en;
			hasScannedForEncodings = 0;
			knownRegions = (
				en,
				Base,
			);
			mainGroup = 3C2066C92AF40DC000C74DBA;
			packageReferences = (
				3CAF94BE2AFA908B00B8434D /* XCRemoteSwiftPackageReference "SwiftyJSON" */,
				3CAF94E92AFAB22E00B8434D /* XCRemoteSwiftPackageReference "Moya" */,
			);
			productRefGroup = 3C2066D32AF40DC000C74DBA /* Products */;
			projectDirPath = "";
			projectRoot = "";
			targets = (
				3C2066D12AF40DC000C74DBA /* Wordsgram */,
				3CAB62182B0489DF00645B5F /* WidgetExtension */,
				3C2066E12AF40DC300C74DBA /* WordsgramTests */,
				3C2066EB2AF40DC300C74DBA /* WordsgramUITests */,
			);
		};
/* End PBXProject section */

/* Begin PBXResourcesBuildPhase section */
		3C2066D02AF40DC000C74DBA /* Resources */ = {
			isa = PBXResourcesBuildPhase;
			buildActionMask = 2147483647;
			files = (
				3C2066DD2AF40DC200C74DBA /* Preview Assets.xcassets in Resources */,
				3C2066DA2AF40DC200C74DBA /* Assets.xcassets in Resources */,
			);
			runOnlyForDeploymentPostprocessing = 0;
		};
		3C2066E02AF40DC300C74DBA /* Resources */ = {
			isa = PBXResourcesBuildPhase;
			buildActionMask = 2147483647;
			files = (
			);
			runOnlyForDeploymentPostprocessing = 0;
		};
		3C2066EA2AF40DC300C74DBA /* Resources */ = {
			isa = PBXResourcesBuildPhase;
			buildActionMask = 2147483647;
			files = (
			);
			runOnlyForDeploymentPostprocessing = 0;
		};
		3CAB62172B0489DF00645B5F /* Resources */ = {
			isa = PBXResourcesBuildPhase;
			buildActionMask = 2147483647;
			files = (
				3CAB62282B0489E200645B5F /* Assets.xcassets in Resources */,
			);
			runOnlyForDeploymentPostprocessing = 0;
		};
/* End PBXResourcesBuildPhase section */

/* Begin PBXSourcesBuildPhase section */
		3C2066CE2AF40DC000C74DBA /* Sources */ = {
			isa = PBXSourcesBuildPhase;
			buildActionMask = 2147483647;
			files = (
				3CAB62402B04A22A00645B5F /* UserDefaultsHelper.swift in Sources */,
				3CD6BAA22B02DC19001FC874 /* AddNewBookView.swift in Sources */,
				3CAB620E2B042DC500645B5F /* BookListSubview.swift in Sources */,
				3C7BBA4E2AFD15A300C79107 /* SettingsDisclosureRow.swift in Sources */,
				3CAF95022AFBEFD100B8434D /* CreateCategoryView.swift in Sources */,
				3C7BBA532AFD287700C79107 /* WordsService.swift in Sources */,
				3CAB62102B043F9800645B5F /* SortingOption.swift in Sources */,
				3CAF94E82AFAB10B00B8434D /* AuthService.swift in Sources */,
				3C7BBA552AFD29DE00C79107 /* SystemServices.swift in Sources */,
				3C2067222AF434C800C74DBA /* CreateWordData.swift in Sources */,
				3CD6BAA42B02DE00001FC874 /* BookListView.swift in Sources */,
				3C7BBA432AFCD9F000C79107 /* WGProviderFactory.swift in Sources */,
				3C2067242AF434F100C74DBA /* Word.swift in Sources */,
				3CAF94F32AFAD0CA00B8434D /* ReusableViews.swift in Sources */,
				3CAB620C2B042B5300645B5F /* GenreListSubview.swift in Sources */,
				3CD6BA4F2B00219D001FC874 /* AppState.swift in Sources */,
				3C20671E2AF4349200C74DBA /* User.swift in Sources */,
				3C2067182AF429CB00C74DBA /* NetworkMonitor.swift in Sources */,
				3CAF94EE2AFAB44200B8434D /* WGNeworkingService.swift in Sources */,
				3C2067272AF4C13600C74DBA /* AppTabView.swift in Sources */,
				3C20673E2AF56EA600C74DBA /* UsersView.swift in Sources */,
				3CD6BAA82B02E5DE001FC874 /* BookCellView.swift in Sources */,
				3CD6BAB22B02F424001FC874 /* RedButton.swift in Sources */,
				3CD6BABB2B030F83001FC874 /* GenreSelectionView.swift in Sources */,
				3CD6BA4B2B0015DE001FC874 /* AlertType.swift in Sources */,
				3C2067132AF426A000C74DBA /* RootView.swift in Sources */,
				3C20670D2AF425EC00C74DBA /* SettingsView.swift in Sources */,
				3CD6BAB92B030B04001FC874 /* AddNewGenre.swift in Sources */,
				3CAF95002AFBE34100B8434D /* CreateWordResponse.swift in Sources */,
				3CD6BAAC2B02EF35001FC874 /* Note.swift in Sources */,
				3C7BBA5B2AFD6BC500C79107 /* Publisher+.swift in Sources */,
				3CD6BA4D2B0015EB001FC874 /* AppError.swift in Sources */,
				3CAF94FE2AFBC97200B8434D /* CreateWordView.swift in Sources */,
				3C7BBA502AFD18CC00C79107 /* MainButtonView.swift in Sources */,
				3CAB623E2B04A03700645B5F /* Config.swift in Sources */,
				3C7BBA462AFCEDBD00C79107 /* Errors.swift in Sources */,
				3C2067332AF4D0B600C74DBA /* Auth+Keychain.swift in Sources */,
				3C2067162AF4284D00C74DBA /* MainButton.swift in Sources */,
				3C2066D62AF40DC000C74DBA /* WordsgramApp.swift in Sources */,
				3C2067032AF4204800C74DBA /* LoginView.swift in Sources */,
				3C2067352AF4D14700C74DBA /* Token.swift in Sources */,
				3CD6BAB72B030A45001FC874 /* GenreListView.swift in Sources */,
				3C20672F2AF4C4E500C74DBA /* WordDetailView.swift in Sources */,
				3CD6BAB52B0309FA001FC874 /* Genre.swift in Sources */,
				3C7BBA4C2AFD140800C79107 /* Constants.swift in Sources */,
				3C2067202AF434AB00C74DBA /* Category.swift in Sources */,
				3CD6BAB02B02F241001FC874 /* NotesListView.swift in Sources */,
				3C2067412AF5704000C74DBA /* CategoriesView.swift in Sources */,
				3C7BBA4A2AFD13D500C79107 /* SettingsOption.swift in Sources */,
				3CD6BA9F2B02D4EA001FC874 /* Book.swift in Sources */,
				3C7BBA482AFD08A200C79107 /* CategoryWithWordResponse.swift in Sources */,
				3CD6BAAA2B02E84C001FC874 /* BookDetailView.swift in Sources */,
				3CD6BAAE2B02F1D5001FC874 /* AddNewNote.swift in Sources */,
				3CAB620A2B042B0700645B5F /* GenreSortOrder.swift in Sources */,
				3CAF95042AFBF90200B8434D /* AddToCategoryView.swift in Sources */,
				3C7BBA592AFD548C00C79107 /* UserService.swift in Sources */,
				3C20672D2AF4C3A600C74DBA /* WordsView.swift in Sources */,
				3CAF94D92AFA9AE300B8434D /* Encodable+.swift in Sources */,
				3CAF94F12AFACE0900B8434D /* LoginViewModel.swift in Sources */,
				3CAB62122B046F9600645B5F /* UIApplication+DismissKeyboard.swift in Sources */,
				3C7BBA572AFD300400C79107 /* CategoriesService.swift in Sources */,
				3CAF94FC2AFBC42B00B8434D /* Parameters.swift in Sources */,
				3CD6BABD2B03155A001FC874 /* GenreDetailView.swift in Sources */,
			);
			runOnlyForDeploymentPostprocessing = 0;
		};
		3C2066DE2AF40DC300C74DBA /* Sources */ = {
			isa = PBXSourcesBuildPhase;
			buildActionMask = 2147483647;
			files = (
				3C2066E72AF40DC300C74DBA /* WordsgramTests.swift in Sources */,
			);
			runOnlyForDeploymentPostprocessing = 0;
		};
		3C2066E82AF40DC300C74DBA /* Sources */ = {
			isa = PBXSourcesBuildPhase;
			buildActionMask = 2147483647;
			files = (
				3C2066F12AF40DC300C74DBA /* WordsgramUITests.swift in Sources */,
				3C2066F32AF40DC300C74DBA /* WordsgramUITestsLaunchTests.swift in Sources */,
			);
			runOnlyForDeploymentPostprocessing = 0;
		};
		3CAB62152B0489DF00645B5F /* Sources */ = {
			isa = PBXSourcesBuildPhase;
			buildActionMask = 2147483647;
			files = (
				3CAB62412B04AA1C00645B5F /* UserDefaultsHelper.swift in Sources */,
				3CAB62222B0489E000645B5F /* WidgetExtensionLiveActivity.swift in Sources */,
				3CAB62262B0489E000645B5F /* AppIntent.swift in Sources */,
				3CAB62202B0489E000645B5F /* WidgetExtensionBundle.swift in Sources */,
				3CAB62242B0489E000645B5F /* WidgetExtension.swift in Sources */,
				3CAB62422B04AC9400645B5F /* Config.swift in Sources */,
			);
			runOnlyForDeploymentPostprocessing = 0;
		};
/* End PBXSourcesBuildPhase section */

/* Begin PBXTargetDependency section */
		3C2066E42AF40DC300C74DBA /* PBXTargetDependency */ = {
			isa = PBXTargetDependency;
			target = 3C2066D12AF40DC000C74DBA /* Wordsgram */;
			targetProxy = 3C2066E32AF40DC300C74DBA /* PBXContainerItemProxy */;
		};
		3C2066EE2AF40DC300C74DBA /* PBXTargetDependency */ = {
			isa = PBXTargetDependency;
			target = 3C2066D12AF40DC000C74DBA /* Wordsgram */;
			targetProxy = 3C2066ED2AF40DC300C74DBA /* PBXContainerItemProxy */;
		};
		3CAB622B2B0489E200645B5F /* PBXTargetDependency */ = {
			isa = PBXTargetDependency;
			target = 3CAB62182B0489DF00645B5F /* WidgetExtension */;
			targetProxy = 3CAB622A2B0489E200645B5F /* PBXContainerItemProxy */;
		};
/* End PBXTargetDependency section */

/* Begin XCBuildConfiguration section */
		3C2066F42AF40DC300C74DBA /* Debug */ = {
			isa = XCBuildConfiguration;
			baseConfigurationReference = 3CAB623C2B04948800645B5F /* Base.xcconfig */;
			buildSettings = {
				ALWAYS_SEARCH_USER_PATHS = NO;
				ASSETCATALOG_COMPILER_GENERATE_SWIFT_ASSET_SYMBOL_EXTENSIONS = YES;
				CLANG_ANALYZER_NONNULL = YES;
				CLANG_ANALYZER_NUMBER_OBJECT_CONVERSION = YES_AGGRESSIVE;
				CLANG_CXX_LANGUAGE_STANDARD = "gnu++20";
				CLANG_ENABLE_MODULES = YES;
				CLANG_ENABLE_OBJC_ARC = YES;
				CLANG_ENABLE_OBJC_WEAK = YES;
				CLANG_WARN_BLOCK_CAPTURE_AUTORELEASING = YES;
				CLANG_WARN_BOOL_CONVERSION = YES;
				CLANG_WARN_COMMA = YES;
				CLANG_WARN_CONSTANT_CONVERSION = YES;
				CLANG_WARN_DEPRECATED_OBJC_IMPLEMENTATIONS = YES;
				CLANG_WARN_DIRECT_OBJC_ISA_USAGE = YES_ERROR;
				CLANG_WARN_DOCUMENTATION_COMMENTS = YES;
				CLANG_WARN_EMPTY_BODY = YES;
				CLANG_WARN_ENUM_CONVERSION = YES;
				CLANG_WARN_INFINITE_RECURSION = YES;
				CLANG_WARN_INT_CONVERSION = YES;
				CLANG_WARN_NON_LITERAL_NULL_CONVERSION = YES;
				CLANG_WARN_OBJC_IMPLICIT_RETAIN_SELF = YES;
				CLANG_WARN_OBJC_LITERAL_CONVERSION = YES;
				CLANG_WARN_OBJC_ROOT_CLASS = YES_ERROR;
				CLANG_WARN_QUOTED_INCLUDE_IN_FRAMEWORK_HEADER = YES;
				CLANG_WARN_RANGE_LOOP_ANALYSIS = YES;
				CLANG_WARN_STRICT_PROTOTYPES = YES;
				CLANG_WARN_SUSPICIOUS_MOVE = YES;
				CLANG_WARN_UNGUARDED_AVAILABILITY = YES_AGGRESSIVE;
				CLANG_WARN_UNREACHABLE_CODE = YES;
				CLANG_WARN__DUPLICATE_METHOD_MATCH = YES;
				COPY_PHASE_STRIP = NO;
				DEBUG_INFORMATION_FORMAT = dwarf;
				ENABLE_STRICT_OBJC_MSGSEND = YES;
				ENABLE_TESTABILITY = YES;
				ENABLE_USER_SCRIPT_SANDBOXING = NO;
				GCC_C_LANGUAGE_STANDARD = gnu17;
				GCC_DYNAMIC_NO_PIC = NO;
				GCC_NO_COMMON_BLOCKS = YES;
				GCC_OPTIMIZATION_LEVEL = 0;
				GCC_PREPROCESSOR_DEFINITIONS = (
					"DEBUG=1",
					"$(inherited)",
				);
				GCC_WARN_64_TO_32_BIT_CONVERSION = YES;
				GCC_WARN_ABOUT_RETURN_TYPE = YES_ERROR;
				GCC_WARN_UNDECLARED_SELECTOR = YES;
				GCC_WARN_UNINITIALIZED_AUTOS = YES_AGGRESSIVE;
				GCC_WARN_UNUSED_FUNCTION = YES;
				GCC_WARN_UNUSED_VARIABLE = YES;
				IPHONEOS_DEPLOYMENT_TARGET = 17.0;
				LOCALIZATION_PREFERS_STRING_CATALOGS = YES;
				MTL_ENABLE_DEBUG_INFO = INCLUDE_SOURCE;
				MTL_FAST_MATH = YES;
				ONLY_ACTIVE_ARCH = YES;
				SDKROOT = iphoneos;
				SWIFT_ACTIVE_COMPILATION_CONDITIONS = "DEBUG $(inherited)";
				SWIFT_OPTIMIZATION_LEVEL = "-Onone";
			};
			name = Debug;
		};
		3C2066F52AF40DC300C74DBA /* Release */ = {
			isa = XCBuildConfiguration;
			baseConfigurationReference = 3CAB623C2B04948800645B5F /* Base.xcconfig */;
			buildSettings = {
				ALWAYS_SEARCH_USER_PATHS = NO;
				ASSETCATALOG_COMPILER_GENERATE_SWIFT_ASSET_SYMBOL_EXTENSIONS = YES;
				CLANG_ANALYZER_NONNULL = YES;
				CLANG_ANALYZER_NUMBER_OBJECT_CONVERSION = YES_AGGRESSIVE;
				CLANG_CXX_LANGUAGE_STANDARD = "gnu++20";
				CLANG_ENABLE_MODULES = YES;
				CLANG_ENABLE_OBJC_ARC = YES;
				CLANG_ENABLE_OBJC_WEAK = YES;
				CLANG_WARN_BLOCK_CAPTURE_AUTORELEASING = YES;
				CLANG_WARN_BOOL_CONVERSION = YES;
				CLANG_WARN_COMMA = YES;
				CLANG_WARN_CONSTANT_CONVERSION = YES;
				CLANG_WARN_DEPRECATED_OBJC_IMPLEMENTATIONS = YES;
				CLANG_WARN_DIRECT_OBJC_ISA_USAGE = YES_ERROR;
				CLANG_WARN_DOCUMENTATION_COMMENTS = YES;
				CLANG_WARN_EMPTY_BODY = YES;
				CLANG_WARN_ENUM_CONVERSION = YES;
				CLANG_WARN_INFINITE_RECURSION = YES;
				CLANG_WARN_INT_CONVERSION = YES;
				CLANG_WARN_NON_LITERAL_NULL_CONVERSION = YES;
				CLANG_WARN_OBJC_IMPLICIT_RETAIN_SELF = YES;
				CLANG_WARN_OBJC_LITERAL_CONVERSION = YES;
				CLANG_WARN_OBJC_ROOT_CLASS = YES_ERROR;
				CLANG_WARN_QUOTED_INCLUDE_IN_FRAMEWORK_HEADER = YES;
				CLANG_WARN_RANGE_LOOP_ANALYSIS = YES;
				CLANG_WARN_STRICT_PROTOTYPES = YES;
				CLANG_WARN_SUSPICIOUS_MOVE = YES;
				CLANG_WARN_UNGUARDED_AVAILABILITY = YES_AGGRESSIVE;
				CLANG_WARN_UNREACHABLE_CODE = YES;
				CLANG_WARN__DUPLICATE_METHOD_MATCH = YES;
				COPY_PHASE_STRIP = NO;
				DEBUG_INFORMATION_FORMAT = "dwarf-with-dsym";
				ENABLE_NS_ASSERTIONS = NO;
				ENABLE_STRICT_OBJC_MSGSEND = YES;
				ENABLE_USER_SCRIPT_SANDBOXING = NO;
				GCC_C_LANGUAGE_STANDARD = gnu17;
				GCC_NO_COMMON_BLOCKS = YES;
				GCC_WARN_64_TO_32_BIT_CONVERSION = YES;
				GCC_WARN_ABOUT_RETURN_TYPE = YES_ERROR;
				GCC_WARN_UNDECLARED_SELECTOR = YES;
				GCC_WARN_UNINITIALIZED_AUTOS = YES_AGGRESSIVE;
				GCC_WARN_UNUSED_FUNCTION = YES;
				GCC_WARN_UNUSED_VARIABLE = YES;
				IPHONEOS_DEPLOYMENT_TARGET = 17.0;
				LOCALIZATION_PREFERS_STRING_CATALOGS = YES;
				MTL_ENABLE_DEBUG_INFO = NO;
				MTL_FAST_MATH = YES;
				SDKROOT = iphoneos;
				SWIFT_COMPILATION_MODE = wholemodule;
				VALIDATE_PRODUCT = YES;
			};
			name = Release;
		};
		3C2066F72AF40DC300C74DBA /* Debug */ = {
			isa = XCBuildConfiguration;
			baseConfigurationReference = 3CAB62392B04901500645B5F /* Debug.xcconfig */;
			buildSettings = {
				ALWAYS_EMBED_SWIFT_STANDARD_LIBRARIES = YES;
				ASSETCATALOG_COMPILER_APPICON_NAME = "$(inherited)";
				ASSETCATALOG_COMPILER_GLOBAL_ACCENT_COLOR_NAME = AccentColor;
				CODE_SIGN_ENTITLEMENTS = Wordsgram/Wordsgram.entitlements;
				CODE_SIGN_STYLE = Automatic;
				CURRENT_PROJECT_VERSION = 1;
				DEVELOPMENT_ASSET_PATHS = "\"Wordsgram/Preview Content\"";
				DEVELOPMENT_TEAM = ANU45NJ4HN;
				ENABLE_PREVIEWS = YES;
				ENABLE_USER_SCRIPT_SANDBOXING = NO;
				GENERATE_INFOPLIST_FILE = YES;
				INFOPLIST_FILE = Wordsgram/Info.plist;
				INFOPLIST_KEY_CFBundleDisplayName = Wordsgram;
				"INFOPLIST_KEY_CFBundleDisplayName[sdk=*]" = "$(APP_NAME)";
				INFOPLIST_KEY_UIApplicationSceneManifest_Generation = YES;
				INFOPLIST_KEY_UIApplicationSupportsIndirectInputEvents = YES;
				INFOPLIST_KEY_UILaunchScreen_Generation = YES;
				INFOPLIST_KEY_UISupportedInterfaceOrientations = UIInterfaceOrientationPortrait;
				INFOPLIST_KEY_UISupportedInterfaceOrientations_iPad = "UIInterfaceOrientationLandscapeLeft UIInterfaceOrientationLandscapeRight UIInterfaceOrientationPortrait UIInterfaceOrientationPortraitUpsideDown";
				LD_RUNPATH_SEARCH_PATHS = (
					"$(inherited)",
					"@executable_path/Frameworks",
				);
				MARKETING_VERSION = 1.0;
				PRODUCT_BUNDLE_IDENTIFIER = "$(inherited)";
				PRODUCT_NAME = "$(TARGET_NAME)";
				SUPPORTED_PLATFORMS = "iphoneos iphonesimulator";
				SUPPORTS_MACCATALYST = NO;
				SUPPORTS_MAC_DESIGNED_FOR_IPHONE_IPAD = NO;
				SWIFT_EMIT_LOC_STRINGS = YES;
				SWIFT_VERSION = 5.0;
				TARGETED_DEVICE_FAMILY = 1;
			};
			name = Debug;
		};
		3C2066F82AF40DC300C74DBA /* Release */ = {
			isa = XCBuildConfiguration;
			baseConfigurationReference = 3CAB623B2B04903B00645B5F /* Release.xcconfig */;
			buildSettings = {
				ALWAYS_EMBED_SWIFT_STANDARD_LIBRARIES = YES;
				ASSETCATALOG_COMPILER_APPICON_NAME = "$(inherited)";
				ASSETCATALOG_COMPILER_GLOBAL_ACCENT_COLOR_NAME = AccentColor;
				CODE_SIGN_ENTITLEMENTS = Wordsgram/Wordsgram.entitlements;
				CODE_SIGN_STYLE = Automatic;
				CURRENT_PROJECT_VERSION = 1;
				DEVELOPMENT_ASSET_PATHS = "\"Wordsgram/Preview Content\"";
				DEVELOPMENT_TEAM = ANU45NJ4HN;
				ENABLE_PREVIEWS = YES;
				ENABLE_USER_SCRIPT_SANDBOXING = NO;
				GENERATE_INFOPLIST_FILE = YES;
				INFOPLIST_FILE = Wordsgram/Info.plist;
				INFOPLIST_KEY_CFBundleDisplayName = Wordsgram;
				"INFOPLIST_KEY_CFBundleDisplayName[sdk=*]" = "$(APP_NAME)";
				INFOPLIST_KEY_UIApplicationSceneManifest_Generation = YES;
				INFOPLIST_KEY_UIApplicationSupportsIndirectInputEvents = YES;
				INFOPLIST_KEY_UILaunchScreen_Generation = YES;
				INFOPLIST_KEY_UISupportedInterfaceOrientations = UIInterfaceOrientationPortrait;
				INFOPLIST_KEY_UISupportedInterfaceOrientations_iPad = "UIInterfaceOrientationLandscapeLeft UIInterfaceOrientationLandscapeRight UIInterfaceOrientationPortrait UIInterfaceOrientationPortraitUpsideDown";
				LD_RUNPATH_SEARCH_PATHS = (
					"$(inherited)",
					"@executable_path/Frameworks",
				);
				MARKETING_VERSION = 1.0;
				PRODUCT_BUNDLE_IDENTIFIER = "$(inherited)";
				PRODUCT_NAME = "$(TARGET_NAME)";
				SUPPORTED_PLATFORMS = "iphoneos iphonesimulator";
				SUPPORTS_MACCATALYST = NO;
				SUPPORTS_MAC_DESIGNED_FOR_IPHONE_IPAD = NO;
				SWIFT_ACTIVE_COMPILATION_CONDITIONS = RELEASE;
				SWIFT_EMIT_LOC_STRINGS = YES;
				SWIFT_VERSION = 5.0;
				TARGETED_DEVICE_FAMILY = 1;
			};
			name = Release;
		};
		3C2066FA2AF40DC300C74DBA /* Debug */ = {
			isa = XCBuildConfiguration;
			baseConfigurationReference = 3CAB62392B04901500645B5F /* Debug.xcconfig */;
			buildSettings = {
				ALWAYS_EMBED_SWIFT_STANDARD_LIBRARIES = YES;
				BUNDLE_LOADER = "$(TEST_HOST)";
				CODE_SIGN_STYLE = Automatic;
				CURRENT_PROJECT_VERSION = 1;
				DEVELOPMENT_TEAM = ANU45NJ4HN;
				ENABLE_USER_SCRIPT_SANDBOXING = NO;
				GENERATE_INFOPLIST_FILE = YES;
				IPHONEOS_DEPLOYMENT_TARGET = 17.0;
				MARKETING_VERSION = 1.0;
				PRODUCT_BUNDLE_IDENTIFIER = com.kane.yin.WordsgramTests;
				PRODUCT_NAME = "$(TARGET_NAME)";
				SUPPORTED_PLATFORMS = "iphoneos iphonesimulator";
				SUPPORTS_MACCATALYST = NO;
				SUPPORTS_MAC_DESIGNED_FOR_IPHONE_IPAD = NO;
				SWIFT_EMIT_LOC_STRINGS = NO;
				SWIFT_VERSION = 5.0;
				TARGETED_DEVICE_FAMILY = 1;
				TEST_HOST = "$(BUILT_PRODUCTS_DIR)/Wordsgram.app/$(BUNDLE_EXECUTABLE_FOLDER_PATH)/Wordsgram";
			};
			name = Debug;
		};
		3C2066FB2AF40DC300C74DBA /* Release */ = {
			isa = XCBuildConfiguration;
			baseConfigurationReference = 3CAB623B2B04903B00645B5F /* Release.xcconfig */;
			buildSettings = {
				ALWAYS_EMBED_SWIFT_STANDARD_LIBRARIES = YES;
				BUNDLE_LOADER = "$(TEST_HOST)";
				CODE_SIGN_STYLE = Automatic;
				CURRENT_PROJECT_VERSION = 1;
				DEVELOPMENT_TEAM = ANU45NJ4HN;
				ENABLE_USER_SCRIPT_SANDBOXING = NO;
				GENERATE_INFOPLIST_FILE = YES;
				IPHONEOS_DEPLOYMENT_TARGET = 17.0;
				MARKETING_VERSION = 1.0;
				PRODUCT_BUNDLE_IDENTIFIER = com.kane.yin.WordsgramTests;
				PRODUCT_NAME = "$(TARGET_NAME)";
				SUPPORTED_PLATFORMS = "iphoneos iphonesimulator";
				SUPPORTS_MACCATALYST = NO;
				SUPPORTS_MAC_DESIGNED_FOR_IPHONE_IPAD = NO;
				SWIFT_EMIT_LOC_STRINGS = NO;
				SWIFT_VERSION = 5.0;
				TARGETED_DEVICE_FAMILY = 1;
				TEST_HOST = "$(BUILT_PRODUCTS_DIR)/Wordsgram.app/$(BUNDLE_EXECUTABLE_FOLDER_PATH)/Wordsgram";
			};
			name = Release;
		};
		3C2066FD2AF40DC300C74DBA /* Debug */ = {
			isa = XCBuildConfiguration;
			baseConfigurationReference = 3CAB62392B04901500645B5F /* Debug.xcconfig */;
			buildSettings = {
				ALWAYS_EMBED_SWIFT_STANDARD_LIBRARIES = YES;
				CODE_SIGN_STYLE = Automatic;
				CURRENT_PROJECT_VERSION = 1;
				DEVELOPMENT_TEAM = ANU45NJ4HN;
				ENABLE_USER_SCRIPT_SANDBOXING = NO;
				GENERATE_INFOPLIST_FILE = YES;
				MARKETING_VERSION = 1.0;
				PRODUCT_BUNDLE_IDENTIFIER = com.kane.yin.WordsgramUITests;
				PRODUCT_NAME = "$(TARGET_NAME)";
				SUPPORTED_PLATFORMS = "iphoneos iphonesimulator";
				SUPPORTS_MACCATALYST = NO;
				SUPPORTS_MAC_DESIGNED_FOR_IPHONE_IPAD = NO;
				SWIFT_EMIT_LOC_STRINGS = NO;
				SWIFT_VERSION = 5.0;
				TARGETED_DEVICE_FAMILY = 1;
				TEST_TARGET_NAME = Wordsgram;
			};
			name = Debug;
		};
		3C2066FE2AF40DC300C74DBA /* Release */ = {
			isa = XCBuildConfiguration;
			baseConfigurationReference = 3CAB623B2B04903B00645B5F /* Release.xcconfig */;
			buildSettings = {
				ALWAYS_EMBED_SWIFT_STANDARD_LIBRARIES = YES;
				CODE_SIGN_STYLE = Automatic;
				CURRENT_PROJECT_VERSION = 1;
				DEVELOPMENT_TEAM = ANU45NJ4HN;
				ENABLE_USER_SCRIPT_SANDBOXING = NO;
				GENERATE_INFOPLIST_FILE = YES;
				MARKETING_VERSION = 1.0;
				PRODUCT_BUNDLE_IDENTIFIER = com.kane.yin.WordsgramUITests;
				PRODUCT_NAME = "$(TARGET_NAME)";
				SUPPORTED_PLATFORMS = "iphoneos iphonesimulator";
				SUPPORTS_MACCATALYST = NO;
				SUPPORTS_MAC_DESIGNED_FOR_IPHONE_IPAD = NO;
				SWIFT_EMIT_LOC_STRINGS = NO;
				SWIFT_VERSION = 5.0;
				TARGETED_DEVICE_FAMILY = 1;
				TEST_TARGET_NAME = Wordsgram;
			};
			name = Release;
		};
		3CAB622E2B0489E300645B5F /* Debug */ = {
			isa = XCBuildConfiguration;
			baseConfigurationReference = 3CAB624C2B04EEDB00645B5F /* WidgetDebug.xcconfig */;
			buildSettings = {
				ASSETCATALOG_COMPILER_GLOBAL_ACCENT_COLOR_NAME = AccentColor;
				ASSETCATALOG_COMPILER_WIDGET_BACKGROUND_COLOR_NAME = WidgetBackground;
				CODE_SIGN_ENTITLEMENTS = WidgetExtension.entitlements;
				CODE_SIGN_STYLE = Automatic;
				CURRENT_PROJECT_VERSION = 1;
				DEVELOPMENT_TEAM = ANU45NJ4HN;
				ENABLE_USER_SCRIPT_SANDBOXING = YES;
				GENERATE_INFOPLIST_FILE = YES;
				INFOPLIST_FILE = WidgetExtension/Info.plist;
				INFOPLIST_KEY_CFBundleDisplayName = WidgetExtension;
				INFOPLIST_KEY_NSHumanReadableCopyright = "";
				LD_RUNPATH_SEARCH_PATHS = (
					"$(inherited)",
					"@executable_path/Frameworks",
					"@executable_path/../../Frameworks",
				);
				MARKETING_VERSION = 1.0;
				PRODUCT_BUNDLE_IDENTIFIER = com.kane.yin.Wordsgram.WidgetExtension;
				PRODUCT_NAME = "$(TARGET_NAME)";
				SKIP_INSTALL = YES;
				SUPPORTED_PLATFORMS = "iphoneos iphonesimulator";
				SUPPORTS_MACCATALYST = NO;
				SUPPORTS_MAC_DESIGNED_FOR_IPHONE_IPAD = NO;
				SWIFT_EMIT_LOC_STRINGS = YES;
				SWIFT_VERSION = 5.0;
				TARGETED_DEVICE_FAMILY = 1;
			};
			name = Debug;
		};
		3CAB622F2B0489E300645B5F /* Release */ = {
			isa = XCBuildConfiguration;
			baseConfigurationReference = 3CAB624E2B04EEF700645B5F /* WidgetRelease.xcconfig */;
			buildSettings = {
				ASSETCATALOG_COMPILER_GLOBAL_ACCENT_COLOR_NAME = AccentColor;
				ASSETCATALOG_COMPILER_WIDGET_BACKGROUND_COLOR_NAME = WidgetBackground;
				CODE_SIGN_ENTITLEMENTS = WidgetExtension.entitlements;
				CODE_SIGN_STYLE = Automatic;
				CURRENT_PROJECT_VERSION = 1;
				DEVELOPMENT_TEAM = ANU45NJ4HN;
				ENABLE_USER_SCRIPT_SANDBOXING = YES;
				GENERATE_INFOPLIST_FILE = YES;
				INFOPLIST_FILE = WidgetExtension/Info.plist;
				INFOPLIST_KEY_CFBundleDisplayName = WidgetExtension;
				INFOPLIST_KEY_NSHumanReadableCopyright = "";
				LD_RUNPATH_SEARCH_PATHS = (
					"$(inherited)",
					"@executable_path/Frameworks",
					"@executable_path/../../Frameworks",
				);
				MARKETING_VERSION = 1.0;
				PRODUCT_BUNDLE_IDENTIFIER = com.kane.yin.Wordsgram.WidgetExtension;
				PRODUCT_NAME = "$(TARGET_NAME)";
				SKIP_INSTALL = YES;
				SUPPORTED_PLATFORMS = "iphoneos iphonesimulator";
				SUPPORTS_MACCATALYST = NO;
				SUPPORTS_MAC_DESIGNED_FOR_IPHONE_IPAD = NO;
				SWIFT_EMIT_LOC_STRINGS = YES;
				SWIFT_VERSION = 5.0;
				TARGETED_DEVICE_FAMILY = 1;
			};
			name = Release;
		};
		3CAB62332B048C2100645B5F /* Staging */ = {
			isa = XCBuildConfiguration;
			baseConfigurationReference = 3CAB623C2B04948800645B5F /* Base.xcconfig */;
			buildSettings = {
				ALWAYS_SEARCH_USER_PATHS = NO;
				ASSETCATALOG_COMPILER_GENERATE_SWIFT_ASSET_SYMBOL_EXTENSIONS = YES;
				CLANG_ANALYZER_NONNULL = YES;
				CLANG_ANALYZER_NUMBER_OBJECT_CONVERSION = YES_AGGRESSIVE;
				CLANG_CXX_LANGUAGE_STANDARD = "gnu++20";
				CLANG_ENABLE_MODULES = YES;
				CLANG_ENABLE_OBJC_ARC = YES;
				CLANG_ENABLE_OBJC_WEAK = YES;
				CLANG_WARN_BLOCK_CAPTURE_AUTORELEASING = YES;
				CLANG_WARN_BOOL_CONVERSION = YES;
				CLANG_WARN_COMMA = YES;
				CLANG_WARN_CONSTANT_CONVERSION = YES;
				CLANG_WARN_DEPRECATED_OBJC_IMPLEMENTATIONS = YES;
				CLANG_WARN_DIRECT_OBJC_ISA_USAGE = YES_ERROR;
				CLANG_WARN_DOCUMENTATION_COMMENTS = YES;
				CLANG_WARN_EMPTY_BODY = YES;
				CLANG_WARN_ENUM_CONVERSION = YES;
				CLANG_WARN_INFINITE_RECURSION = YES;
				CLANG_WARN_INT_CONVERSION = YES;
				CLANG_WARN_NON_LITERAL_NULL_CONVERSION = YES;
				CLANG_WARN_OBJC_IMPLICIT_RETAIN_SELF = YES;
				CLANG_WARN_OBJC_LITERAL_CONVERSION = YES;
				CLANG_WARN_OBJC_ROOT_CLASS = YES_ERROR;
				CLANG_WARN_QUOTED_INCLUDE_IN_FRAMEWORK_HEADER = YES;
				CLANG_WARN_RANGE_LOOP_ANALYSIS = YES;
				CLANG_WARN_STRICT_PROTOTYPES = YES;
				CLANG_WARN_SUSPICIOUS_MOVE = YES;
				CLANG_WARN_UNGUARDED_AVAILABILITY = YES_AGGRESSIVE;
				CLANG_WARN_UNREACHABLE_CODE = YES;
				CLANG_WARN__DUPLICATE_METHOD_MATCH = YES;
				COPY_PHASE_STRIP = NO;
				DEBUG_INFORMATION_FORMAT = dwarf;
				ENABLE_STRICT_OBJC_MSGSEND = YES;
				ENABLE_TESTABILITY = YES;
				ENABLE_USER_SCRIPT_SANDBOXING = NO;
				GCC_C_LANGUAGE_STANDARD = gnu17;
				GCC_DYNAMIC_NO_PIC = NO;
				GCC_NO_COMMON_BLOCKS = YES;
				GCC_OPTIMIZATION_LEVEL = 0;
				GCC_PREPROCESSOR_DEFINITIONS = (
					"DEBUG=1",
					"$(inherited)",
				);
				GCC_WARN_64_TO_32_BIT_CONVERSION = YES;
				GCC_WARN_ABOUT_RETURN_TYPE = YES_ERROR;
				GCC_WARN_UNDECLARED_SELECTOR = YES;
				GCC_WARN_UNINITIALIZED_AUTOS = YES_AGGRESSIVE;
				GCC_WARN_UNUSED_FUNCTION = YES;
				GCC_WARN_UNUSED_VARIABLE = YES;
				IPHONEOS_DEPLOYMENT_TARGET = 17.0;
				LOCALIZATION_PREFERS_STRING_CATALOGS = YES;
				MTL_ENABLE_DEBUG_INFO = INCLUDE_SOURCE;
				MTL_FAST_MATH = YES;
				ONLY_ACTIVE_ARCH = YES;
				SDKROOT = iphoneos;
				SWIFT_ACTIVE_COMPILATION_CONDITIONS = "DEBUG $(inherited)";
				SWIFT_OPTIMIZATION_LEVEL = "-Onone";
			};
			name = Staging;
		};
		3CAB62342B048C2100645B5F /* Staging */ = {
			isa = XCBuildConfiguration;
			baseConfigurationReference = 3CAB623A2B04902700645B5F /* Staging.xcconfig */;
			buildSettings = {
				ALWAYS_EMBED_SWIFT_STANDARD_LIBRARIES = YES;
				ASSETCATALOG_COMPILER_APPICON_NAME = "$(inherited)";
				ASSETCATALOG_COMPILER_GLOBAL_ACCENT_COLOR_NAME = AccentColor;
				CODE_SIGN_ENTITLEMENTS = Wordsgram/Wordsgram.entitlements;
				CODE_SIGN_STYLE = Automatic;
				CURRENT_PROJECT_VERSION = 1;
				DEVELOPMENT_ASSET_PATHS = "\"Wordsgram/Preview Content\"";
				DEVELOPMENT_TEAM = ANU45NJ4HN;
				ENABLE_PREVIEWS = YES;
				ENABLE_USER_SCRIPT_SANDBOXING = NO;
				GENERATE_INFOPLIST_FILE = YES;
				INFOPLIST_FILE = Wordsgram/Info.plist;
				INFOPLIST_KEY_CFBundleDisplayName = Wordsgram;
				"INFOPLIST_KEY_CFBundleDisplayName[sdk=*]" = "$(APP_NAME)";
				INFOPLIST_KEY_UIApplicationSceneManifest_Generation = YES;
				INFOPLIST_KEY_UIApplicationSupportsIndirectInputEvents = YES;
				INFOPLIST_KEY_UILaunchScreen_Generation = YES;
				INFOPLIST_KEY_UISupportedInterfaceOrientations = UIInterfaceOrientationPortrait;
				INFOPLIST_KEY_UISupportedInterfaceOrientations_iPad = "UIInterfaceOrientationLandscapeLeft UIInterfaceOrientationLandscapeRight UIInterfaceOrientationPortrait UIInterfaceOrientationPortraitUpsideDown";
				LD_RUNPATH_SEARCH_PATHS = (
					"$(inherited)",
					"@executable_path/Frameworks",
				);
				MARKETING_VERSION = 1.0;
				PRODUCT_BUNDLE_IDENTIFIER = "$(inherited)";
				PRODUCT_NAME = "$(TARGET_NAME)";
				SUPPORTED_PLATFORMS = "iphoneos iphonesimulator";
				SUPPORTS_MACCATALYST = NO;
				SUPPORTS_MAC_DESIGNED_FOR_IPHONE_IPAD = NO;
				SWIFT_ACTIVE_COMPILATION_CONDITIONS = STAGING;
				SWIFT_EMIT_LOC_STRINGS = YES;
				SWIFT_VERSION = 5.0;
				TARGETED_DEVICE_FAMILY = 1;
			};
			name = Staging;
		};
		3CAB62352B048C2100645B5F /* Staging */ = {
			isa = XCBuildConfiguration;
			baseConfigurationReference = 3CAB624D2B04EEE900645B5F /* WidgetStaging.xcconfig */;
			buildSettings = {
				ASSETCATALOG_COMPILER_GLOBAL_ACCENT_COLOR_NAME = AccentColor;
				ASSETCATALOG_COMPILER_WIDGET_BACKGROUND_COLOR_NAME = WidgetBackground;
				CODE_SIGN_ENTITLEMENTS = WidgetExtension.entitlements;
				CODE_SIGN_STYLE = Automatic;
				CURRENT_PROJECT_VERSION = 1;
				DEVELOPMENT_TEAM = ANU45NJ4HN;
				ENABLE_USER_SCRIPT_SANDBOXING = YES;
				GENERATE_INFOPLIST_FILE = YES;
				INFOPLIST_FILE = WidgetExtension/Info.plist;
				INFOPLIST_KEY_CFBundleDisplayName = WidgetExtension;
				INFOPLIST_KEY_NSHumanReadableCopyright = "";
				LD_RUNPATH_SEARCH_PATHS = (
					"$(inherited)",
					"@executable_path/Frameworks",
					"@executable_path/../../Frameworks",
				);
				MARKETING_VERSION = 1.0;
				PRODUCT_BUNDLE_IDENTIFIER = com.kane.yin.Wordsgram.WidgetExtension;
				PRODUCT_NAME = "$(TARGET_NAME)";
				SKIP_INSTALL = YES;
				SUPPORTED_PLATFORMS = "iphoneos iphonesimulator";
				SUPPORTS_MACCATALYST = NO;
				SUPPORTS_MAC_DESIGNED_FOR_IPHONE_IPAD = NO;
				SWIFT_EMIT_LOC_STRINGS = YES;
				SWIFT_VERSION = 5.0;
				TARGETED_DEVICE_FAMILY = 1;
			};
			name = Staging;
		};
		3CAB62362B048C2100645B5F /* Staging */ = {
			isa = XCBuildConfiguration;
			baseConfigurationReference = 3CAB623A2B04902700645B5F /* Staging.xcconfig */;
			buildSettings = {
				ALWAYS_EMBED_SWIFT_STANDARD_LIBRARIES = YES;
				BUNDLE_LOADER = "$(TEST_HOST)";
				CODE_SIGN_STYLE = Automatic;
				CURRENT_PROJECT_VERSION = 1;
				DEVELOPMENT_TEAM = ANU45NJ4HN;
				ENABLE_USER_SCRIPT_SANDBOXING = NO;
				GENERATE_INFOPLIST_FILE = YES;
				IPHONEOS_DEPLOYMENT_TARGET = 17.0;
				MARKETING_VERSION = 1.0;
				PRODUCT_BUNDLE_IDENTIFIER = com.kane.yin.WordsgramTests;
				PRODUCT_NAME = "$(TARGET_NAME)";
				SUPPORTED_PLATFORMS = "iphoneos iphonesimulator";
				SUPPORTS_MACCATALYST = NO;
				SUPPORTS_MAC_DESIGNED_FOR_IPHONE_IPAD = NO;
				SWIFT_EMIT_LOC_STRINGS = NO;
				SWIFT_VERSION = 5.0;
				TARGETED_DEVICE_FAMILY = 1;
				TEST_HOST = "$(BUILT_PRODUCTS_DIR)/Wordsgram.app/$(BUNDLE_EXECUTABLE_FOLDER_PATH)/Wordsgram";
			};
			name = Staging;
		};
		3CAB62372B048C2100645B5F /* Staging */ = {
			isa = XCBuildConfiguration;
			baseConfigurationReference = 3CAB623A2B04902700645B5F /* Staging.xcconfig */;
			buildSettings = {
				ALWAYS_EMBED_SWIFT_STANDARD_LIBRARIES = YES;
				CODE_SIGN_STYLE = Automatic;
				CURRENT_PROJECT_VERSION = 1;
				DEVELOPMENT_TEAM = ANU45NJ4HN;
				ENABLE_USER_SCRIPT_SANDBOXING = NO;
				GENERATE_INFOPLIST_FILE = YES;
				MARKETING_VERSION = 1.0;
				PRODUCT_BUNDLE_IDENTIFIER = com.kane.yin.WordsgramUITests;
				PRODUCT_NAME = "$(TARGET_NAME)";
				SUPPORTED_PLATFORMS = "iphoneos iphonesimulator";
				SUPPORTS_MACCATALYST = NO;
				SUPPORTS_MAC_DESIGNED_FOR_IPHONE_IPAD = NO;
				SWIFT_EMIT_LOC_STRINGS = NO;
				SWIFT_VERSION = 5.0;
				TARGETED_DEVICE_FAMILY = 1;
				TEST_TARGET_NAME = Wordsgram;
			};
			name = Staging;
		};
/* End XCBuildConfiguration section */

/* Begin XCConfigurationList section */
		3C2066CD2AF40DC000C74DBA /* Build configuration list for PBXProject "Wordsgram" */ = {
			isa = XCConfigurationList;
			buildConfigurations = (
				3C2066F42AF40DC300C74DBA /* Debug */,
				3CAB62332B048C2100645B5F /* Staging */,
				3C2066F52AF40DC300C74DBA /* Release */,
			);
			defaultConfigurationIsVisible = 0;
			defaultConfigurationName = Release;
		};
		3C2066F62AF40DC300C74DBA /* Build configuration list for PBXNativeTarget "Wordsgram" */ = {
			isa = XCConfigurationList;
			buildConfigurations = (
				3C2066F72AF40DC300C74DBA /* Debug */,
				3CAB62342B048C2100645B5F /* Staging */,
				3C2066F82AF40DC300C74DBA /* Release */,
			);
			defaultConfigurationIsVisible = 0;
			defaultConfigurationName = Release;
		};
		3C2066F92AF40DC300C74DBA /* Build configuration list for PBXNativeTarget "WordsgramTests" */ = {
			isa = XCConfigurationList;
			buildConfigurations = (
				3C2066FA2AF40DC300C74DBA /* Debug */,
				3CAB62362B048C2100645B5F /* Staging */,
				3C2066FB2AF40DC300C74DBA /* Release */,
			);
			defaultConfigurationIsVisible = 0;
			defaultConfigurationName = Release;
		};
		3C2066FC2AF40DC300C74DBA /* Build configuration list for PBXNativeTarget "WordsgramUITests" */ = {
			isa = XCConfigurationList;
			buildConfigurations = (
				3C2066FD2AF40DC300C74DBA /* Debug */,
				3CAB62372B048C2100645B5F /* Staging */,
				3C2066FE2AF40DC300C74DBA /* Release */,
			);
			defaultConfigurationIsVisible = 0;
			defaultConfigurationName = Release;
		};
		3CAB622D2B0489E300645B5F /* Build configuration list for PBXNativeTarget "WidgetExtension" */ = {
			isa = XCConfigurationList;
			buildConfigurations = (
				3CAB622E2B0489E300645B5F /* Debug */,
				3CAB62352B048C2100645B5F /* Staging */,
				3CAB622F2B0489E300645B5F /* Release */,
			);
			defaultConfigurationIsVisible = 0;
			defaultConfigurationName = Release;
		};
/* End XCConfigurationList section */

/* Begin XCRemoteSwiftPackageReference section */
		3CAF94BE2AFA908B00B8434D /* XCRemoteSwiftPackageReference "SwiftyJSON" */ = {
			isa = XCRemoteSwiftPackageReference;
			repositoryURL = "https://github.com/SwiftyJSON/SwiftyJSON";
			requirement = {
				kind = upToNextMajorVersion;
				minimumVersion = 5.0.1;
			};
		};
		3CAF94E92AFAB22E00B8434D /* XCRemoteSwiftPackageReference "Moya" */ = {
			isa = XCRemoteSwiftPackageReference;
			repositoryURL = "https://github.com/Moya/Moya.git";
			requirement = {
				kind = upToNextMajorVersion;
				minimumVersion = 15.0.3;
			};
		};
/* End XCRemoteSwiftPackageReference section */

/* Begin XCSwiftPackageProductDependency section */
		3CAF94BF2AFA908B00B8434D /* SwiftyJSON */ = {
			isa = XCSwiftPackageProductDependency;
			package = 3CAF94BE2AFA908B00B8434D /* XCRemoteSwiftPackageReference "SwiftyJSON" */;
			productName = SwiftyJSON;
		};
		3CAF94EA2AFAB22E00B8434D /* Moya */ = {
			isa = XCSwiftPackageProductDependency;
			package = 3CAF94E92AFAB22E00B8434D /* XCRemoteSwiftPackageReference "Moya" */;
			productName = Moya;
		};
		3CAF94F72AFBB3FB00B8434D /* RxMoya */ = {
			isa = XCSwiftPackageProductDependency;
			package = 3CAF94E92AFAB22E00B8434D /* XCRemoteSwiftPackageReference "Moya" */;
			productName = RxMoya;
		};
		3CAF94F92AFBB63A00B8434D /* CombineMoya */ = {
			isa = XCSwiftPackageProductDependency;
			package = 3CAF94E92AFAB22E00B8434D /* XCRemoteSwiftPackageReference "Moya" */;
			productName = CombineMoya;
		};
/* End XCSwiftPackageProductDependency section */
	};
	rootObject = 3C2066CA2AF40DC000C74DBA /* Project object */;
}
