// !$*UTF8*$!
{
	archiveVersion = 1;
	classes = {
	};
	objectVersion = 60;
	objects = {

/* Begin PBXBuildFile section */
		3C2066D62AF40DC000C74DBA /* TheApp.swift in Sources */ = {isa = PBXBuildFile; fileRef = 3C2066D52AF40DC000C74DBA /* TheApp.swift */; };
		3C2066DD2AF40DC200C74DBA /* Preview Assets.xcassets in Resources */ = {isa = PBXBuildFile; fileRef = 3C2066DC2AF40DC200C74DBA /* Preview Assets.xcassets */; };
		3C2067032AF4204800C74DBA /* LoginView.swift in Sources */ = {isa = PBXBuildFile; fileRef = 3C2067022AF4204800C74DBA /* LoginView.swift */; };
		3C20670D2AF425EC00C74DBA /* SettingsView.swift in Sources */ = {isa = PBXBuildFile; fileRef = 3C20670C2AF425EC00C74DBA /* SettingsView.swift */; };
		3C2067132AF426A000C74DBA /* RootView.swift in Sources */ = {isa = PBXBuildFile; fileRef = 3C2067122AF426A000C74DBA /* RootView.swift */; };
		3C2067162AF4284D00C74DBA /* MainButton.swift in Sources */ = {isa = PBXBuildFile; fileRef = 3C2067152AF4284D00C74DBA /* MainButton.swift */; };
		3C2067182AF429CB00C74DBA /* NetworkMonitor.swift in Sources */ = {isa = PBXBuildFile; fileRef = 3C2067172AF429CB00C74DBA /* NetworkMonitor.swift */; };
		3C20671E2AF4349200C74DBA /* User.swift in Sources */ = {isa = PBXBuildFile; fileRef = 3C20671D2AF4349200C74DBA /* User.swift */; };
		3C2067202AF434AB00C74DBA /* Category.swift in Sources */ = {isa = PBXBuildFile; fileRef = 3C20671F2AF434AB00C74DBA /* Category.swift */; };
		3C2067222AF434C800C74DBA /* CreateWordData.swift in Sources */ = {isa = PBXBuildFile; fileRef = 3C2067212AF434C800C74DBA /* CreateWordData.swift */; };
		3C2067242AF434F100C74DBA /* Word.swift in Sources */ = {isa = PBXBuildFile; fileRef = 3C2067232AF434F100C74DBA /* Word.swift */; };
		3C2067272AF4C13600C74DBA /* MyTabView.swift in Sources */ = {isa = PBXBuildFile; fileRef = 3C2067262AF4C13600C74DBA /* MyTabView.swift */; };
		3C20672D2AF4C3A600C74DBA /* WordsView.swift in Sources */ = {isa = PBXBuildFile; fileRef = 3C20672C2AF4C3A600C74DBA /* WordsView.swift */; };
		3C20672F2AF4C4E500C74DBA /* WordDetailView.swift in Sources */ = {isa = PBXBuildFile; fileRef = 3C20672E2AF4C4E500C74DBA /* WordDetailView.swift */; };
		3C2067332AF4D0B600C74DBA /* Auth+Keychain.swift in Sources */ = {isa = PBXBuildFile; fileRef = 3C2067322AF4D0B600C74DBA /* Auth+Keychain.swift */; };
		3C2067352AF4D14700C74DBA /* Token.swift in Sources */ = {isa = PBXBuildFile; fileRef = 3C2067342AF4D14700C74DBA /* Token.swift */; };
		3C20673E2AF56EA600C74DBA /* UsersView.swift in Sources */ = {isa = PBXBuildFile; fileRef = 3C20673D2AF56EA600C74DBA /* UsersView.swift */; };
		3C2067412AF5704000C74DBA /* CategoriesView.swift in Sources */ = {isa = PBXBuildFile; fileRef = 3C2067402AF5704000C74DBA /* CategoriesView.swift */; };
		3C3898A92B0B620A00FE7B0B /* ModelRepository.swift in Sources */ = {isa = PBXBuildFile; fileRef = 3C3898A82B0B620A00FE7B0B /* ModelRepository.swift */; };
		3C3898AD2B0B627900FE7B0B /* BookCoordinator.swift in Sources */ = {isa = PBXBuildFile; fileRef = 3C3898AC2B0B627900FE7B0B /* BookCoordinator.swift */; };
		3C3898AF2B0B807F00FE7B0B /* BookListSubview.swift in Sources */ = {isa = PBXBuildFile; fileRef = 3C3898AE2B0B807F00FE7B0B /* BookListSubview.swift */; };
		3C3898B32B0BAB1400FE7B0B /* AppDelegate.swift in Sources */ = {isa = PBXBuildFile; fileRef = 3C3898B22B0BAB1400FE7B0B /* AppDelegate.swift */; };
		3C3898B72B0BC02600FE7B0B /* TabView.swift in Sources */ = {isa = PBXBuildFile; fileRef = 3C3898B62B0BC02600FE7B0B /* TabView.swift */; };
		3C3898B92B0BC09800FE7B0B /* TabViewModel.swift in Sources */ = {isa = PBXBuildFile; fileRef = 3C3898B82B0BC09800FE7B0B /* TabViewModel.swift */; };
		3C3898BB2B0BC12900FE7B0B /* Constants.swift in Sources */ = {isa = PBXBuildFile; fileRef = 3C3898BA2B0BC12900FE7B0B /* Constants.swift */; };
		3C3898BD2B0C2F9200FE7B0B /* DictView.swift in Sources */ = {isa = PBXBuildFile; fileRef = 3C3898BC2B0C2F9200FE7B0B /* DictView.swift */; };
		3C3898BF2B0C3CE200FE7B0B /* NewWord.swift in Sources */ = {isa = PBXBuildFile; fileRef = 3C3898BE2B0C3CE200FE7B0B /* NewWord.swift */; };
		3C7BBA462AFCEDBD00C79107 /* Errors.swift in Sources */ = {isa = PBXBuildFile; fileRef = 3C7BBA452AFCEDBD00C79107 /* Errors.swift */; };
		3C7BBA482AFD08A200C79107 /* CategoryWithWordResponse.swift in Sources */ = {isa = PBXBuildFile; fileRef = 3C7BBA472AFD08A200C79107 /* CategoryWithWordResponse.swift */; };
		3C7BBA4A2AFD13D500C79107 /* SettingsOption.swift in Sources */ = {isa = PBXBuildFile; fileRef = 3C7BBA492AFD13D400C79107 /* SettingsOption.swift */; };
		3C7BBA4E2AFD15A300C79107 /* SettingsDisclosureRow.swift in Sources */ = {isa = PBXBuildFile; fileRef = 3C7BBA4D2AFD15A300C79107 /* SettingsDisclosureRow.swift */; };
		3C7BBA502AFD18CC00C79107 /* MainButtonView.swift in Sources */ = {isa = PBXBuildFile; fileRef = 3C7BBA4F2AFD18CC00C79107 /* MainButtonView.swift */; };
		3C7BBA532AFD287700C79107 /* WordsService.swift in Sources */ = {isa = PBXBuildFile; fileRef = 3C7BBA522AFD287700C79107 /* WordsService.swift */; };
		3C7BBA552AFD29DE00C79107 /* SystemServices.swift in Sources */ = {isa = PBXBuildFile; fileRef = 3C7BBA542AFD29DE00C79107 /* SystemServices.swift */; };
		3C7BBA572AFD300400C79107 /* CategoriesService.swift in Sources */ = {isa = PBXBuildFile; fileRef = 3C7BBA562AFD300400C79107 /* CategoriesService.swift */; };
		3C7BBA592AFD548C00C79107 /* UserService.swift in Sources */ = {isa = PBXBuildFile; fileRef = 3C7BBA582AFD548C00C79107 /* UserService.swift */; };
		3C7BBA5B2AFD6BC500C79107 /* Publisher+.swift in Sources */ = {isa = PBXBuildFile; fileRef = 3C7BBA5A2AFD6BC500C79107 /* Publisher+.swift */; };
		3C9FF9202B09323D00BDF74C /* WebView.swift in Sources */ = {isa = PBXBuildFile; fileRef = 3C9FF91F2B09323D00BDF74C /* WebView.swift */; };
		3C9FF9312B09691100BDF74C /* Style.swift in Sources */ = {isa = PBXBuildFile; fileRef = 3C9FF9302B09691100BDF74C /* Style.swift */; };
		3C9FF9332B096BC300BDF74C /* BookSearchDetailView.swift in Sources */ = {isa = PBXBuildFile; fileRef = 3C9FF9322B096BC200BDF74C /* BookSearchDetailView.swift */; };
		3CA2B1D52B0C799F00C6419E /* AddNewWord.swift in Sources */ = {isa = PBXBuildFile; fileRef = 3CA2B1D42B0C799F00C6419E /* AddNewWord.swift */; };
		3CA2B1D72B0C7A3500C6419E /* WordListView.swift in Sources */ = {isa = PBXBuildFile; fileRef = 3CA2B1D62B0C7A3500C6419E /* WordListView.swift */; };
		3CA2B1D92B0FCBA400C6419E /* UIColor+.swift in Sources */ = {isa = PBXBuildFile; fileRef = 3CA2B1D82B0FCBA400C6419E /* UIColor+.swift */; };
		3CA2B1DB2B0FCC0600C6419E /* UISearchBar+.swift in Sources */ = {isa = PBXBuildFile; fileRef = 3CA2B1DA2B0FCC0600C6419E /* UISearchBar+.swift */; };
		3CA2B1DD2B0FCC2D00C6419E /* UIImage+.swift in Sources */ = {isa = PBXBuildFile; fileRef = 3CA2B1DC2B0FCC2D00C6419E /* UIImage+.swift */; };
		3CA2B1DF2B0FCC7000C6419E /* Numeric+.swift in Sources */ = {isa = PBXBuildFile; fileRef = 3CA2B1DE2B0FCC7000C6419E /* Numeric+.swift */; };
		3CA2B1E12B0FCCA200C6419E /* ReuseIdentifiable.swift in Sources */ = {isa = PBXBuildFile; fileRef = 3CA2B1E02B0FCCA200C6419E /* ReuseIdentifiable.swift */; };
		3CA2B1E32B10280400C6419E /* UIView+FindSubView.swift in Sources */ = {isa = PBXBuildFile; fileRef = 3CA2B1E22B10280400C6419E /* UIView+FindSubView.swift */; };
		3CA2B1E52B104BED00C6419E /* WordCoordinator.swift in Sources */ = {isa = PBXBuildFile; fileRef = 3CA2B1E42B104BED00C6419E /* WordCoordinator.swift */; };
		3CA2B1E72B104D9F00C6419E /* GenreCoordinator.swift in Sources */ = {isa = PBXBuildFile; fileRef = 3CA2B1E62B104D9F00C6419E /* GenreCoordinator.swift */; };
		3CA2B1EC2B10577500C6419E /* ModelContainerManager.swift in Sources */ = {isa = PBXBuildFile; fileRef = 3CA2B1EB2B10577500C6419E /* ModelContainerManager.swift */; };
		3CAB620A2B042B0700645B5F /* GenreSortOrder.swift in Sources */ = {isa = PBXBuildFile; fileRef = 3CAB62092B042B0600645B5F /* GenreSortOrder.swift */; };
		3CAB620C2B042B5300645B5F /* GenreListSubview.swift in Sources */ = {isa = PBXBuildFile; fileRef = 3CAB620B2B042B5300645B5F /* GenreListSubview.swift */; };
		3CAB62102B043F9800645B5F /* BookSortingOption.swift in Sources */ = {isa = PBXBuildFile; fileRef = 3CAB620F2B043F9800645B5F /* BookSortingOption.swift */; };
		3CAB62122B046F9600645B5F /* UIApplication+DismissKeyboard.swift in Sources */ = {isa = PBXBuildFile; fileRef = 3CAB62112B046F9500645B5F /* UIApplication+DismissKeyboard.swift */; };
		3CAB621B2B0489DF00645B5F /* WidgetKit.framework in Frameworks */ = {isa = PBXBuildFile; fileRef = 3CAB621A2B0489DF00645B5F /* WidgetKit.framework */; };
		3CAB621D2B0489DF00645B5F /* SwiftUI.framework in Frameworks */ = {isa = PBXBuildFile; fileRef = 3CAB621C2B0489DF00645B5F /* SwiftUI.framework */; };
		3CAB62202B0489E000645B5F /* WidgetExtensionBundle.swift in Sources */ = {isa = PBXBuildFile; fileRef = 3CAB621F2B0489E000645B5F /* WidgetExtensionBundle.swift */; };
		3CAB62222B0489E000645B5F /* WidgetExtensionLiveActivity.swift in Sources */ = {isa = PBXBuildFile; fileRef = 3CAB62212B0489E000645B5F /* WidgetExtensionLiveActivity.swift */; };
		3CAB62242B0489E000645B5F /* WidgetExtension.swift in Sources */ = {isa = PBXBuildFile; fileRef = 3CAB62232B0489E000645B5F /* WidgetExtension.swift */; };
		3CAB62262B0489E000645B5F /* AppIntent.swift in Sources */ = {isa = PBXBuildFile; fileRef = 3CAB62252B0489E000645B5F /* AppIntent.swift */; };
		3CAB62282B0489E200645B5F /* Assets.xcassets in Resources */ = {isa = PBXBuildFile; fileRef = 3CAB62272B0489E200645B5F /* Assets.xcassets */; };
		3CAB622C2B0489E200645B5F /* WidgetExtension.appex in Embed Foundation Extensions */ = {isa = PBXBuildFile; fileRef = 3CAB62192B0489DF00645B5F /* WidgetExtension.appex */; settings = {ATTRIBUTES = (RemoveHeadersOnCopy, ); }; };
		3CAB623E2B04A03700645B5F /* Config.swift in Sources */ = {isa = PBXBuildFile; fileRef = 3CAB623D2B04A03700645B5F /* Config.swift */; };
		3CAB62402B04A22A00645B5F /* UserDefaultsHelper.swift in Sources */ = {isa = PBXBuildFile; fileRef = 3CAB623F2B04A22A00645B5F /* UserDefaultsHelper.swift */; };
		3CAB62412B04AA1C00645B5F /* UserDefaultsHelper.swift in Sources */ = {isa = PBXBuildFile; fileRef = 3CAB623F2B04A22A00645B5F /* UserDefaultsHelper.swift */; };
		3CAB62422B04AC9400645B5F /* Config.swift in Sources */ = {isa = PBXBuildFile; fileRef = 3CAB623D2B04A03700645B5F /* Config.swift */; };
		3CAB62502B05AAB200645B5F /* Color+.swift in Sources */ = {isa = PBXBuildFile; fileRef = 3CAB624F2B05AAB200645B5F /* Color+.swift */; };
		3CAB62512B05AB5200645B5F /* Assets.xcassets in Resources */ = {isa = PBXBuildFile; fileRef = 3C2066D92AF40DC200C74DBA /* Assets.xcassets */; };
		3CAF94C02AFA908B00B8434D /* SwiftyJSON in Frameworks */ = {isa = PBXBuildFile; productRef = 3CAF94BF2AFA908B00B8434D /* SwiftyJSON */; };
		3CAF94D92AFA9AE300B8434D /* Encodable+.swift in Sources */ = {isa = PBXBuildFile; fileRef = 3CAF94D82AFA9AE300B8434D /* Encodable+.swift */; };
		3CAF94E82AFAB10B00B8434D /* AuthService.swift in Sources */ = {isa = PBXBuildFile; fileRef = 3CAF94E72AFAB10B00B8434D /* AuthService.swift */; };
		3CAF94F12AFACE0900B8434D /* LoginViewModel.swift in Sources */ = {isa = PBXBuildFile; fileRef = 3CAF94F02AFACE0800B8434D /* LoginViewModel.swift */; };
		3CAF94F32AFAD0CA00B8434D /* ReusableViews.swift in Sources */ = {isa = PBXBuildFile; fileRef = 3CAF94F22AFAD0C900B8434D /* ReusableViews.swift */; };
		3CAF94FE2AFBC97200B8434D /* CreateWordView.swift in Sources */ = {isa = PBXBuildFile; fileRef = 3CAF94FD2AFBC97200B8434D /* CreateWordView.swift */; };
		3CAF95002AFBE34100B8434D /* CreateWordResponse.swift in Sources */ = {isa = PBXBuildFile; fileRef = 3CAF94FF2AFBE34100B8434D /* CreateWordResponse.swift */; };
		3CAF95022AFBEFD100B8434D /* CreateCategoryView.swift in Sources */ = {isa = PBXBuildFile; fileRef = 3CAF95012AFBEFD100B8434D /* CreateCategoryView.swift */; };
		3CAF95042AFBF90200B8434D /* AddToCategoryView.swift in Sources */ = {isa = PBXBuildFile; fileRef = 3CAF95032AFBF90200B8434D /* AddToCategoryView.swift */; };
		3CD6BA4B2B0015DE001FC874 /* AlertType.swift in Sources */ = {isa = PBXBuildFile; fileRef = 3CD6BA4A2B0015DE001FC874 /* AlertType.swift */; };
		3CD6BA4F2B00219D001FC874 /* AppState.swift in Sources */ = {isa = PBXBuildFile; fileRef = 3CD6BA4E2B00219D001FC874 /* AppState.swift */; };
		3CD6BA9F2B02D4EA001FC874 /* Book.swift in Sources */ = {isa = PBXBuildFile; fileRef = 3CD6BA9E2B02D4EA001FC874 /* Book.swift */; };
		3CD6BAA22B02DC19001FC874 /* AddNewBookView.swift in Sources */ = {isa = PBXBuildFile; fileRef = 3CD6BAA12B02DC19001FC874 /* AddNewBookView.swift */; };
		3CD6BAA42B02DE00001FC874 /* BookListView.swift in Sources */ = {isa = PBXBuildFile; fileRef = 3CD6BAA32B02DE00001FC874 /* BookListView.swift */; };
		3CD6BAA82B02E5DE001FC874 /* BookCellView.swift in Sources */ = {isa = PBXBuildFile; fileRef = 3CD6BAA72B02E5DE001FC874 /* BookCellView.swift */; };
		3CD6BAAA2B02E84C001FC874 /* BookDetailView.swift in Sources */ = {isa = PBXBuildFile; fileRef = 3CD6BAA92B02E84C001FC874 /* BookDetailView.swift */; };
		3CD6BAAC2B02EF35001FC874 /* Note.swift in Sources */ = {isa = PBXBuildFile; fileRef = 3CD6BAAB2B02EF35001FC874 /* Note.swift */; };
		3CD6BAAE2B02F1D5001FC874 /* AddNewNote.swift in Sources */ = {isa = PBXBuildFile; fileRef = 3CD6BAAD2B02F1D5001FC874 /* AddNewNote.swift */; };
		3CD6BAB02B02F241001FC874 /* NotesListView.swift in Sources */ = {isa = PBXBuildFile; fileRef = 3CD6BAAF2B02F241001FC874 /* NotesListView.swift */; };
		3CD6BAB22B02F424001FC874 /* RedButton.swift in Sources */ = {isa = PBXBuildFile; fileRef = 3CD6BAB12B02F424001FC874 /* RedButton.swift */; };
		3CD6BAB52B0309FA001FC874 /* Genre.swift in Sources */ = {isa = PBXBuildFile; fileRef = 3CD6BAB42B0309FA001FC874 /* Genre.swift */; };
		3CD6BAB72B030A45001FC874 /* GenreListView.swift in Sources */ = {isa = PBXBuildFile; fileRef = 3CD6BAB62B030A45001FC874 /* GenreListView.swift */; };
		3CD6BAB92B030B04001FC874 /* AddNewGenre.swift in Sources */ = {isa = PBXBuildFile; fileRef = 3CD6BAB82B030B04001FC874 /* AddNewGenre.swift */; };
		3CD6BABB2B030F83001FC874 /* GenreSelectionView.swift in Sources */ = {isa = PBXBuildFile; fileRef = 3CD6BABA2B030F83001FC874 /* GenreSelectionView.swift */; };
		3CD6BABD2B03155A001FC874 /* GenreDetailView.swift in Sources */ = {isa = PBXBuildFile; fileRef = 3CD6BABC2B03155A001FC874 /* GenreDetailView.swift */; };
		3CE3BE322B05E40900E6D916 /* AlertAnywhere.swift in Sources */ = {isa = PBXBuildFile; fileRef = 3CE3BE312B05E40900E6D916 /* AlertAnywhere.swift */; };
		3CE3BE342B05E83F00E6D916 /* CountryListView.swift in Sources */ = {isa = PBXBuildFile; fileRef = 3CE3BE332B05E83F00E6D916 /* CountryListView.swift */; };
		3CE3BE3B2B06071100E6D916 /* BookClient.swift in Sources */ = {isa = PBXBuildFile; fileRef = 3CE3BE3A2B06071100E6D916 /* BookClient.swift */; };
		3CE3BE502B06FD9500E6D916 /* NetworkEnvironment.swift in Sources */ = {isa = PBXBuildFile; fileRef = 3CE3BE4F2B06FD9500E6D916 /* NetworkEnvironment.swift */; };
		3CE3BE522B06FDA600E6D916 /* NetworkSessionManager.swift in Sources */ = {isa = PBXBuildFile; fileRef = 3CE3BE512B06FDA600E6D916 /* NetworkSessionManager.swift */; };
		3CE3BE542B06FDBA00E6D916 /* NetworkRouter.swift in Sources */ = {isa = PBXBuildFile; fileRef = 3CE3BE532B06FDBA00E6D916 /* NetworkRouter.swift */; };
		3CE3BE562B06FDF400E6D916 /* APIRequest.swift in Sources */ = {isa = PBXBuildFile; fileRef = 3CE3BE552B06FDF400E6D916 /* APIRequest.swift */; };
		3CE3BE582B06FF1E00E6D916 /* LoginRequest.swift in Sources */ = {isa = PBXBuildFile; fileRef = 3CE3BE572B06FF1E00E6D916 /* LoginRequest.swift */; };
		3CE3BE5A2B079CC000E6D916 /* CreateUserRequest.swift in Sources */ = {isa = PBXBuildFile; fileRef = 3CE3BE592B079CC000E6D916 /* CreateUserRequest.swift */; };
		3CE3BE5C2B079CFE00E6D916 /* RequestWordsRequest.swift in Sources */ = {isa = PBXBuildFile; fileRef = 3CE3BE5B2B079CFE00E6D916 /* RequestWordsRequest.swift */; };
		3CE3BE5E2B079D3100E6D916 /* CreateWordRequest.swift in Sources */ = {isa = PBXBuildFile; fileRef = 3CE3BE5D2B079D3100E6D916 /* CreateWordRequest.swift */; };
		3CE3BE602B079E7B00E6D916 /* CreateCategoryRequest.swift in Sources */ = {isa = PBXBuildFile; fileRef = 3CE3BE5F2B079E7B00E6D916 /* CreateCategoryRequest.swift */; };
		3CE3BE622B079EA600E6D916 /* RequestUsersRequest.swift in Sources */ = {isa = PBXBuildFile; fileRef = 3CE3BE612B079EA600E6D916 /* RequestUsersRequest.swift */; };
		3CE3BE642B079EC800E6D916 /* RequestCategoriesRequest.swift in Sources */ = {isa = PBXBuildFile; fileRef = 3CE3BE632B079EC800E6D916 /* RequestCategoriesRequest.swift */; };
		3CE3BE662B079EEB00E6D916 /* AddToCategoryRequest.swift in Sources */ = {isa = PBXBuildFile; fileRef = 3CE3BE652B079EEB00E6D916 /* AddToCategoryRequest.swift */; };
		3CE3BE682B079F9200E6D916 /* GetCategoryOfWordRequest.swift in Sources */ = {isa = PBXBuildFile; fileRef = 3CE3BE672B079F9200E6D916 /* GetCategoryOfWordRequest.swift */; };
		3CE3BE6A2B079FAA00E6D916 /* GetAllCategoriesWordsRequest.swift in Sources */ = {isa = PBXBuildFile; fileRef = 3CE3BE692B079FA900E6D916 /* GetAllCategoriesWordsRequest.swift */; };
		3CE3BE6E2B07A81D00E6D916 /* Alamofire in Frameworks */ = {isa = PBXBuildFile; productRef = 3CE3BE6D2B07A81D00E6D916 /* Alamofire */; };
		3CE3BE792B07D05300E6D916 /* Router.swift in Sources */ = {isa = PBXBuildFile; fileRef = 3CE3BE782B07D05300E6D916 /* Router.swift */; };
		3CE3BE7B2B07D18700E6D916 /* AppRegistry.swift in Sources */ = {isa = PBXBuildFile; fileRef = 3CE3BE7A2B07D18700E6D916 /* AppRegistry.swift */; };
		3CE9FCB82B080945005CE3C9 /* SFSymbolsPicker in Frameworks */ = {isa = PBXBuildFile; productRef = 3CE9FCB72B080945005CE3C9 /* SFSymbolsPicker */; };
		3CE9FCBA2B080BD8005CE3C9 /* BookSearchRequest.swift in Sources */ = {isa = PBXBuildFile; fileRef = 3CE9FCB92B080BD8005CE3C9 /* BookSearchRequest.swift */; };
		3CE9FCBC2B0818D3005CE3C9 /* NetworkEventMonitor.swift in Sources */ = {isa = PBXBuildFile; fileRef = 3CE9FCBB2B0818D3005CE3C9 /* NetworkEventMonitor.swift */; };
		3CE9FCBE2B082E10005CE3C9 /* ScaleOnTapModifier.swift in Sources */ = {isa = PBXBuildFile; fileRef = 3CE9FCBD2B082E10005CE3C9 /* ScaleOnTapModifier.swift */; };
		3CE9FCC02B082E60005CE3C9 /* GradientModifier.swift in Sources */ = {isa = PBXBuildFile; fileRef = 3CE9FCBF2B082E60005CE3C9 /* GradientModifier.swift */; };
		3CE9FCC22B082E8C005CE3C9 /* StrokeBorderModifier.swift in Sources */ = {isa = PBXBuildFile; fileRef = 3CE9FCC12B082E8C005CE3C9 /* StrokeBorderModifier.swift */; };
		3CE9FCC42B082EAF005CE3C9 /* PulsatingNeonGlowModifier.swift in Sources */ = {isa = PBXBuildFile; fileRef = 3CE9FCC32B082EAF005CE3C9 /* PulsatingNeonGlowModifier.swift */; };
		3CE9FCC62B082F01005CE3C9 /* AsAnyViewModifier.swift in Sources */ = {isa = PBXBuildFile; fileRef = 3CE9FCC52B082F01005CE3C9 /* AsAnyViewModifier.swift */; };
		3CE9FCCB2B083028005CE3C9 /* RoundedBorderModifier.swift in Sources */ = {isa = PBXBuildFile; fileRef = 3CE9FCCA2B083028005CE3C9 /* RoundedBorderModifier.swift */; };
		3CE9FCCD2B091C3B005CE3C9 /* TextView.swift in Sources */ = {isa = PBXBuildFile; fileRef = 3CE9FCCC2B091C3A005CE3C9 /* TextView.swift */; };
		3CE9FCD02B091D2A005CE3C9 /* Font.swift in Sources */ = {isa = PBXBuildFile; fileRef = 3CE9FCCF2B091D2A005CE3C9 /* Font.swift */; };
		3CE9FCD32B091EAD005CE3C9 /* TextViewModifier.swift in Sources */ = {isa = PBXBuildFile; fileRef = 3CE9FCD22B091EAD005CE3C9 /* TextViewModifier.swift */; };
/* End PBXBuildFile section */

/* Begin PBXContainerItemProxy section */
		3CAB622A2B0489E200645B5F /* PBXContainerItemProxy */ = {
			isa = PBXContainerItemProxy;
			containerPortal = 3C2066CA2AF40DC000C74DBA /* Project object */;
			proxyType = 1;
			remoteGlobalIDString = 3CAB62182B0489DF00645B5F;
			remoteInfo = WidgetExtensionExtension;
		};
/* End PBXContainerItemProxy section */

/* Begin PBXCopyFilesBuildPhase section */
		3CAB62302B0489E300645B5F /* Embed Foundation Extensions */ = {
			isa = PBXCopyFilesBuildPhase;
			buildActionMask = 2147483647;
			dstPath = "";
			dstSubfolderSpec = 13;
			files = (
				3CAB622C2B0489E200645B5F /* WidgetExtension.appex in Embed Foundation Extensions */,
			);
			name = "Embed Foundation Extensions";
			runOnlyForDeploymentPostprocessing = 0;
		};
/* End PBXCopyFilesBuildPhase section */

/* Begin PBXFileReference section */
		3C2066D22AF40DC000C74DBA /* Wordsgram.app */ = {isa = PBXFileReference; explicitFileType = wrapper.application; includeInIndex = 0; path = Wordsgram.app; sourceTree = BUILT_PRODUCTS_DIR; };
		3C2066D52AF40DC000C74DBA /* TheApp.swift */ = {isa = PBXFileReference; lastKnownFileType = sourcecode.swift; path = TheApp.swift; sourceTree = "<group>"; };
		3C2066D92AF40DC200C74DBA /* Assets.xcassets */ = {isa = PBXFileReference; lastKnownFileType = folder.assetcatalog; path = Assets.xcassets; sourceTree = "<group>"; };
		3C2066DC2AF40DC200C74DBA /* Preview Assets.xcassets */ = {isa = PBXFileReference; lastKnownFileType = folder.assetcatalog; path = "Preview Assets.xcassets"; sourceTree = "<group>"; };
		3C2067022AF4204800C74DBA /* LoginView.swift */ = {isa = PBXFileReference; lastKnownFileType = sourcecode.swift; path = LoginView.swift; sourceTree = "<group>"; };
		3C20670C2AF425EC00C74DBA /* SettingsView.swift */ = {isa = PBXFileReference; lastKnownFileType = sourcecode.swift; path = SettingsView.swift; sourceTree = "<group>"; };
		3C2067122AF426A000C74DBA /* RootView.swift */ = {isa = PBXFileReference; lastKnownFileType = sourcecode.swift; path = RootView.swift; sourceTree = "<group>"; };
		3C2067152AF4284D00C74DBA /* MainButton.swift */ = {isa = PBXFileReference; lastKnownFileType = sourcecode.swift; path = MainButton.swift; sourceTree = "<group>"; };
		3C2067172AF429CB00C74DBA /* NetworkMonitor.swift */ = {isa = PBXFileReference; lastKnownFileType = sourcecode.swift; path = NetworkMonitor.swift; sourceTree = "<group>"; };
		3C20671D2AF4349200C74DBA /* User.swift */ = {isa = PBXFileReference; lastKnownFileType = sourcecode.swift; path = User.swift; sourceTree = "<group>"; };
		3C20671F2AF434AB00C74DBA /* Category.swift */ = {isa = PBXFileReference; lastKnownFileType = sourcecode.swift; path = Category.swift; sourceTree = "<group>"; };
		3C2067212AF434C800C74DBA /* CreateWordData.swift */ = {isa = PBXFileReference; lastKnownFileType = sourcecode.swift; path = CreateWordData.swift; sourceTree = "<group>"; };
		3C2067232AF434F100C74DBA /* Word.swift */ = {isa = PBXFileReference; lastKnownFileType = sourcecode.swift; path = Word.swift; sourceTree = "<group>"; };
		3C2067262AF4C13600C74DBA /* MyTabView.swift */ = {isa = PBXFileReference; lastKnownFileType = sourcecode.swift; path = MyTabView.swift; sourceTree = "<group>"; };
		3C20672C2AF4C3A600C74DBA /* WordsView.swift */ = {isa = PBXFileReference; lastKnownFileType = sourcecode.swift; path = WordsView.swift; sourceTree = "<group>"; };
		3C20672E2AF4C4E500C74DBA /* WordDetailView.swift */ = {isa = PBXFileReference; lastKnownFileType = sourcecode.swift; path = WordDetailView.swift; sourceTree = "<group>"; };
		3C2067322AF4D0B600C74DBA /* Auth+Keychain.swift */ = {isa = PBXFileReference; lastKnownFileType = sourcecode.swift; path = "Auth+Keychain.swift"; sourceTree = "<group>"; };
		3C2067342AF4D14700C74DBA /* Token.swift */ = {isa = PBXFileReference; lastKnownFileType = sourcecode.swift; path = Token.swift; sourceTree = "<group>"; };
		3C20673D2AF56EA600C74DBA /* UsersView.swift */ = {isa = PBXFileReference; lastKnownFileType = sourcecode.swift; path = UsersView.swift; sourceTree = "<group>"; };
		3C2067402AF5704000C74DBA /* CategoriesView.swift */ = {isa = PBXFileReference; lastKnownFileType = sourcecode.swift; path = CategoriesView.swift; sourceTree = "<group>"; };
		3C3898A82B0B620A00FE7B0B /* ModelRepository.swift */ = {isa = PBXFileReference; lastKnownFileType = sourcecode.swift; path = ModelRepository.swift; sourceTree = "<group>"; };
		3C3898AC2B0B627900FE7B0B /* BookCoordinator.swift */ = {isa = PBXFileReference; lastKnownFileType = sourcecode.swift; path = BookCoordinator.swift; sourceTree = "<group>"; };
		3C3898AE2B0B807F00FE7B0B /* BookListSubview.swift */ = {isa = PBXFileReference; lastKnownFileType = sourcecode.swift; path = BookListSubview.swift; sourceTree = "<group>"; };
		3C3898B22B0BAB1400FE7B0B /* AppDelegate.swift */ = {isa = PBXFileReference; lastKnownFileType = sourcecode.swift; path = AppDelegate.swift; sourceTree = "<group>"; };
		3C3898B62B0BC02600FE7B0B /* TabView.swift */ = {isa = PBXFileReference; lastKnownFileType = sourcecode.swift; path = TabView.swift; sourceTree = "<group>"; };
		3C3898B82B0BC09800FE7B0B /* TabViewModel.swift */ = {isa = PBXFileReference; lastKnownFileType = sourcecode.swift; path = TabViewModel.swift; sourceTree = "<group>"; };
		3C3898BA2B0BC12900FE7B0B /* Constants.swift */ = {isa = PBXFileReference; lastKnownFileType = sourcecode.swift; path = Constants.swift; sourceTree = "<group>"; };
		3C3898BC2B0C2F9200FE7B0B /* DictView.swift */ = {isa = PBXFileReference; lastKnownFileType = sourcecode.swift; path = DictView.swift; sourceTree = "<group>"; };
		3C3898BE2B0C3CE200FE7B0B /* NewWord.swift */ = {isa = PBXFileReference; lastKnownFileType = sourcecode.swift; path = NewWord.swift; sourceTree = "<group>"; };
		3C7BBA452AFCEDBD00C79107 /* Errors.swift */ = {isa = PBXFileReference; lastKnownFileType = sourcecode.swift; path = Errors.swift; sourceTree = "<group>"; };
		3C7BBA472AFD08A200C79107 /* CategoryWithWordResponse.swift */ = {isa = PBXFileReference; lastKnownFileType = sourcecode.swift; path = CategoryWithWordResponse.swift; sourceTree = "<group>"; };
		3C7BBA492AFD13D400C79107 /* SettingsOption.swift */ = {isa = PBXFileReference; lastKnownFileType = sourcecode.swift; path = SettingsOption.swift; sourceTree = "<group>"; };
		3C7BBA4D2AFD15A300C79107 /* SettingsDisclosureRow.swift */ = {isa = PBXFileReference; lastKnownFileType = sourcecode.swift; path = SettingsDisclosureRow.swift; sourceTree = "<group>"; };
		3C7BBA4F2AFD18CC00C79107 /* MainButtonView.swift */ = {isa = PBXFileReference; lastKnownFileType = sourcecode.swift; path = MainButtonView.swift; sourceTree = "<group>"; };
		3C7BBA522AFD287700C79107 /* WordsService.swift */ = {isa = PBXFileReference; lastKnownFileType = sourcecode.swift; path = WordsService.swift; sourceTree = "<group>"; };
		3C7BBA542AFD29DE00C79107 /* SystemServices.swift */ = {isa = PBXFileReference; lastKnownFileType = sourcecode.swift; path = SystemServices.swift; sourceTree = "<group>"; };
		3C7BBA562AFD300400C79107 /* CategoriesService.swift */ = {isa = PBXFileReference; lastKnownFileType = sourcecode.swift; path = CategoriesService.swift; sourceTree = "<group>"; };
		3C7BBA582AFD548C00C79107 /* UserService.swift */ = {isa = PBXFileReference; lastKnownFileType = sourcecode.swift; path = UserService.swift; sourceTree = "<group>"; };
		3C7BBA5A2AFD6BC500C79107 /* Publisher+.swift */ = {isa = PBXFileReference; lastKnownFileType = sourcecode.swift; path = "Publisher+.swift"; sourceTree = "<group>"; };
		3C9FF91F2B09323D00BDF74C /* WebView.swift */ = {isa = PBXFileReference; lastKnownFileType = sourcecode.swift; path = WebView.swift; sourceTree = "<group>"; };
		3C9FF9302B09691100BDF74C /* Style.swift */ = {isa = PBXFileReference; lastKnownFileType = sourcecode.swift; path = Style.swift; sourceTree = "<group>"; };
		3C9FF9322B096BC200BDF74C /* BookSearchDetailView.swift */ = {isa = PBXFileReference; lastKnownFileType = sourcecode.swift; path = BookSearchDetailView.swift; sourceTree = "<group>"; };
		3CA2B1D42B0C799F00C6419E /* AddNewWord.swift */ = {isa = PBXFileReference; lastKnownFileType = sourcecode.swift; path = AddNewWord.swift; sourceTree = "<group>"; };
		3CA2B1D62B0C7A3500C6419E /* WordListView.swift */ = {isa = PBXFileReference; lastKnownFileType = sourcecode.swift; path = WordListView.swift; sourceTree = "<group>"; };
		3CA2B1D82B0FCBA400C6419E /* UIColor+.swift */ = {isa = PBXFileReference; lastKnownFileType = sourcecode.swift; path = "UIColor+.swift"; sourceTree = "<group>"; };
		3CA2B1DA2B0FCC0600C6419E /* UISearchBar+.swift */ = {isa = PBXFileReference; lastKnownFileType = sourcecode.swift; path = "UISearchBar+.swift"; sourceTree = "<group>"; };
		3CA2B1DC2B0FCC2D00C6419E /* UIImage+.swift */ = {isa = PBXFileReference; lastKnownFileType = sourcecode.swift; path = "UIImage+.swift"; sourceTree = "<group>"; };
		3CA2B1DE2B0FCC7000C6419E /* Numeric+.swift */ = {isa = PBXFileReference; lastKnownFileType = sourcecode.swift; path = "Numeric+.swift"; sourceTree = "<group>"; };
		3CA2B1E02B0FCCA200C6419E /* ReuseIdentifiable.swift */ = {isa = PBXFileReference; lastKnownFileType = sourcecode.swift; path = ReuseIdentifiable.swift; sourceTree = "<group>"; };
		3CA2B1E22B10280400C6419E /* UIView+FindSubView.swift */ = {isa = PBXFileReference; lastKnownFileType = sourcecode.swift; path = "UIView+FindSubView.swift"; sourceTree = "<group>"; };
		3CA2B1E42B104BED00C6419E /* WordCoordinator.swift */ = {isa = PBXFileReference; lastKnownFileType = sourcecode.swift; path = WordCoordinator.swift; sourceTree = "<group>"; };
		3CA2B1E62B104D9F00C6419E /* GenreCoordinator.swift */ = {isa = PBXFileReference; lastKnownFileType = sourcecode.swift; path = GenreCoordinator.swift; sourceTree = "<group>"; };
		3CA2B1EB2B10577500C6419E /* ModelContainerManager.swift */ = {isa = PBXFileReference; lastKnownFileType = sourcecode.swift; path = ModelContainerManager.swift; sourceTree = "<group>"; };
		3CAB62092B042B0600645B5F /* GenreSortOrder.swift */ = {isa = PBXFileReference; lastKnownFileType = sourcecode.swift; path = GenreSortOrder.swift; sourceTree = "<group>"; };
		3CAB620B2B042B5300645B5F /* GenreListSubview.swift */ = {isa = PBXFileReference; lastKnownFileType = sourcecode.swift; path = GenreListSubview.swift; sourceTree = "<group>"; };
		3CAB620F2B043F9800645B5F /* BookSortingOption.swift */ = {isa = PBXFileReference; lastKnownFileType = sourcecode.swift; path = BookSortingOption.swift; sourceTree = "<group>"; };
		3CAB62112B046F9500645B5F /* UIApplication+DismissKeyboard.swift */ = {isa = PBXFileReference; lastKnownFileType = sourcecode.swift; path = "UIApplication+DismissKeyboard.swift"; sourceTree = "<group>"; };
		3CAB62192B0489DF00645B5F /* WidgetExtension.appex */ = {isa = PBXFileReference; explicitFileType = "wrapper.app-extension"; includeInIndex = 0; path = WidgetExtension.appex; sourceTree = BUILT_PRODUCTS_DIR; };
		3CAB621A2B0489DF00645B5F /* WidgetKit.framework */ = {isa = PBXFileReference; lastKnownFileType = wrapper.framework; name = WidgetKit.framework; path = System/Library/Frameworks/WidgetKit.framework; sourceTree = SDKROOT; };
		3CAB621C2B0489DF00645B5F /* SwiftUI.framework */ = {isa = PBXFileReference; lastKnownFileType = wrapper.framework; name = SwiftUI.framework; path = System/Library/Frameworks/SwiftUI.framework; sourceTree = SDKROOT; };
		3CAB621F2B0489E000645B5F /* WidgetExtensionBundle.swift */ = {isa = PBXFileReference; lastKnownFileType = sourcecode.swift; path = WidgetExtensionBundle.swift; sourceTree = "<group>"; };
		3CAB62212B0489E000645B5F /* WidgetExtensionLiveActivity.swift */ = {isa = PBXFileReference; lastKnownFileType = sourcecode.swift; path = WidgetExtensionLiveActivity.swift; sourceTree = "<group>"; };
		3CAB62232B0489E000645B5F /* WidgetExtension.swift */ = {isa = PBXFileReference; lastKnownFileType = sourcecode.swift; path = WidgetExtension.swift; sourceTree = "<group>"; };
		3CAB62252B0489E000645B5F /* AppIntent.swift */ = {isa = PBXFileReference; lastKnownFileType = sourcecode.swift; path = AppIntent.swift; sourceTree = "<group>"; };
		3CAB62272B0489E200645B5F /* Assets.xcassets */ = {isa = PBXFileReference; lastKnownFileType = folder.assetcatalog; path = Assets.xcassets; sourceTree = "<group>"; };
		3CAB62292B0489E200645B5F /* Info.plist */ = {isa = PBXFileReference; lastKnownFileType = text.plist.xml; path = Info.plist; sourceTree = "<group>"; };
		3CAB62312B048A4000645B5F /* Wordsgram.entitlements */ = {isa = PBXFileReference; lastKnownFileType = text.plist.entitlements; path = Wordsgram.entitlements; sourceTree = "<group>"; };
		3CAB62322B048A7D00645B5F /* WidgetExtension.entitlements */ = {isa = PBXFileReference; lastKnownFileType = text.plist.entitlements; path = WidgetExtension.entitlements; sourceTree = "<group>"; };
		3CAB62392B04901500645B5F /* Debug.xcconfig */ = {isa = PBXFileReference; lastKnownFileType = text.xcconfig; path = Debug.xcconfig; sourceTree = "<group>"; };
		3CAB623A2B04902700645B5F /* Staging.xcconfig */ = {isa = PBXFileReference; lastKnownFileType = text.xcconfig; path = Staging.xcconfig; sourceTree = "<group>"; };
		3CAB623B2B04903B00645B5F /* Release.xcconfig */ = {isa = PBXFileReference; lastKnownFileType = text.xcconfig; path = Release.xcconfig; sourceTree = "<group>"; };
		3CAB623C2B04948800645B5F /* Base.xcconfig */ = {isa = PBXFileReference; lastKnownFileType = text.xcconfig; path = Base.xcconfig; sourceTree = "<group>"; };
		3CAB623D2B04A03700645B5F /* Config.swift */ = {isa = PBXFileReference; lastKnownFileType = sourcecode.swift; path = Config.swift; sourceTree = "<group>"; };
		3CAB623F2B04A22A00645B5F /* UserDefaultsHelper.swift */ = {isa = PBXFileReference; lastKnownFileType = sourcecode.swift; path = UserDefaultsHelper.swift; sourceTree = "<group>"; };
		3CAB624B2B04EEC800645B5F /* WidgetBase.xcconfig */ = {isa = PBXFileReference; lastKnownFileType = text.xcconfig; path = WidgetBase.xcconfig; sourceTree = "<group>"; };
		3CAB624C2B04EEDB00645B5F /* WidgetDebug.xcconfig */ = {isa = PBXFileReference; lastKnownFileType = text.xcconfig; path = WidgetDebug.xcconfig; sourceTree = "<group>"; };
		3CAB624D2B04EEE900645B5F /* WidgetStaging.xcconfig */ = {isa = PBXFileReference; lastKnownFileType = text.xcconfig; path = WidgetStaging.xcconfig; sourceTree = "<group>"; };
		3CAB624E2B04EEF700645B5F /* WidgetRelease.xcconfig */ = {isa = PBXFileReference; lastKnownFileType = text.xcconfig; path = WidgetRelease.xcconfig; sourceTree = "<group>"; };
		3CAB624F2B05AAB200645B5F /* Color+.swift */ = {isa = PBXFileReference; lastKnownFileType = sourcecode.swift; path = "Color+.swift"; sourceTree = "<group>"; };
		3CAF94D82AFA9AE300B8434D /* Encodable+.swift */ = {isa = PBXFileReference; lastKnownFileType = sourcecode.swift; path = "Encodable+.swift"; sourceTree = "<group>"; };
		3CAF94E72AFAB10B00B8434D /* AuthService.swift */ = {isa = PBXFileReference; lastKnownFileType = sourcecode.swift; path = AuthService.swift; sourceTree = "<group>"; };
		3CAF94EF2AFABAED00B8434D /* Info.plist */ = {isa = PBXFileReference; lastKnownFileType = text.plist; path = Info.plist; sourceTree = "<group>"; };
		3CAF94F02AFACE0800B8434D /* LoginViewModel.swift */ = {isa = PBXFileReference; lastKnownFileType = sourcecode.swift; path = LoginViewModel.swift; sourceTree = "<group>"; };
		3CAF94F22AFAD0C900B8434D /* ReusableViews.swift */ = {isa = PBXFileReference; lastKnownFileType = sourcecode.swift; path = ReusableViews.swift; sourceTree = "<group>"; };
		3CAF94FD2AFBC97200B8434D /* CreateWordView.swift */ = {isa = PBXFileReference; lastKnownFileType = sourcecode.swift; path = CreateWordView.swift; sourceTree = "<group>"; };
		3CAF94FF2AFBE34100B8434D /* CreateWordResponse.swift */ = {isa = PBXFileReference; lastKnownFileType = sourcecode.swift; path = CreateWordResponse.swift; sourceTree = "<group>"; };
		3CAF95012AFBEFD100B8434D /* CreateCategoryView.swift */ = {isa = PBXFileReference; lastKnownFileType = sourcecode.swift; path = CreateCategoryView.swift; sourceTree = "<group>"; };
		3CAF95032AFBF90200B8434D /* AddToCategoryView.swift */ = {isa = PBXFileReference; lastKnownFileType = sourcecode.swift; path = AddToCategoryView.swift; sourceTree = "<group>"; };
		3CD6BA4A2B0015DE001FC874 /* AlertType.swift */ = {isa = PBXFileReference; lastKnownFileType = sourcecode.swift; path = AlertType.swift; sourceTree = "<group>"; };
		3CD6BA4E2B00219D001FC874 /* AppState.swift */ = {isa = PBXFileReference; lastKnownFileType = sourcecode.swift; path = AppState.swift; sourceTree = "<group>"; };
		3CD6BA9E2B02D4EA001FC874 /* Book.swift */ = {isa = PBXFileReference; lastKnownFileType = sourcecode.swift; path = Book.swift; sourceTree = "<group>"; };
		3CD6BAA12B02DC19001FC874 /* AddNewBookView.swift */ = {isa = PBXFileReference; lastKnownFileType = sourcecode.swift; path = AddNewBookView.swift; sourceTree = "<group>"; };
		3CD6BAA32B02DE00001FC874 /* BookListView.swift */ = {isa = PBXFileReference; lastKnownFileType = sourcecode.swift; path = BookListView.swift; sourceTree = "<group>"; };
		3CD6BAA72B02E5DE001FC874 /* BookCellView.swift */ = {isa = PBXFileReference; lastKnownFileType = sourcecode.swift; path = BookCellView.swift; sourceTree = "<group>"; };
		3CD6BAA92B02E84C001FC874 /* BookDetailView.swift */ = {isa = PBXFileReference; lastKnownFileType = sourcecode.swift; path = BookDetailView.swift; sourceTree = "<group>"; };
		3CD6BAAB2B02EF35001FC874 /* Note.swift */ = {isa = PBXFileReference; lastKnownFileType = sourcecode.swift; path = Note.swift; sourceTree = "<group>"; };
		3CD6BAAD2B02F1D5001FC874 /* AddNewNote.swift */ = {isa = PBXFileReference; lastKnownFileType = sourcecode.swift; path = AddNewNote.swift; sourceTree = "<group>"; };
		3CD6BAAF2B02F241001FC874 /* NotesListView.swift */ = {isa = PBXFileReference; lastKnownFileType = sourcecode.swift; path = NotesListView.swift; sourceTree = "<group>"; };
		3CD6BAB12B02F424001FC874 /* RedButton.swift */ = {isa = PBXFileReference; lastKnownFileType = sourcecode.swift; path = RedButton.swift; sourceTree = "<group>"; };
		3CD6BAB42B0309FA001FC874 /* Genre.swift */ = {isa = PBXFileReference; lastKnownFileType = sourcecode.swift; path = Genre.swift; sourceTree = "<group>"; };
		3CD6BAB62B030A45001FC874 /* GenreListView.swift */ = {isa = PBXFileReference; lastKnownFileType = sourcecode.swift; path = GenreListView.swift; sourceTree = "<group>"; };
		3CD6BAB82B030B04001FC874 /* AddNewGenre.swift */ = {isa = PBXFileReference; lastKnownFileType = sourcecode.swift; path = AddNewGenre.swift; sourceTree = "<group>"; };
		3CD6BABA2B030F83001FC874 /* GenreSelectionView.swift */ = {isa = PBXFileReference; lastKnownFileType = sourcecode.swift; path = GenreSelectionView.swift; sourceTree = "<group>"; };
		3CD6BABC2B03155A001FC874 /* GenreDetailView.swift */ = {isa = PBXFileReference; lastKnownFileType = sourcecode.swift; path = GenreDetailView.swift; sourceTree = "<group>"; };
		3CE3BE312B05E40900E6D916 /* AlertAnywhere.swift */ = {isa = PBXFileReference; lastKnownFileType = sourcecode.swift; path = AlertAnywhere.swift; sourceTree = "<group>"; };
		3CE3BE332B05E83F00E6D916 /* CountryListView.swift */ = {isa = PBXFileReference; lastKnownFileType = sourcecode.swift; path = CountryListView.swift; sourceTree = "<group>"; };
		3CE3BE3A2B06071100E6D916 /* BookClient.swift */ = {isa = PBXFileReference; lastKnownFileType = sourcecode.swift; path = BookClient.swift; sourceTree = "<group>"; };
		3CE3BE4F2B06FD9500E6D916 /* NetworkEnvironment.swift */ = {isa = PBXFileReference; lastKnownFileType = sourcecode.swift; path = NetworkEnvironment.swift; sourceTree = "<group>"; };
		3CE3BE512B06FDA600E6D916 /* NetworkSessionManager.swift */ = {isa = PBXFileReference; lastKnownFileType = sourcecode.swift; path = NetworkSessionManager.swift; sourceTree = "<group>"; };
		3CE3BE532B06FDBA00E6D916 /* NetworkRouter.swift */ = {isa = PBXFileReference; lastKnownFileType = sourcecode.swift; path = NetworkRouter.swift; sourceTree = "<group>"; };
		3CE3BE552B06FDF400E6D916 /* APIRequest.swift */ = {isa = PBXFileReference; lastKnownFileType = sourcecode.swift; path = APIRequest.swift; sourceTree = "<group>"; };
		3CE3BE572B06FF1E00E6D916 /* LoginRequest.swift */ = {isa = PBXFileReference; lastKnownFileType = sourcecode.swift; path = LoginRequest.swift; sourceTree = "<group>"; };
		3CE3BE592B079CC000E6D916 /* CreateUserRequest.swift */ = {isa = PBXFileReference; lastKnownFileType = sourcecode.swift; path = CreateUserRequest.swift; sourceTree = "<group>"; };
		3CE3BE5B2B079CFE00E6D916 /* RequestWordsRequest.swift */ = {isa = PBXFileReference; lastKnownFileType = sourcecode.swift; path = RequestWordsRequest.swift; sourceTree = "<group>"; };
		3CE3BE5D2B079D3100E6D916 /* CreateWordRequest.swift */ = {isa = PBXFileReference; lastKnownFileType = sourcecode.swift; path = CreateWordRequest.swift; sourceTree = "<group>"; };
		3CE3BE5F2B079E7B00E6D916 /* CreateCategoryRequest.swift */ = {isa = PBXFileReference; lastKnownFileType = sourcecode.swift; path = CreateCategoryRequest.swift; sourceTree = "<group>"; };
		3CE3BE612B079EA600E6D916 /* RequestUsersRequest.swift */ = {isa = PBXFileReference; lastKnownFileType = sourcecode.swift; path = RequestUsersRequest.swift; sourceTree = "<group>"; };
		3CE3BE632B079EC800E6D916 /* RequestCategoriesRequest.swift */ = {isa = PBXFileReference; lastKnownFileType = sourcecode.swift; path = RequestCategoriesRequest.swift; sourceTree = "<group>"; };
		3CE3BE652B079EEB00E6D916 /* AddToCategoryRequest.swift */ = {isa = PBXFileReference; lastKnownFileType = sourcecode.swift; path = AddToCategoryRequest.swift; sourceTree = "<group>"; };
		3CE3BE672B079F9200E6D916 /* GetCategoryOfWordRequest.swift */ = {isa = PBXFileReference; lastKnownFileType = sourcecode.swift; path = GetCategoryOfWordRequest.swift; sourceTree = "<group>"; };
		3CE3BE692B079FA900E6D916 /* GetAllCategoriesWordsRequest.swift */ = {isa = PBXFileReference; lastKnownFileType = sourcecode.swift; path = GetAllCategoriesWordsRequest.swift; sourceTree = "<group>"; };
		3CE3BE782B07D05300E6D916 /* Router.swift */ = {isa = PBXFileReference; lastKnownFileType = sourcecode.swift; path = Router.swift; sourceTree = "<group>"; };
		3CE3BE7A2B07D18700E6D916 /* AppRegistry.swift */ = {isa = PBXFileReference; lastKnownFileType = sourcecode.swift; path = AppRegistry.swift; sourceTree = "<group>"; };
		3CE9FCB92B080BD8005CE3C9 /* BookSearchRequest.swift */ = {isa = PBXFileReference; lastKnownFileType = sourcecode.swift; path = BookSearchRequest.swift; sourceTree = "<group>"; };
		3CE9FCBB2B0818D3005CE3C9 /* NetworkEventMonitor.swift */ = {isa = PBXFileReference; lastKnownFileType = sourcecode.swift; path = NetworkEventMonitor.swift; sourceTree = "<group>"; };
		3CE9FCBD2B082E10005CE3C9 /* ScaleOnTapModifier.swift */ = {isa = PBXFileReference; lastKnownFileType = sourcecode.swift; path = ScaleOnTapModifier.swift; sourceTree = "<group>"; };
		3CE9FCBF2B082E60005CE3C9 /* GradientModifier.swift */ = {isa = PBXFileReference; lastKnownFileType = sourcecode.swift; path = GradientModifier.swift; sourceTree = "<group>"; };
		3CE9FCC12B082E8C005CE3C9 /* StrokeBorderModifier.swift */ = {isa = PBXFileReference; lastKnownFileType = sourcecode.swift; path = StrokeBorderModifier.swift; sourceTree = "<group>"; };
		3CE9FCC32B082EAF005CE3C9 /* PulsatingNeonGlowModifier.swift */ = {isa = PBXFileReference; lastKnownFileType = sourcecode.swift; path = PulsatingNeonGlowModifier.swift; sourceTree = "<group>"; };
		3CE9FCC52B082F01005CE3C9 /* AsAnyViewModifier.swift */ = {isa = PBXFileReference; lastKnownFileType = sourcecode.swift; path = AsAnyViewModifier.swift; sourceTree = "<group>"; };
		3CE9FCCA2B083028005CE3C9 /* RoundedBorderModifier.swift */ = {isa = PBXFileReference; lastKnownFileType = sourcecode.swift; path = RoundedBorderModifier.swift; sourceTree = "<group>"; };
		3CE9FCCC2B091C3A005CE3C9 /* TextView.swift */ = {isa = PBXFileReference; lastKnownFileType = sourcecode.swift; path = TextView.swift; sourceTree = "<group>"; };
		3CE9FCCF2B091D2A005CE3C9 /* Font.swift */ = {isa = PBXFileReference; lastKnownFileType = sourcecode.swift; path = Font.swift; sourceTree = "<group>"; };
		3CE9FCD22B091EAD005CE3C9 /* TextViewModifier.swift */ = {isa = PBXFileReference; lastKnownFileType = sourcecode.swift; path = TextViewModifier.swift; sourceTree = "<group>"; };
/* End PBXFileReference section */

/* Begin PBXFrameworksBuildPhase section */
		3C2066CF2AF40DC000C74DBA /* Frameworks */ = {
			isa = PBXFrameworksBuildPhase;
			buildActionMask = 2147483647;
			files = (
				3CAF94C02AFA908B00B8434D /* SwiftyJSON in Frameworks */,
				3CE9FCB82B080945005CE3C9 /* SFSymbolsPicker in Frameworks */,
				3CE3BE6E2B07A81D00E6D916 /* Alamofire in Frameworks */,
			);
			runOnlyForDeploymentPostprocessing = 0;
		};
		3CAB62162B0489DF00645B5F /* Frameworks */ = {
			isa = PBXFrameworksBuildPhase;
			buildActionMask = 2147483647;
			files = (
				3CAB621D2B0489DF00645B5F /* SwiftUI.framework in Frameworks */,
				3CAB621B2B0489DF00645B5F /* WidgetKit.framework in Frameworks */,
			);
			runOnlyForDeploymentPostprocessing = 0;
		};
/* End PBXFrameworksBuildPhase section */

/* Begin PBXGroup section */
		3C2066C92AF40DC000C74DBA = {
			isa = PBXGroup;
			children = (
				3C2066D42AF40DC000C74DBA /* Wordsgram */,
				3CAB621E2B0489E000645B5F /* WidgetExtension */,
				3CAB62322B048A7D00645B5F /* WidgetExtension.entitlements */,
				3C2066D32AF40DC000C74DBA /* Products */,
				D06360FF29ECB829DEBA01F5 /* Frameworks */,
			);
			sourceTree = "<group>";
		};
		3C2066D32AF40DC000C74DBA /* Products */ = {
			isa = PBXGroup;
			children = (
				3C2066D22AF40DC000C74DBA /* Wordsgram.app */,
				3CAB62192B0489DF00645B5F /* WidgetExtension.appex */,
			);
			name = Products;
			sourceTree = "<group>";
		};
		3C2066D42AF40DC000C74DBA /* Wordsgram */ = {
			isa = PBXGroup;
			children = (
				3C3898BA2B0BC12900FE7B0B /* Constants.swift */,
				3C2066D52AF40DC000C74DBA /* TheApp.swift */,
				3C3898B22B0BAB1400FE7B0B /* AppDelegate.swift */,
				3C2066D92AF40DC200C74DBA /* Assets.xcassets */,
				3CAB62312B048A4000645B5F /* Wordsgram.entitlements */,
				3CAF94EF2AFABAED00B8434D /* Info.plist */,
				3CA2B1EA2B10576100C6419E /* Managers */,
				3C9FF9212B09355600BDF74C /* Core */,
				3CAB62382B048FB800645B5F /* Config Files */,
				3CE9FCCE2B091D1E005CE3C9 /* DesignSystem */,
				3CE3BE702B07AB4100E6D916 /* Helper */,
				3CE3BE712B07AB5D00E6D916 /* UI */,
				3C2066DB2AF40DC200C74DBA /* Preview Content */,
			);
			path = Wordsgram;
			sourceTree = "<group>";
		};
		3C2066DB2AF40DC200C74DBA /* Preview Content */ = {
			isa = PBXGroup;
			children = (
				3C2066DC2AF40DC200C74DBA /* Preview Assets.xcassets */,
			);
			path = "Preview Content";
			sourceTree = "<group>";
		};
		3C2067112AF4269000C74DBA /* Root */ = {
			isa = PBXGroup;
			children = (
				3CE3BE782B07D05300E6D916 /* Router.swift */,
				3CE3BE7A2B07D18700E6D916 /* AppRegistry.swift */,
				3C3898B62B0BC02600FE7B0B /* TabView.swift */,
				3C3898B82B0BC09800FE7B0B /* TabViewModel.swift */,
				3C2067122AF426A000C74DBA /* RootView.swift */,
			);
			path = Root;
			sourceTree = "<group>";
		};
		3C20671C2AF4347F00C74DBA /* Model */ = {
			isa = PBXGroup;
			children = (
				3C20671D2AF4349200C74DBA /* User.swift */,
				3C2067342AF4D14700C74DBA /* Token.swift */,
				3C20671F2AF434AB00C74DBA /* Category.swift */,
				3C2067232AF434F100C74DBA /* Word.swift */,
				3C2067212AF434C800C74DBA /* CreateWordData.swift */,
			);
			path = Model;
			sourceTree = "<group>";
		};
		3C2067282AF4C22300C74DBA /* Settings */ = {
			isa = PBXGroup;
			children = (
				3C20670C2AF425EC00C74DBA /* SettingsView.swift */,
				3CE3BE332B05E83F00E6D916 /* CountryListView.swift */,
				3C7BBA4D2AFD15A300C79107 /* SettingsDisclosureRow.swift */,
				3C7BBA492AFD13D400C79107 /* SettingsOption.swift */,
			);
			path = Settings;
			sourceTree = "<group>";
		};
		3C20672B2AF4C38E00C74DBA /* Words */ = {
			isa = PBXGroup;
			children = (
				3C20672C2AF4C3A600C74DBA /* WordsView.swift */,
				3C20672E2AF4C4E500C74DBA /* WordDetailView.swift */,
				3CAF95032AFBF90200B8434D /* AddToCategoryView.swift */,
				3CAF94FD2AFBC97200B8434D /* CreateWordView.swift */,
			);
			path = Words;
			sourceTree = "<group>";
		};
		3C20673C2AF56E9700C74DBA /* Users */ = {
			isa = PBXGroup;
			children = (
				3C20673D2AF56EA600C74DBA /* UsersView.swift */,
			);
			path = Users;
			sourceTree = "<group>";
		};
		3C20673F2AF56FC300C74DBA /* Categories */ = {
			isa = PBXGroup;
			children = (
				3C2067402AF5704000C74DBA /* CategoriesView.swift */,
				3CAF95012AFBEFD100B8434D /* CreateCategoryView.swift */,
			);
			path = Categories;
			sourceTree = "<group>";
		};
		3C3898A42B0AA49800FE7B0B /* OldScreens */ = {
			isa = PBXGroup;
			children = (
				3C7BBA542AFD29DE00C79107 /* SystemServices.swift */,
				3C2067262AF4C13600C74DBA /* MyTabView.swift */,
				3CAF94F42AFAEF1500B8434D /* Login */,
				3C20673C2AF56E9700C74DBA /* Users */,
				3C20673F2AF56FC300C74DBA /* Categories */,
				3C20672B2AF4C38E00C74DBA /* Words */,
			);
			path = OldScreens;
			sourceTree = "<group>";
		};
		3C3898B02B0B880900FE7B0B /* Clients */ = {
			isa = PBXGroup;
			children = (
				3CE3BE3A2B06071100E6D916 /* BookClient.swift */,
			);
			path = Clients;
			sourceTree = "<group>";
		};
		3C3898B12B0B882A00FE7B0B /* Coordinator */ = {
			isa = PBXGroup;
			children = (
				3CAB620F2B043F9800645B5F /* BookSortingOption.swift */,
				3C3898A82B0B620A00FE7B0B /* ModelRepository.swift */,
				3C3898AC2B0B627900FE7B0B /* BookCoordinator.swift */,
				3CA2B1E42B104BED00C6419E /* WordCoordinator.swift */,
				3CA2B1E62B104D9F00C6419E /* GenreCoordinator.swift */,
			);
			path = Coordinator;
			sourceTree = "<group>";
		};
		3C9FF9212B09355600BDF74C /* Core */ = {
			isa = PBXGroup;
			children = (
				3CD6BA4E2B00219D001FC874 /* AppState.swift */,
				3CA2B1E92B10569100C6419E /* WGClient */,
				3C3898B02B0B880900FE7B0B /* Clients */,
				3CD6BA9D2B02D4DA001FC874 /* DatabaseModel */,
				3C3898B12B0B882A00FE7B0B /* Coordinator */,
				3CE3BE492B06E6B100E6D916 /* Networking */,
			);
			path = Core;
			sourceTree = "<group>";
		};
		3CA2B1E82B104F6400C6419E /* Removes */ = {
			isa = PBXGroup;
			children = (
				3CD6BAAF2B02F241001FC874 /* NotesListView.swift */,
				3CD6BAAD2B02F1D5001FC874 /* AddNewNote.swift */,
			);
			path = Removes;
			sourceTree = "<group>";
		};
		3CA2B1E92B10569100C6419E /* WGClient */ = {
			isa = PBXGroup;
			children = (
				3C7BBA562AFD300400C79107 /* CategoriesService.swift */,
				3C7BBA522AFD287700C79107 /* WordsService.swift */,
				3CAF94E72AFAB10B00B8434D /* AuthService.swift */,
				3C7BBA582AFD548C00C79107 /* UserService.swift */,
			);
			path = WGClient;
			sourceTree = "<group>";
		};
		3CA2B1EA2B10576100C6419E /* Managers */ = {
			isa = PBXGroup;
			children = (
				3CA2B1EB2B10577500C6419E /* ModelContainerManager.swift */,
			);
			path = Managers;
			sourceTree = "<group>";
		};
		3CAB621E2B0489E000645B5F /* WidgetExtension */ = {
			isa = PBXGroup;
			children = (
				3CAB621F2B0489E000645B5F /* WidgetExtensionBundle.swift */,
				3CAB62212B0489E000645B5F /* WidgetExtensionLiveActivity.swift */,
				3CAB62232B0489E000645B5F /* WidgetExtension.swift */,
				3CAB62252B0489E000645B5F /* AppIntent.swift */,
				3CAB62272B0489E200645B5F /* Assets.xcassets */,
				3CAB62292B0489E200645B5F /* Info.plist */,
			);
			path = WidgetExtension;
			sourceTree = "<group>";
		};
		3CAB62382B048FB800645B5F /* Config Files */ = {
			isa = PBXGroup;
			children = (
				3CAB623C2B04948800645B5F /* Base.xcconfig */,
				3CAB62392B04901500645B5F /* Debug.xcconfig */,
				3CAB623A2B04902700645B5F /* Staging.xcconfig */,
				3CAB623B2B04903B00645B5F /* Release.xcconfig */,
				3CAB624B2B04EEC800645B5F /* WidgetBase.xcconfig */,
				3CAB624C2B04EEDB00645B5F /* WidgetDebug.xcconfig */,
				3CAB624D2B04EEE900645B5F /* WidgetStaging.xcconfig */,
				3CAB624E2B04EEF700645B5F /* WidgetRelease.xcconfig */,
			);
			path = "Config Files";
			sourceTree = "<group>";
		};
		3CAF94D72AFA9AD400B8434D /* Extension */ = {
			isa = PBXGroup;
			children = (
				3CAF94D82AFA9AE300B8434D /* Encodable+.swift */,
				3CA2B1E22B10280400C6419E /* UIView+FindSubView.swift */,
				3CA2B1DE2B0FCC7000C6419E /* Numeric+.swift */,
				3CA2B1E02B0FCCA200C6419E /* ReuseIdentifiable.swift */,
				3CA2B1D82B0FCBA400C6419E /* UIColor+.swift */,
				3CA2B1DA2B0FCC0600C6419E /* UISearchBar+.swift */,
				3CA2B1DC2B0FCC2D00C6419E /* UIImage+.swift */,
				3CAB624F2B05AAB200645B5F /* Color+.swift */,
				3CAB62112B046F9500645B5F /* UIApplication+DismissKeyboard.swift */,
				3C7BBA5A2AFD6BC500C79107 /* Publisher+.swift */,
			);
			path = Extension;
			sourceTree = "<group>";
		};
		3CAF94F42AFAEF1500B8434D /* Login */ = {
			isa = PBXGroup;
			children = (
				3C2067022AF4204800C74DBA /* LoginView.swift */,
				3CAF94F02AFACE0800B8434D /* LoginViewModel.swift */,
			);
			path = Login;
			sourceTree = "<group>";
		};
		3CD6BA9D2B02D4DA001FC874 /* DatabaseModel */ = {
			isa = PBXGroup;
			children = (
				3CD6BA9E2B02D4EA001FC874 /* Book.swift */,
				3CD6BAAB2B02EF35001FC874 /* Note.swift */,
				3CD6BAB42B0309FA001FC874 /* Genre.swift */,
				3C3898BE2B0C3CE200FE7B0B /* NewWord.swift */,
			);
			path = DatabaseModel;
			sourceTree = "<group>";
		};
		3CD6BAA02B02DC0F001FC874 /* Books */ = {
			isa = PBXGroup;
			children = (
				3CA2B1E82B104F6400C6419E /* Removes */,
				3CD6BAA32B02DE00001FC874 /* BookListView.swift */,
				3C3898AE2B0B807F00FE7B0B /* BookListSubview.swift */,
				3CD6BAA92B02E84C001FC874 /* BookDetailView.swift */,
				3CD6BAA72B02E5DE001FC874 /* BookCellView.swift */,
				3CD6BAA12B02DC19001FC874 /* AddNewBookView.swift */,
				3C9FF9322B096BC200BDF74C /* BookSearchDetailView.swift */,
				3CA2B1D42B0C799F00C6419E /* AddNewWord.swift */,
				3CA2B1D62B0C7A3500C6419E /* WordListView.swift */,
				3C3898BC2B0C2F9200FE7B0B /* DictView.swift */,
			);
			path = Books;
			sourceTree = "<group>";
		};
		3CD6BAB32B0309EE001FC874 /* Genre */ = {
			isa = PBXGroup;
			children = (
				3CD6BAB62B030A45001FC874 /* GenreListView.swift */,
				3CAB620B2B042B5300645B5F /* GenreListSubview.swift */,
				3CD6BABA2B030F83001FC874 /* GenreSelectionView.swift */,
				3CAB62092B042B0600645B5F /* GenreSortOrder.swift */,
				3CD6BABC2B03155A001FC874 /* GenreDetailView.swift */,
				3CD6BAB82B030B04001FC874 /* AddNewGenre.swift */,
			);
			path = Genre;
			sourceTree = "<group>";
		};
		3CE3BE492B06E6B100E6D916 /* Networking */ = {
			isa = PBXGroup;
			children = (
				3C7BBA452AFCEDBD00C79107 /* Errors.swift */,
				3CE3BE722B07ABEB00E6D916 /* NetworkCore */,
				3CE3BE6F2B07A96600E6D916 /* Requests */,
				3C20671C2AF4347F00C74DBA /* Model */,
			);
			path = Networking;
			sourceTree = "<group>";
		};
		3CE3BE6F2B07A96600E6D916 /* Requests */ = {
			isa = PBXGroup;
			children = (
				3CE3BE552B06FDF400E6D916 /* APIRequest.swift */,
				3CE3BE572B06FF1E00E6D916 /* LoginRequest.swift */,
				3CE3BE592B079CC000E6D916 /* CreateUserRequest.swift */,
				3CE3BE5B2B079CFE00E6D916 /* RequestWordsRequest.swift */,
				3CE3BE5D2B079D3100E6D916 /* CreateWordRequest.swift */,
				3CE3BE5F2B079E7B00E6D916 /* CreateCategoryRequest.swift */,
				3CE3BE612B079EA600E6D916 /* RequestUsersRequest.swift */,
				3CE3BE632B079EC800E6D916 /* RequestCategoriesRequest.swift */,
				3CE3BE652B079EEB00E6D916 /* AddToCategoryRequest.swift */,
				3CE3BE672B079F9200E6D916 /* GetCategoryOfWordRequest.swift */,
				3CE3BE692B079FA900E6D916 /* GetAllCategoriesWordsRequest.swift */,
				3CE9FCB92B080BD8005CE3C9 /* BookSearchRequest.swift */,
				3C7BBA472AFD08A200C79107 /* CategoryWithWordResponse.swift */,
				3CAF94FF2AFBE34100B8434D /* CreateWordResponse.swift */,
			);
			path = Requests;
			sourceTree = "<group>";
		};
		3CE3BE702B07AB4100E6D916 /* Helper */ = {
			isa = PBXGroup;
			children = (
				3CAF94D72AFA9AD400B8434D /* Extension */,
				3CD6BA4A2B0015DE001FC874 /* AlertType.swift */,
				3CE3BE312B05E40900E6D916 /* AlertAnywhere.swift */,
				3CAB623D2B04A03700645B5F /* Config.swift */,
				3CAB623F2B04A22A00645B5F /* UserDefaultsHelper.swift */,
			);
			path = Helper;
			sourceTree = "<group>";
		};
		3CE3BE712B07AB5D00E6D916 /* UI */ = {
			isa = PBXGroup;
			children = (
				3C3898A42B0AA49800FE7B0B /* OldScreens */,
				3C2067112AF4269000C74DBA /* Root */,
				3CD6BAA02B02DC0F001FC874 /* Books */,
				3CD6BAB32B0309EE001FC874 /* Genre */,
				3C2067282AF4C22300C74DBA /* Settings */,
			);
			path = UI;
			sourceTree = "<group>";
		};
		3CE3BE722B07ABEB00E6D916 /* NetworkCore */ = {
			isa = PBXGroup;
			children = (
				3CE3BE4F2B06FD9500E6D916 /* NetworkEnvironment.swift */,
				3CE3BE512B06FDA600E6D916 /* NetworkSessionManager.swift */,
				3CE9FCBB2B0818D3005CE3C9 /* NetworkEventMonitor.swift */,
				3CE3BE532B06FDBA00E6D916 /* NetworkRouter.swift */,
				3C2067172AF429CB00C74DBA /* NetworkMonitor.swift */,
				3C2067322AF4D0B600C74DBA /* Auth+Keychain.swift */,
			);
			path = NetworkCore;
			sourceTree = "<group>";
		};
		3CE9FCC72B082FC0005CE3C9 /* Modifiers */ = {
			isa = PBXGroup;
			children = (
				3C2067152AF4284D00C74DBA /* MainButton.swift */,
				3CE9FCBD2B082E10005CE3C9 /* ScaleOnTapModifier.swift */,
				3CE9FCBF2B082E60005CE3C9 /* GradientModifier.swift */,
				3CE9FCC12B082E8C005CE3C9 /* StrokeBorderModifier.swift */,
				3CE9FCC32B082EAF005CE3C9 /* PulsatingNeonGlowModifier.swift */,
				3CE9FCC52B082F01005CE3C9 /* AsAnyViewModifier.swift */,
			);
			path = Modifiers;
			sourceTree = "<group>";
		};
		3CE9FCC82B082FFD005CE3C9 /* CustomViews */ = {
			isa = PBXGroup;
			children = (
				3CE9FCD12B091E91005CE3C9 /* UITextView */,
				3CAF94F22AFAD0C900B8434D /* ReusableViews.swift */,
				3CD6BAB12B02F424001FC874 /* RedButton.swift */,
				3C7BBA4F2AFD18CC00C79107 /* MainButtonView.swift */,
				3C9FF91F2B09323D00BDF74C /* WebView.swift */,
			);
			path = CustomViews;
			sourceTree = "<group>";
		};
		3CE9FCC92B08300D005CE3C9 /* CustomStyles */ = {
			isa = PBXGroup;
			children = (
				3CE9FCCA2B083028005CE3C9 /* RoundedBorderModifier.swift */,
			);
			path = CustomStyles;
			sourceTree = "<group>";
		};
		3CE9FCCE2B091D1E005CE3C9 /* DesignSystem */ = {
			isa = PBXGroup;
			children = (
				3CE9FCC72B082FC0005CE3C9 /* Modifiers */,
				3CE9FCC82B082FFD005CE3C9 /* CustomViews */,
				3CE9FCC92B08300D005CE3C9 /* CustomStyles */,
				3CE9FCCF2B091D2A005CE3C9 /* Font.swift */,
				3C9FF9302B09691100BDF74C /* Style.swift */,
			);
			path = DesignSystem;
			sourceTree = "<group>";
		};
		3CE9FCD12B091E91005CE3C9 /* UITextView */ = {
			isa = PBXGroup;
			children = (
				3CE9FCCC2B091C3A005CE3C9 /* TextView.swift */,
				3CE9FCD22B091EAD005CE3C9 /* TextViewModifier.swift */,
			);
			path = UITextView;
			sourceTree = "<group>";
		};
		D06360FF29ECB829DEBA01F5 /* Frameworks */ = {
			isa = PBXGroup;
			children = (
				3CAB621A2B0489DF00645B5F /* WidgetKit.framework */,
				3CAB621C2B0489DF00645B5F /* SwiftUI.framework */,
			);
			name = Frameworks;
			sourceTree = "<group>";
		};
/* End PBXGroup section */

/* Begin PBXNativeTarget section */
		3C2066D12AF40DC000C74DBA /* Wordsgram */ = {
			isa = PBXNativeTarget;
			buildConfigurationList = 3C2066F62AF40DC300C74DBA /* Build configuration list for PBXNativeTarget "Wordsgram" */;
			buildPhases = (
				3C2066CE2AF40DC000C74DBA /* Sources */,
				3C2066CF2AF40DC000C74DBA /* Frameworks */,
				3C2066D02AF40DC000C74DBA /* Resources */,
				3CAB62302B0489E300645B5F /* Embed Foundation Extensions */,
			);
			buildRules = (
			);
			dependencies = (
				3CAB622B2B0489E200645B5F /* PBXTargetDependency */,
			);
			name = Wordsgram;
			packageProductDependencies = (
				3CAF94BF2AFA908B00B8434D /* SwiftyJSON */,
				3CE3BE6D2B07A81D00E6D916 /* Alamofire */,
				3CE9FCB72B080945005CE3C9 /* SFSymbolsPicker */,
			);
			productName = Wordsgram;
			productReference = 3C2066D22AF40DC000C74DBA /* Wordsgram.app */;
			productType = "com.apple.product-type.application";
		};
		3CAB62182B0489DF00645B5F /* WidgetExtension */ = {
			isa = PBXNativeTarget;
			buildConfigurationList = 3CAB622D2B0489E300645B5F /* Build configuration list for PBXNativeTarget "WidgetExtension" */;
			buildPhases = (
				3CAB62152B0489DF00645B5F /* Sources */,
				3CAB62162B0489DF00645B5F /* Frameworks */,
				3CAB62172B0489DF00645B5F /* Resources */,
			);
			buildRules = (
			);
			dependencies = (
			);
			name = WidgetExtension;
			productName = WidgetExtensionExtension;
			productReference = 3CAB62192B0489DF00645B5F /* WidgetExtension.appex */;
			productType = "com.apple.product-type.app-extension";
		};
/* End PBXNativeTarget section */

/* Begin PBXProject section */
		3C2066CA2AF40DC000C74DBA /* Project object */ = {
			isa = PBXProject;
			attributes = {
				BuildIndependentTargetsInParallel = 1;
				LastSwiftUpdateCheck = 1500;
				LastUpgradeCheck = 1500;
				TargetAttributes = {
					3C2066D12AF40DC000C74DBA = {
						CreatedOnToolsVersion = 15.0;
					};
					3CAB62182B0489DF00645B5F = {
						CreatedOnToolsVersion = 15.0;
					};
				};
			};
			buildConfigurationList = 3C2066CD2AF40DC000C74DBA /* Build configuration list for PBXProject "Wordsgram" */;
			compatibilityVersion = "Xcode 14.0";
			developmentRegion = en;
			hasScannedForEncodings = 0;
			knownRegions = (
				en,
				Base,
			);
			mainGroup = 3C2066C92AF40DC000C74DBA;
			packageReferences = (
				3CAF94BE2AFA908B00B8434D /* XCRemoteSwiftPackageReference "SwiftyJSON" */,
				3CE3BE6C2B07A81D00E6D916 /* XCRemoteSwiftPackageReference "Alamofire" */,
				3CE9FCB62B080945005CE3C9 /* XCLocalSwiftPackageReference "Wordsgram/SFSymbolsPickerForSwiftUI" */,
			);
			productRefGroup = 3C2066D32AF40DC000C74DBA /* Products */;
			projectDirPath = "";
			projectRoot = "";
			targets = (
				3C2066D12AF40DC000C74DBA /* Wordsgram */,
				3CAB62182B0489DF00645B5F /* WidgetExtension */,
			);
		};
/* End PBXProject section */

/* Begin PBXResourcesBuildPhase section */
		3C2066D02AF40DC000C74DBA /* Resources */ = {
			isa = PBXResourcesBuildPhase;
			buildActionMask = 2147483647;
			files = (
				3CAB62512B05AB5200645B5F /* Assets.xcassets in Resources */,
				3C2066DD2AF40DC200C74DBA /* Preview Assets.xcassets in Resources */,
			);
			runOnlyForDeploymentPostprocessing = 0;
		};
		3CAB62172B0489DF00645B5F /* Resources */ = {
			isa = PBXResourcesBuildPhase;
			buildActionMask = 2147483647;
			files = (
				3CAB62282B0489E200645B5F /* Assets.xcassets in Resources */,
			);
			runOnlyForDeploymentPostprocessing = 0;
		};
/* End PBXResourcesBuildPhase section */

/* Begin PBXSourcesBuildPhase section */
		3C2066CE2AF40DC000C74DBA /* Sources */ = {
			isa = PBXSourcesBuildPhase;
			buildActionMask = 2147483647;
			files = (
				3CE9FCBE2B082E10005CE3C9 /* ScaleOnTapModifier.swift in Sources */,
				3C9FF9202B09323D00BDF74C /* WebView.swift in Sources */,
				3CE3BE682B079F9200E6D916 /* GetCategoryOfWordRequest.swift in Sources */,
				3CAB62402B04A22A00645B5F /* UserDefaultsHelper.swift in Sources */,
				3CD6BAA22B02DC19001FC874 /* AddNewBookView.swift in Sources */,
				3C7BBA4E2AFD15A300C79107 /* SettingsDisclosureRow.swift in Sources */,
				3CAF95022AFBEFD100B8434D /* CreateCategoryView.swift in Sources */,
				3C3898B92B0BC09800FE7B0B /* TabViewModel.swift in Sources */,
				3C7BBA532AFD287700C79107 /* WordsService.swift in Sources */,
				3CAB62102B043F9800645B5F /* BookSortingOption.swift in Sources */,
				3CE9FCBA2B080BD8005CE3C9 /* BookSearchRequest.swift in Sources */,
				3CAF94E82AFAB10B00B8434D /* AuthService.swift in Sources */,
				3C7BBA552AFD29DE00C79107 /* SystemServices.swift in Sources */,
				3CE3BE522B06FDA600E6D916 /* NetworkSessionManager.swift in Sources */,
				3C2067222AF434C800C74DBA /* CreateWordData.swift in Sources */,
				3CA2B1DF2B0FCC7000C6419E /* Numeric+.swift in Sources */,
				3CD6BAA42B02DE00001FC874 /* BookListView.swift in Sources */,
				3CE3BE5E2B079D3100E6D916 /* CreateWordRequest.swift in Sources */,
				3C2067242AF434F100C74DBA /* Word.swift in Sources */,
				3CE9FCC42B082EAF005CE3C9 /* PulsatingNeonGlowModifier.swift in Sources */,
				3CAF94F32AFAD0CA00B8434D /* ReusableViews.swift in Sources */,
				3CE3BE542B06FDBA00E6D916 /* NetworkRouter.swift in Sources */,
				3CA2B1E12B0FCCA200C6419E /* ReuseIdentifiable.swift in Sources */,
				3CE3BE6A2B079FAA00E6D916 /* GetAllCategoriesWordsRequest.swift in Sources */,
				3CE9FCBC2B0818D3005CE3C9 /* NetworkEventMonitor.swift in Sources */,
				3C9FF9332B096BC300BDF74C /* BookSearchDetailView.swift in Sources */,
				3CA2B1E52B104BED00C6419E /* WordCoordinator.swift in Sources */,
				3CAB620C2B042B5300645B5F /* GenreListSubview.swift in Sources */,
				3CD6BA4F2B00219D001FC874 /* AppState.swift in Sources */,
				3CA2B1D72B0C7A3500C6419E /* WordListView.swift in Sources */,
				3C20671E2AF4349200C74DBA /* User.swift in Sources */,
				3CAB62502B05AAB200645B5F /* Color+.swift in Sources */,
				3CE3BE7B2B07D18700E6D916 /* AppRegistry.swift in Sources */,
				3C2067182AF429CB00C74DBA /* NetworkMonitor.swift in Sources */,
				3CA2B1EC2B10577500C6419E /* ModelContainerManager.swift in Sources */,
				3C2067272AF4C13600C74DBA /* MyTabView.swift in Sources */,
				3C20673E2AF56EA600C74DBA /* UsersView.swift in Sources */,
				3CD6BAA82B02E5DE001FC874 /* BookCellView.swift in Sources */,
				3CD6BAB22B02F424001FC874 /* RedButton.swift in Sources */,
				3CD6BABB2B030F83001FC874 /* GenreSelectionView.swift in Sources */,
				3CD6BA4B2B0015DE001FC874 /* AlertType.swift in Sources */,
				3CE3BE792B07D05300E6D916 /* Router.swift in Sources */,
				3CE9FCD32B091EAD005CE3C9 /* TextViewModifier.swift in Sources */,
				3C2067132AF426A000C74DBA /* RootView.swift in Sources */,
				3C20670D2AF425EC00C74DBA /* SettingsView.swift in Sources */,
				3CD6BAB92B030B04001FC874 /* AddNewGenre.swift in Sources */,
				3CAF95002AFBE34100B8434D /* CreateWordResponse.swift in Sources */,
				3CD6BAAC2B02EF35001FC874 /* Note.swift in Sources */,
				3C7BBA5B2AFD6BC500C79107 /* Publisher+.swift in Sources */,
				3CE9FCC02B082E60005CE3C9 /* GradientModifier.swift in Sources */,
				3CAF94FE2AFBC97200B8434D /* CreateWordView.swift in Sources */,
				3CE3BE322B05E40900E6D916 /* AlertAnywhere.swift in Sources */,
				3CA2B1D92B0FCBA400C6419E /* UIColor+.swift in Sources */,
				3C3898BD2B0C2F9200FE7B0B /* DictView.swift in Sources */,
				3CE9FCC22B082E8C005CE3C9 /* StrokeBorderModifier.swift in Sources */,
				3CE3BE662B079EEB00E6D916 /* AddToCategoryRequest.swift in Sources */,
				3CE3BE642B079EC800E6D916 /* RequestCategoriesRequest.swift in Sources */,
				3CE3BE562B06FDF400E6D916 /* APIRequest.swift in Sources */,
				3CE3BE502B06FD9500E6D916 /* NetworkEnvironment.swift in Sources */,
				3C7BBA502AFD18CC00C79107 /* MainButtonView.swift in Sources */,
				3CE3BE602B079E7B00E6D916 /* CreateCategoryRequest.swift in Sources */,
				3CAB623E2B04A03700645B5F /* Config.swift in Sources */,
				3C7BBA462AFCEDBD00C79107 /* Errors.swift in Sources */,
				3CE3BE622B079EA600E6D916 /* RequestUsersRequest.swift in Sources */,
				3C2067332AF4D0B600C74DBA /* Auth+Keychain.swift in Sources */,
				3C9FF9312B09691100BDF74C /* Style.swift in Sources */,
				3C2067162AF4284D00C74DBA /* MainButton.swift in Sources */,
				3CA2B1E32B10280400C6419E /* UIView+FindSubView.swift in Sources */,
				3C2066D62AF40DC000C74DBA /* TheApp.swift in Sources */,
				3CE3BE342B05E83F00E6D916 /* CountryListView.swift in Sources */,
				3C2067032AF4204800C74DBA /* LoginView.swift in Sources */,
				3C3898A92B0B620A00FE7B0B /* ModelRepository.swift in Sources */,
				3CA2B1D52B0C799F00C6419E /* AddNewWord.swift in Sources */,
				3C2067352AF4D14700C74DBA /* Token.swift in Sources */,
				3CD6BAB72B030A45001FC874 /* GenreListView.swift in Sources */,
				3C20672F2AF4C4E500C74DBA /* WordDetailView.swift in Sources */,
				3CD6BAB52B0309FA001FC874 /* Genre.swift in Sources */,
				3CA2B1DD2B0FCC2D00C6419E /* UIImage+.swift in Sources */,
				3C3898BF2B0C3CE200FE7B0B /* NewWord.swift in Sources */,
				3C3898AD2B0B627900FE7B0B /* BookCoordinator.swift in Sources */,
				3CE3BE5C2B079CFE00E6D916 /* RequestWordsRequest.swift in Sources */,
				3CE3BE3B2B06071100E6D916 /* BookClient.swift in Sources */,
				3C2067202AF434AB00C74DBA /* Category.swift in Sources */,
				3C3898B32B0BAB1400FE7B0B /* AppDelegate.swift in Sources */,
				3C3898BB2B0BC12900FE7B0B /* Constants.swift in Sources */,
				3CE9FCCD2B091C3B005CE3C9 /* TextView.swift in Sources */,
				3CE3BE5A2B079CC000E6D916 /* CreateUserRequest.swift in Sources */,
				3CD6BAB02B02F241001FC874 /* NotesListView.swift in Sources */,
				3CE9FCD02B091D2A005CE3C9 /* Font.swift in Sources */,
				3C2067412AF5704000C74DBA /* CategoriesView.swift in Sources */,
				3C7BBA4A2AFD13D500C79107 /* SettingsOption.swift in Sources */,
				3CD6BA9F2B02D4EA001FC874 /* Book.swift in Sources */,
				3C7BBA482AFD08A200C79107 /* CategoryWithWordResponse.swift in Sources */,
				3CD6BAAA2B02E84C001FC874 /* BookDetailView.swift in Sources */,
				3CA2B1DB2B0FCC0600C6419E /* UISearchBar+.swift in Sources */,
				3CE3BE582B06FF1E00E6D916 /* LoginRequest.swift in Sources */,
				3CD6BAAE2B02F1D5001FC874 /* AddNewNote.swift in Sources */,
				3CAB620A2B042B0700645B5F /* GenreSortOrder.swift in Sources */,
				3CAF95042AFBF90200B8434D /* AddToCategoryView.swift in Sources */,
				3CA2B1E72B104D9F00C6419E /* GenreCoordinator.swift in Sources */,
				3CE9FCC62B082F01005CE3C9 /* AsAnyViewModifier.swift in Sources */,
				3C3898B72B0BC02600FE7B0B /* TabView.swift in Sources */,
				3C7BBA592AFD548C00C79107 /* UserService.swift in Sources */,
				3C20672D2AF4C3A600C74DBA /* WordsView.swift in Sources */,
				3CAF94D92AFA9AE300B8434D /* Encodable+.swift in Sources */,
				3C3898AF2B0B807F00FE7B0B /* BookListSubview.swift in Sources */,
				3CAF94F12AFACE0900B8434D /* LoginViewModel.swift in Sources */,
				3CE9FCCB2B083028005CE3C9 /* RoundedBorderModifier.swift in Sources */,
				3CAB62122B046F9600645B5F /* UIApplication+DismissKeyboard.swift in Sources */,
				3C7BBA572AFD300400C79107 /* CategoriesService.swift in Sources */,
				3CD6BABD2B03155A001FC874 /* GenreDetailView.swift in Sources */,
			);
			runOnlyForDeploymentPostprocessing = 0;
		};
		3CAB62152B0489DF00645B5F /* Sources */ = {
			isa = PBXSourcesBuildPhase;
			buildActionMask = 2147483647;
			files = (
				3CAB62412B04AA1C00645B5F /* UserDefaultsHelper.swift in Sources */,
				3CAB62222B0489E000645B5F /* WidgetExtensionLiveActivity.swift in Sources */,
				3CAB62262B0489E000645B5F /* AppIntent.swift in Sources */,
				3CAB62202B0489E000645B5F /* WidgetExtensionBundle.swift in Sources */,
				3CAB62242B0489E000645B5F /* WidgetExtension.swift in Sources */,
				3CAB62422B04AC9400645B5F /* Config.swift in Sources */,
			);
			runOnlyForDeploymentPostprocessing = 0;
		};
/* End PBXSourcesBuildPhase section */

/* Begin PBXTargetDependency section */
		3CAB622B2B0489E200645B5F /* PBXTargetDependency */ = {
			isa = PBXTargetDependency;
			target = 3CAB62182B0489DF00645B5F /* WidgetExtension */;
			targetProxy = 3CAB622A2B0489E200645B5F /* PBXContainerItemProxy */;
		};
/* End PBXTargetDependency section */

/* Begin XCBuildConfiguration section */
		3C2066F42AF40DC300C74DBA /* Debug */ = {
			isa = XCBuildConfiguration;
			baseConfigurationReference = 3CAB623C2B04948800645B5F /* Base.xcconfig */;
			buildSettings = {
				ALWAYS_SEARCH_USER_PATHS = NO;
				ASSETCATALOG_COMPILER_GENERATE_SWIFT_ASSET_SYMBOL_EXTENSIONS = YES;
				CLANG_ANALYZER_NONNULL = YES;
				CLANG_ANALYZER_NUMBER_OBJECT_CONVERSION = YES_AGGRESSIVE;
				CLANG_CXX_LANGUAGE_STANDARD = "gnu++20";
				CLANG_ENABLE_MODULES = YES;
				CLANG_ENABLE_OBJC_ARC = YES;
				CLANG_ENABLE_OBJC_WEAK = YES;
				CLANG_WARN_BLOCK_CAPTURE_AUTORELEASING = YES;
				CLANG_WARN_BOOL_CONVERSION = YES;
				CLANG_WARN_COMMA = YES;
				CLANG_WARN_CONSTANT_CONVERSION = YES;
				CLANG_WARN_DEPRECATED_OBJC_IMPLEMENTATIONS = YES;
				CLANG_WARN_DIRECT_OBJC_ISA_USAGE = YES_ERROR;
				CLANG_WARN_DOCUMENTATION_COMMENTS = YES;
				CLANG_WARN_EMPTY_BODY = YES;
				CLANG_WARN_ENUM_CONVERSION = YES;
				CLANG_WARN_INFINITE_RECURSION = YES;
				CLANG_WARN_INT_CONVERSION = YES;
				CLANG_WARN_NON_LITERAL_NULL_CONVERSION = YES;
				CLANG_WARN_OBJC_IMPLICIT_RETAIN_SELF = YES;
				CLANG_WARN_OBJC_LITERAL_CONVERSION = YES;
				CLANG_WARN_OBJC_ROOT_CLASS = YES_ERROR;
				CLANG_WARN_QUOTED_INCLUDE_IN_FRAMEWORK_HEADER = YES;
				CLANG_WARN_RANGE_LOOP_ANALYSIS = YES;
				CLANG_WARN_STRICT_PROTOTYPES = YES;
				CLANG_WARN_SUSPICIOUS_MOVE = YES;
				CLANG_WARN_UNGUARDED_AVAILABILITY = YES_AGGRESSIVE;
				CLANG_WARN_UNREACHABLE_CODE = YES;
				CLANG_WARN__DUPLICATE_METHOD_MATCH = YES;
				COPY_PHASE_STRIP = NO;
				DEBUG_INFORMATION_FORMAT = dwarf;
				ENABLE_STRICT_OBJC_MSGSEND = YES;
				ENABLE_TESTABILITY = YES;
				ENABLE_USER_SCRIPT_SANDBOXING = NO;
				GCC_C_LANGUAGE_STANDARD = gnu17;
				GCC_DYNAMIC_NO_PIC = NO;
				GCC_NO_COMMON_BLOCKS = YES;
				GCC_OPTIMIZATION_LEVEL = 0;
				GCC_PREPROCESSOR_DEFINITIONS = (
					"DEBUG=1",
					"$(inherited)",
				);
				GCC_WARN_64_TO_32_BIT_CONVERSION = YES;
				GCC_WARN_ABOUT_RETURN_TYPE = YES_ERROR;
				GCC_WARN_UNDECLARED_SELECTOR = YES;
				GCC_WARN_UNINITIALIZED_AUTOS = YES_AGGRESSIVE;
				GCC_WARN_UNUSED_FUNCTION = YES;
				GCC_WARN_UNUSED_VARIABLE = YES;
				IPHONEOS_DEPLOYMENT_TARGET = 17.0;
				LOCALIZATION_PREFERS_STRING_CATALOGS = YES;
				MTL_ENABLE_DEBUG_INFO = INCLUDE_SOURCE;
				MTL_FAST_MATH = YES;
				ONLY_ACTIVE_ARCH = YES;
				SDKROOT = iphoneos;
				SWIFT_ACTIVE_COMPILATION_CONDITIONS = "DEBUG $(inherited)";
				SWIFT_OPTIMIZATION_LEVEL = "-Onone";
			};
			name = Debug;
		};
		3C2066F52AF40DC300C74DBA /* Release */ = {
			isa = XCBuildConfiguration;
			baseConfigurationReference = 3CAB623C2B04948800645B5F /* Base.xcconfig */;
			buildSettings = {
				ALWAYS_SEARCH_USER_PATHS = NO;
				ASSETCATALOG_COMPILER_GENERATE_SWIFT_ASSET_SYMBOL_EXTENSIONS = YES;
				CLANG_ANALYZER_NONNULL = YES;
				CLANG_ANALYZER_NUMBER_OBJECT_CONVERSION = YES_AGGRESSIVE;
				CLANG_CXX_LANGUAGE_STANDARD = "gnu++20";
				CLANG_ENABLE_MODULES = YES;
				CLANG_ENABLE_OBJC_ARC = YES;
				CLANG_ENABLE_OBJC_WEAK = YES;
				CLANG_WARN_BLOCK_CAPTURE_AUTORELEASING = YES;
				CLANG_WARN_BOOL_CONVERSION = YES;
				CLANG_WARN_COMMA = YES;
				CLANG_WARN_CONSTANT_CONVERSION = YES;
				CLANG_WARN_DEPRECATED_OBJC_IMPLEMENTATIONS = YES;
				CLANG_WARN_DIRECT_OBJC_ISA_USAGE = YES_ERROR;
				CLANG_WARN_DOCUMENTATION_COMMENTS = YES;
				CLANG_WARN_EMPTY_BODY = YES;
				CLANG_WARN_ENUM_CONVERSION = YES;
				CLANG_WARN_INFINITE_RECURSION = YES;
				CLANG_WARN_INT_CONVERSION = YES;
				CLANG_WARN_NON_LITERAL_NULL_CONVERSION = YES;
				CLANG_WARN_OBJC_IMPLICIT_RETAIN_SELF = YES;
				CLANG_WARN_OBJC_LITERAL_CONVERSION = YES;
				CLANG_WARN_OBJC_ROOT_CLASS = YES_ERROR;
				CLANG_WARN_QUOTED_INCLUDE_IN_FRAMEWORK_HEADER = YES;
				CLANG_WARN_RANGE_LOOP_ANALYSIS = YES;
				CLANG_WARN_STRICT_PROTOTYPES = YES;
				CLANG_WARN_SUSPICIOUS_MOVE = YES;
				CLANG_WARN_UNGUARDED_AVAILABILITY = YES_AGGRESSIVE;
				CLANG_WARN_UNREACHABLE_CODE = YES;
				CLANG_WARN__DUPLICATE_METHOD_MATCH = YES;
				COPY_PHASE_STRIP = NO;
				DEBUG_INFORMATION_FORMAT = "dwarf-with-dsym";
				ENABLE_NS_ASSERTIONS = NO;
				ENABLE_STRICT_OBJC_MSGSEND = YES;
				ENABLE_USER_SCRIPT_SANDBOXING = NO;
				GCC_C_LANGUAGE_STANDARD = gnu17;
				GCC_NO_COMMON_BLOCKS = YES;
				GCC_WARN_64_TO_32_BIT_CONVERSION = YES;
				GCC_WARN_ABOUT_RETURN_TYPE = YES_ERROR;
				GCC_WARN_UNDECLARED_SELECTOR = YES;
				GCC_WARN_UNINITIALIZED_AUTOS = YES_AGGRESSIVE;
				GCC_WARN_UNUSED_FUNCTION = YES;
				GCC_WARN_UNUSED_VARIABLE = YES;
				IPHONEOS_DEPLOYMENT_TARGET = 17.0;
				LOCALIZATION_PREFERS_STRING_CATALOGS = YES;
				MTL_ENABLE_DEBUG_INFO = NO;
				MTL_FAST_MATH = YES;
				SDKROOT = iphoneos;
				SWIFT_COMPILATION_MODE = wholemodule;
				VALIDATE_PRODUCT = YES;
			};
			name = Release;
		};
		3C2066F72AF40DC300C74DBA /* Debug */ = {
			isa = XCBuildConfiguration;
			baseConfigurationReference = 3CAB62392B04901500645B5F /* Debug.xcconfig */;
			buildSettings = {
				ALWAYS_EMBED_SWIFT_STANDARD_LIBRARIES = YES;
				ASSETCATALOG_COMPILER_APPICON_NAME = "$(inherited)";
				ASSETCATALOG_COMPILER_GLOBAL_ACCENT_COLOR_NAME = AccentColor;
				CODE_SIGN_ENTITLEMENTS = Wordsgram/Wordsgram.entitlements;
				CODE_SIGN_STYLE = Automatic;
				CURRENT_PROJECT_VERSION = 1;
				DEVELOPMENT_ASSET_PATHS = "\"Wordsgram/Preview Content\"";
				DEVELOPMENT_TEAM = ANU45NJ4HN;
				ENABLE_PREVIEWS = YES;
				ENABLE_USER_SCRIPT_SANDBOXING = NO;
				GENERATE_INFOPLIST_FILE = YES;
				INFOPLIST_FILE = Wordsgram/Info.plist;
				INFOPLIST_KEY_CFBundleDisplayName = Wordsgram;
				"INFOPLIST_KEY_CFBundleDisplayName[sdk=*]" = "$(APP_NAME)";
				INFOPLIST_KEY_UIApplicationSceneManifest_Generation = YES;
				INFOPLIST_KEY_UIApplicationSupportsIndirectInputEvents = YES;
				INFOPLIST_KEY_UILaunchScreen_Generation = YES;
				INFOPLIST_KEY_UISupportedInterfaceOrientations = UIInterfaceOrientationPortrait;
				INFOPLIST_KEY_UISupportedInterfaceOrientations_iPad = "UIInterfaceOrientationLandscapeLeft UIInterfaceOrientationLandscapeRight UIInterfaceOrientationPortrait UIInterfaceOrientationPortraitUpsideDown";
				LD_RUNPATH_SEARCH_PATHS = (
					"$(inherited)",
					"@executable_path/Frameworks",
				);
				MARKETING_VERSION = 1.0;
				PRODUCT_BUNDLE_IDENTIFIER = "$(inherited)";
				PRODUCT_NAME = "$(TARGET_NAME)";
				SUPPORTED_PLATFORMS = "iphoneos iphonesimulator";
				SUPPORTS_MACCATALYST = NO;
				SUPPORTS_MAC_DESIGNED_FOR_IPHONE_IPAD = NO;
				SWIFT_EMIT_LOC_STRINGS = YES;
				SWIFT_VERSION = 5.0;
				TARGETED_DEVICE_FAMILY = 1;
			};
			name = Debug;
		};
		3C2066F82AF40DC300C74DBA /* Release */ = {
			isa = XCBuildConfiguration;
			baseConfigurationReference = 3CAB623B2B04903B00645B5F /* Release.xcconfig */;
			buildSettings = {
				ALWAYS_EMBED_SWIFT_STANDARD_LIBRARIES = YES;
				ASSETCATALOG_COMPILER_APPICON_NAME = "$(inherited)";
				ASSETCATALOG_COMPILER_GLOBAL_ACCENT_COLOR_NAME = AccentColor;
				CODE_SIGN_ENTITLEMENTS = Wordsgram/Wordsgram.entitlements;
				CODE_SIGN_STYLE = Automatic;
				CURRENT_PROJECT_VERSION = 1;
				DEVELOPMENT_ASSET_PATHS = "\"Wordsgram/Preview Content\"";
				DEVELOPMENT_TEAM = ANU45NJ4HN;
				ENABLE_PREVIEWS = YES;
				ENABLE_USER_SCRIPT_SANDBOXING = NO;
				GENERATE_INFOPLIST_FILE = YES;
				INFOPLIST_FILE = Wordsgram/Info.plist;
				INFOPLIST_KEY_CFBundleDisplayName = Wordsgram;
				"INFOPLIST_KEY_CFBundleDisplayName[sdk=*]" = "$(APP_NAME)";
				INFOPLIST_KEY_UIApplicationSceneManifest_Generation = YES;
				INFOPLIST_KEY_UIApplicationSupportsIndirectInputEvents = YES;
				INFOPLIST_KEY_UILaunchScreen_Generation = YES;
				INFOPLIST_KEY_UISupportedInterfaceOrientations = UIInterfaceOrientationPortrait;
				INFOPLIST_KEY_UISupportedInterfaceOrientations_iPad = "UIInterfaceOrientationLandscapeLeft UIInterfaceOrientationLandscapeRight UIInterfaceOrientationPortrait UIInterfaceOrientationPortraitUpsideDown";
				LD_RUNPATH_SEARCH_PATHS = (
					"$(inherited)",
					"@executable_path/Frameworks",
				);
				MARKETING_VERSION = 1.0;
				PRODUCT_BUNDLE_IDENTIFIER = "$(inherited)";
				PRODUCT_NAME = "$(TARGET_NAME)";
				SUPPORTED_PLATFORMS = "iphoneos iphonesimulator";
				SUPPORTS_MACCATALYST = NO;
				SUPPORTS_MAC_DESIGNED_FOR_IPHONE_IPAD = NO;
				SWIFT_ACTIVE_COMPILATION_CONDITIONS = RELEASE;
				SWIFT_EMIT_LOC_STRINGS = YES;
				SWIFT_VERSION = 5.0;
				TARGETED_DEVICE_FAMILY = 1;
			};
			name = Release;
		};
		3CAB622E2B0489E300645B5F /* Debug */ = {
			isa = XCBuildConfiguration;
			baseConfigurationReference = 3CAB624C2B04EEDB00645B5F /* WidgetDebug.xcconfig */;
			buildSettings = {
				ASSETCATALOG_COMPILER_GLOBAL_ACCENT_COLOR_NAME = AccentColor;
				ASSETCATALOG_COMPILER_WIDGET_BACKGROUND_COLOR_NAME = WidgetBackground;
				CODE_SIGN_ENTITLEMENTS = WidgetExtension.entitlements;
				CODE_SIGN_STYLE = Automatic;
				CURRENT_PROJECT_VERSION = 1;
				DEVELOPMENT_TEAM = ANU45NJ4HN;
				ENABLE_USER_SCRIPT_SANDBOXING = YES;
				GENERATE_INFOPLIST_FILE = YES;
				INFOPLIST_FILE = WidgetExtension/Info.plist;
				INFOPLIST_KEY_CFBundleDisplayName = WidgetExtension;
				INFOPLIST_KEY_NSHumanReadableCopyright = "";
				LD_RUNPATH_SEARCH_PATHS = (
					"$(inherited)",
					"@executable_path/Frameworks",
					"@executable_path/../../Frameworks",
				);
				MARKETING_VERSION = 1.0;
				PRODUCT_BUNDLE_IDENTIFIER = com.kane.yin.Wordsgram.WidgetExtension;
				PRODUCT_NAME = "$(TARGET_NAME)";
				SKIP_INSTALL = YES;
				SUPPORTED_PLATFORMS = "iphoneos iphonesimulator";
				SUPPORTS_MACCATALYST = NO;
				SUPPORTS_MAC_DESIGNED_FOR_IPHONE_IPAD = NO;
				SWIFT_EMIT_LOC_STRINGS = YES;
				SWIFT_VERSION = 5.0;
				TARGETED_DEVICE_FAMILY = 1;
			};
			name = Debug;
		};
		3CAB622F2B0489E300645B5F /* Release */ = {
			isa = XCBuildConfiguration;
			baseConfigurationReference = 3CAB624E2B04EEF700645B5F /* WidgetRelease.xcconfig */;
			buildSettings = {
				ASSETCATALOG_COMPILER_GLOBAL_ACCENT_COLOR_NAME = AccentColor;
				ASSETCATALOG_COMPILER_WIDGET_BACKGROUND_COLOR_NAME = WidgetBackground;
				CODE_SIGN_ENTITLEMENTS = WidgetExtension.entitlements;
				CODE_SIGN_STYLE = Automatic;
				CURRENT_PROJECT_VERSION = 1;
				DEVELOPMENT_TEAM = ANU45NJ4HN;
				ENABLE_USER_SCRIPT_SANDBOXING = YES;
				GENERATE_INFOPLIST_FILE = YES;
				INFOPLIST_FILE = WidgetExtension/Info.plist;
				INFOPLIST_KEY_CFBundleDisplayName = WidgetExtension;
				INFOPLIST_KEY_NSHumanReadableCopyright = "";
				LD_RUNPATH_SEARCH_PATHS = (
					"$(inherited)",
					"@executable_path/Frameworks",
					"@executable_path/../../Frameworks",
				);
				MARKETING_VERSION = 1.0;
				PRODUCT_BUNDLE_IDENTIFIER = com.kane.yin.Wordsgram.WidgetExtension;
				PRODUCT_NAME = "$(TARGET_NAME)";
				SKIP_INSTALL = YES;
				SUPPORTED_PLATFORMS = "iphoneos iphonesimulator";
				SUPPORTS_MACCATALYST = NO;
				SUPPORTS_MAC_DESIGNED_FOR_IPHONE_IPAD = NO;
				SWIFT_EMIT_LOC_STRINGS = YES;
				SWIFT_VERSION = 5.0;
				TARGETED_DEVICE_FAMILY = 1;
			};
			name = Release;
		};
		3CAB62332B048C2100645B5F /* Staging */ = {
			isa = XCBuildConfiguration;
			baseConfigurationReference = 3CAB623C2B04948800645B5F /* Base.xcconfig */;
			buildSettings = {
				ALWAYS_SEARCH_USER_PATHS = NO;
				ASSETCATALOG_COMPILER_GENERATE_SWIFT_ASSET_SYMBOL_EXTENSIONS = YES;
				CLANG_ANALYZER_NONNULL = YES;
				CLANG_ANALYZER_NUMBER_OBJECT_CONVERSION = YES_AGGRESSIVE;
				CLANG_CXX_LANGUAGE_STANDARD = "gnu++20";
				CLANG_ENABLE_MODULES = YES;
				CLANG_ENABLE_OBJC_ARC = YES;
				CLANG_ENABLE_OBJC_WEAK = YES;
				CLANG_WARN_BLOCK_CAPTURE_AUTORELEASING = YES;
				CLANG_WARN_BOOL_CONVERSION = YES;
				CLANG_WARN_COMMA = YES;
				CLANG_WARN_CONSTANT_CONVERSION = YES;
				CLANG_WARN_DEPRECATED_OBJC_IMPLEMENTATIONS = YES;
				CLANG_WARN_DIRECT_OBJC_ISA_USAGE = YES_ERROR;
				CLANG_WARN_DOCUMENTATION_COMMENTS = YES;
				CLANG_WARN_EMPTY_BODY = YES;
				CLANG_WARN_ENUM_CONVERSION = YES;
				CLANG_WARN_INFINITE_RECURSION = YES;
				CLANG_WARN_INT_CONVERSION = YES;
				CLANG_WARN_NON_LITERAL_NULL_CONVERSION = YES;
				CLANG_WARN_OBJC_IMPLICIT_RETAIN_SELF = YES;
				CLANG_WARN_OBJC_LITERAL_CONVERSION = YES;
				CLANG_WARN_OBJC_ROOT_CLASS = YES_ERROR;
				CLANG_WARN_QUOTED_INCLUDE_IN_FRAMEWORK_HEADER = YES;
				CLANG_WARN_RANGE_LOOP_ANALYSIS = YES;
				CLANG_WARN_STRICT_PROTOTYPES = YES;
				CLANG_WARN_SUSPICIOUS_MOVE = YES;
				CLANG_WARN_UNGUARDED_AVAILABILITY = YES_AGGRESSIVE;
				CLANG_WARN_UNREACHABLE_CODE = YES;
				CLANG_WARN__DUPLICATE_METHOD_MATCH = YES;
				COPY_PHASE_STRIP = NO;
				DEBUG_INFORMATION_FORMAT = dwarf;
				ENABLE_STRICT_OBJC_MSGSEND = YES;
				ENABLE_TESTABILITY = YES;
				ENABLE_USER_SCRIPT_SANDBOXING = NO;
				GCC_C_LANGUAGE_STANDARD = gnu17;
				GCC_DYNAMIC_NO_PIC = NO;
				GCC_NO_COMMON_BLOCKS = YES;
				GCC_OPTIMIZATION_LEVEL = 0;
				GCC_PREPROCESSOR_DEFINITIONS = (
					"DEBUG=1",
					"$(inherited)",
				);
				GCC_WARN_64_TO_32_BIT_CONVERSION = YES;
				GCC_WARN_ABOUT_RETURN_TYPE = YES_ERROR;
				GCC_WARN_UNDECLARED_SELECTOR = YES;
				GCC_WARN_UNINITIALIZED_AUTOS = YES_AGGRESSIVE;
				GCC_WARN_UNUSED_FUNCTION = YES;
				GCC_WARN_UNUSED_VARIABLE = YES;
				IPHONEOS_DEPLOYMENT_TARGET = 17.0;
				LOCALIZATION_PREFERS_STRING_CATALOGS = YES;
				MTL_ENABLE_DEBUG_INFO = INCLUDE_SOURCE;
				MTL_FAST_MATH = YES;
				ONLY_ACTIVE_ARCH = YES;
				SDKROOT = iphoneos;
				SWIFT_ACTIVE_COMPILATION_CONDITIONS = "DEBUG $(inherited)";
				SWIFT_OPTIMIZATION_LEVEL = "-Onone";
			};
			name = Staging;
		};
		3CAB62342B048C2100645B5F /* Staging */ = {
			isa = XCBuildConfiguration;
			baseConfigurationReference = 3CAB623A2B04902700645B5F /* Staging.xcconfig */;
			buildSettings = {
				ALWAYS_EMBED_SWIFT_STANDARD_LIBRARIES = YES;
				ASSETCATALOG_COMPILER_APPICON_NAME = "$(inherited)";
				ASSETCATALOG_COMPILER_GLOBAL_ACCENT_COLOR_NAME = AccentColor;
				CODE_SIGN_ENTITLEMENTS = Wordsgram/Wordsgram.entitlements;
				CODE_SIGN_STYLE = Automatic;
				CURRENT_PROJECT_VERSION = 1;
				DEVELOPMENT_ASSET_PATHS = "\"Wordsgram/Preview Content\"";
				DEVELOPMENT_TEAM = ANU45NJ4HN;
				ENABLE_PREVIEWS = YES;
				ENABLE_USER_SCRIPT_SANDBOXING = NO;
				GENERATE_INFOPLIST_FILE = YES;
				INFOPLIST_FILE = Wordsgram/Info.plist;
				INFOPLIST_KEY_CFBundleDisplayName = Wordsgram;
				"INFOPLIST_KEY_CFBundleDisplayName[sdk=*]" = "$(APP_NAME)";
				INFOPLIST_KEY_UIApplicationSceneManifest_Generation = YES;
				INFOPLIST_KEY_UIApplicationSupportsIndirectInputEvents = YES;
				INFOPLIST_KEY_UILaunchScreen_Generation = YES;
				INFOPLIST_KEY_UISupportedInterfaceOrientations = UIInterfaceOrientationPortrait;
				INFOPLIST_KEY_UISupportedInterfaceOrientations_iPad = "UIInterfaceOrientationLandscapeLeft UIInterfaceOrientationLandscapeRight UIInterfaceOrientationPortrait UIInterfaceOrientationPortraitUpsideDown";
				LD_RUNPATH_SEARCH_PATHS = (
					"$(inherited)",
					"@executable_path/Frameworks",
				);
				MARKETING_VERSION = 1.0;
				PRODUCT_BUNDLE_IDENTIFIER = "$(inherited)";
				PRODUCT_NAME = "$(TARGET_NAME)";
				SUPPORTED_PLATFORMS = "iphoneos iphonesimulator";
				SUPPORTS_MACCATALYST = NO;
				SUPPORTS_MAC_DESIGNED_FOR_IPHONE_IPAD = NO;
				SWIFT_ACTIVE_COMPILATION_CONDITIONS = STAGING;
				SWIFT_EMIT_LOC_STRINGS = YES;
				SWIFT_VERSION = 5.0;
				TARGETED_DEVICE_FAMILY = 1;
			};
			name = Staging;
		};
		3CAB62352B048C2100645B5F /* Staging */ = {
			isa = XCBuildConfiguration;
			baseConfigurationReference = 3CAB624D2B04EEE900645B5F /* WidgetStaging.xcconfig */;
			buildSettings = {
				ASSETCATALOG_COMPILER_GLOBAL_ACCENT_COLOR_NAME = AccentColor;
				ASSETCATALOG_COMPILER_WIDGET_BACKGROUND_COLOR_NAME = WidgetBackground;
				CODE_SIGN_ENTITLEMENTS = WidgetExtension.entitlements;
				CODE_SIGN_STYLE = Automatic;
				CURRENT_PROJECT_VERSION = 1;
				DEVELOPMENT_TEAM = ANU45NJ4HN;
				ENABLE_USER_SCRIPT_SANDBOXING = YES;
				GENERATE_INFOPLIST_FILE = YES;
				INFOPLIST_FILE = WidgetExtension/Info.plist;
				INFOPLIST_KEY_CFBundleDisplayName = WidgetExtension;
				INFOPLIST_KEY_NSHumanReadableCopyright = "";
				LD_RUNPATH_SEARCH_PATHS = (
					"$(inherited)",
					"@executable_path/Frameworks",
					"@executable_path/../../Frameworks",
				);
				MARKETING_VERSION = 1.0;
				PRODUCT_BUNDLE_IDENTIFIER = com.kane.yin.Wordsgram.WidgetExtension;
				PRODUCT_NAME = "$(TARGET_NAME)";
				SKIP_INSTALL = YES;
				SUPPORTED_PLATFORMS = "iphoneos iphonesimulator";
				SUPPORTS_MACCATALYST = NO;
				SUPPORTS_MAC_DESIGNED_FOR_IPHONE_IPAD = NO;
				SWIFT_EMIT_LOC_STRINGS = YES;
				SWIFT_VERSION = 5.0;
				TARGETED_DEVICE_FAMILY = 1;
			};
			name = Staging;
		};
/* End XCBuildConfiguration section */

/* Begin XCConfigurationList section */
		3C2066CD2AF40DC000C74DBA /* Build configuration list for PBXProject "Wordsgram" */ = {
			isa = XCConfigurationList;
			buildConfigurations = (
				3C2066F42AF40DC300C74DBA /* Debug */,
				3CAB62332B048C2100645B5F /* Staging */,
				3C2066F52AF40DC300C74DBA /* Release */,
			);
			defaultConfigurationIsVisible = 0;
			defaultConfigurationName = Release;
		};
		3C2066F62AF40DC300C74DBA /* Build configuration list for PBXNativeTarget "Wordsgram" */ = {
			isa = XCConfigurationList;
			buildConfigurations = (
				3C2066F72AF40DC300C74DBA /* Debug */,
				3CAB62342B048C2100645B5F /* Staging */,
				3C2066F82AF40DC300C74DBA /* Release */,
			);
			defaultConfigurationIsVisible = 0;
			defaultConfigurationName = Release;
		};
		3CAB622D2B0489E300645B5F /* Build configuration list for PBXNativeTarget "WidgetExtension" */ = {
			isa = XCConfigurationList;
			buildConfigurations = (
				3CAB622E2B0489E300645B5F /* Debug */,
				3CAB62352B048C2100645B5F /* Staging */,
				3CAB622F2B0489E300645B5F /* Release */,
			);
			defaultConfigurationIsVisible = 0;
			defaultConfigurationName = Release;
		};
/* End XCConfigurationList section */

/* Begin XCLocalSwiftPackageReference section */
		3CE9FCB62B080945005CE3C9 /* XCLocalSwiftPackageReference "Wordsgram/SFSymbolsPickerForSwiftUI" */ = {
			isa = XCLocalSwiftPackageReference;
			relativePath = Wordsgram/SFSymbolsPickerForSwiftUI;
		};
/* End XCLocalSwiftPackageReference section */

/* Begin XCRemoteSwiftPackageReference section */
		3CAF94BE2AFA908B00B8434D /* XCRemoteSwiftPackageReference "SwiftyJSON" */ = {
			isa = XCRemoteSwiftPackageReference;
			repositoryURL = "https://github.com/SwiftyJSON/SwiftyJSON";
			requirement = {
				kind = upToNextMajorVersion;
				minimumVersion = 5.0.1;
			};
		};
		3CE3BE6C2B07A81D00E6D916 /* XCRemoteSwiftPackageReference "Alamofire" */ = {
			isa = XCRemoteSwiftPackageReference;
			repositoryURL = "https://github.com/Alamofire/Alamofire";
			requirement = {
				kind = upToNextMajorVersion;
				minimumVersion = 5.8.1;
			};
		};
/* End XCRemoteSwiftPackageReference section */

/* Begin XCSwiftPackageProductDependency section */
		3CAF94BF2AFA908B00B8434D /* SwiftyJSON */ = {
			isa = XCSwiftPackageProductDependency;
			package = 3CAF94BE2AFA908B00B8434D /* XCRemoteSwiftPackageReference "SwiftyJSON" */;
			productName = SwiftyJSON;
		};
		3CE3BE6D2B07A81D00E6D916 /* Alamofire */ = {
			isa = XCSwiftPackageProductDependency;
			package = 3CE3BE6C2B07A81D00E6D916 /* XCRemoteSwiftPackageReference "Alamofire" */;
			productName = Alamofire;
		};
		3CE9FCB72B080945005CE3C9 /* SFSymbolsPicker */ = {
			isa = XCSwiftPackageProductDependency;
			productName = SFSymbolsPicker;
		};
/* End XCSwiftPackageProductDependency section */
	};
	rootObject = 3C2066CA2AF40DC000C74DBA /* Project object */;
}
