PODS:
  - SwiftKeychainWrapper (4.0.1)

DEPENDENCIES:
  - SwiftKeychainWrapper

SPEC REPOS:
  https://github.com/cocoapods/specs.git:
    - SwiftKeychainWrapper

SPEC CHECKSUMS:
  SwiftKeychainWrapper: 807ba1d63c33a7d0613288512399cd1eda1e470c

PODFILE CHECKSUM: f34d05625d6ed273cd4fab85ac4f7e7fff70d6db

COCOAPODS: 1.5.3
